{
  "version": 2,
  "dependencies": {
    "net8.0": {
      "JsonNet.ContractResolvers": {
        "type": "Direct",
        "requested": "[2.0.0, )",
        "resolved": "2.0.0",
        "contentHash": "OqBmReOlo1VEY0ssIXrKOdyz+sPDmm0cjlb8pVg7RY4Xb6soUJ/kzVmwgMCFMrYnye/omqgefz3VPUWmsI5DNA==",
        "dependencies": {
          "Newtonsoft.Json": "13.0.1",
          "System.Reflection.TypeExtensions": "4.5.1"
        }
      },
      "SonarAnalyzer.CSharp": {
        "type": "Direct",
        "requested": "[9.32.0.97167, )",
        "resolved": "9.32.0.97167",
        "contentHash": "Yxk86RV+8ynJpUhku1Yw2hITFmnmXKkXJ73cIFSy85ol5SnWREQg9RuTyV8nI7V7+pyLKpCfRmD7P0widsgjkg=="
      },
      "StyleCop.Analyzers": {
        "type": "Direct",
        "requested": "[1.1.118, )",
        "resolved": "1.1.118",
        "contentHash": "Onx6ovGSqXSK07n/0eM3ZusiNdB6cIlJdabQhWGgJp3Vooy9AaLS/tigeybOJAobqbtggTamoWndz72JscZBvw=="
      },
      "Newtonsoft.Json": {
        "type": "Transitive",
        "resolved": "13.0.1",
        "contentHash": "ppPFpBcvxdsfUonNcvITKqLl3bqxWbDCZIzDWHzjpdAHRFfZe0Dw9HmA0+za13IdyrgJwpkDTDA9fHaxOrt20A=="
      },
      "System.Reflection.TypeExtensions": {
        "type": "Transitive",
        "resolved": "4.5.1",
        "contentHash": "fO8GMEkgoKioJ7cglZbhcnBgkCWWn9poS3G2jevS+fuwW9xJXMx7/1kr7dkwOJfo0pWqxLFWVcxlOr+WeK5ipA=="
      }
    }
  }
}