{
  "version": 1,
  "dependencies": {
    ".NETStandard,Version=v2.1": {
      "Microsoft.CodeAnalysis.FxCopAnalyzers": {
        "type": "Direct",
        "requested": "[2.9.8, )",
        "resolved": "2.9.8",
        "contentHash": "FZhO7S+xinFrcRvPyIxPbFgY0Jg3X+KNkawhg7wwoVxnT/ySdoO162dyIMXfQQ6/qCmjNFHmTDXiNlpPNvKNyQ==",
        "dependencies": {
          "Microsoft.CodeAnalysis.VersionCheckAnalyzer": "[2.9.8]",
          "Microsoft.CodeQuality.Analyzers": "[2.9.8]",
          "Microsoft.NetCore.Analyzers": "[2.9.8]",
          "Microsoft.NetFramework.Analyzers": "[2.9.8]"
        }
      },
      "Microsoft.Extensions.Hosting.Abstractions": {
        "type": "Direct",
        "requested": "[3.1.3, )",
        "resolved": "3.1.3",
        "contentHash": "QBVyz//TkXEGPIEhL57LyA9dnwSLRlJh5OtEqoUZUqU2INcGjPxcP99mPjngSLjIcN2IfEEfkgOwjBQDlIo4Cg==",
        "dependencies": {
          "Microsoft.Bcl.AsyncInterfaces": "1.1.0",
          "Microsoft.Extensions.Configuration.Abstractions": "3.1.3",
          "Microsoft.Extensions.DependencyInjection.Abstractions": "3.1.3",
          "Microsoft.Extensions.FileProviders.Abstractions": "3.1.3",
          "Microsoft.Extensions.Logging.Abstractions": "3.1.3"
        }
      },
      "Microsoft.Extensions.Logging.Abstractions": {
        "type": "Direct",
        "requested": "[3.1.3, )",
        "resolved": "3.1.3",
        "contentHash": "j6r0E+OVinD4s13CIZASYJLLLApStb1yh5Vig7moB2FE1UsMRj4TYJ/xioDjreVA0dyOFpbWny1/n2iSJMbmNg=="
      },
      "Microsoft.Extensions.Options": {
        "type": "Direct",
        "requested": "[3.1.3, )",
        "resolved": "3.1.3",
        "contentHash": "RyOSOg/kHW3AXojWGSdOs3BXJJnE9Sc6RVvP4LhnY5oaC2Da4k8CWfIw7I+QThxV8HTCPjzmON9c+QO+JZggNg==",
        "dependencies": {
          "Microsoft.Extensions.DependencyInjection.Abstractions": "3.1.3",
          "Microsoft.Extensions.Primitives": "3.1.3",
          "System.ComponentModel.Annotations": "4.7.0"
        }
      },
      "SharpCompress": {
        "type": "Direct",
        "requested": "[0.24.0, )",
        "resolved": "0.24.0",
        "contentHash": "3zpUOie9xRrEc6o33Z546rseYttnoxVDMC3wsGYsUa5wXas3wTG96v+dHxcGMCta/Kid9jFIl8/Lc/GbNpKZVA==",
        "dependencies": {
          "System.Text.Encoding.CodePages": "4.5.1"
        }
      },
      "StyleCop.Analyzers": {
        "type": "Direct",
        "requested": "[1.1.118, )",
        "resolved": "1.1.118",
        "contentHash": "Onx6ovGSqXSK07n/0eM3ZusiNdB6cIlJdabQhWGgJp3Vooy9AaLS/tigeybOJAobqbtggTamoWndz72JscZBvw=="
      },
      "Microsoft.Bcl.AsyncInterfaces": {
        "type": "Transitive",
        "resolved": "1.1.0",
        "contentHash": "1Am6l4Vpn3/K32daEqZI+FFr96OlZkgwK2LcT3pZ2zWubR5zTPW3/FkO1Rat9kb7oQOa4rxgl9LJHc5tspCWfg==",
        "dependencies": {
          "System.Threading.Tasks.Extensions": "4.5.2"
        }
      },
      "Microsoft.Bcl.HashCode": {
        "type": "Transitive",
        "resolved": "1.1.0",
        "contentHash": "J2G1k+u5unBV+aYcwxo94ip16Rkp65pgWFb0R6zwJipzWNMgvqlWeuI7/+R+e8bob66LnSG+llLJ+z8wI94cHg=="
      },
      "Microsoft.CodeAnalysis.VersionCheckAnalyzer": {
        "type": "Transitive",
        "resolved": "2.9.8",
        "contentHash": "iSjqkECKpagJPjzc7sMjD6rQWSznVYqTfUZ96yR0r0jDzA45TymBof350tlOfGDRvn4OrU/KKJav21/oZDttrA=="
      },
      "Microsoft.CodeQuality.Analyzers": {
        "type": "Transitive",
        "resolved": "2.9.8",
        "contentHash": "KevAiJKuolGKK84jDHMVGJjBAigH/86xyCVtbOzh5avUYzW7jPErdJW708byKKMiVKTwv027mbKCNnnOgNQHsA=="
      },
      "Microsoft.EntityFrameworkCore": {
        "type": "Transitive",
        "resolved": "3.1.3",
        "contentHash": "+LyCAQqSxBhorS0xz6gH0AXR05JkSz4L/Dn7ZgMvwMxAqYMSzMso0nHUv4PJbWI5sgjHxYCTFf0JeNLi/8ctpg==",
        "dependencies": {
          "Microsoft.Bcl.AsyncInterfaces": "1.1.0",
          "Microsoft.Bcl.HashCode": "1.1.0",
          "Microsoft.EntityFrameworkCore.Abstractions": "3.1.3",
          "Microsoft.EntityFrameworkCore.Analyzers": "3.1.3",
          "Microsoft.Extensions.Caching.Memory": "3.1.3",
          "Microsoft.Extensions.DependencyInjection": "3.1.3",
          "Microsoft.Extensions.Logging": "3.1.3",
          "System.Collections.Immutable": "1.7.0",
          "System.ComponentModel.Annotations": "4.7.0",
          "System.Diagnostics.DiagnosticSource": "4.7.0"
        }
      },
      "Microsoft.EntityFrameworkCore.Abstractions": {
        "type": "Transitive",
        "resolved": "3.1.3",
        "contentHash": "Lw85zK0KR3Qh9/PddsUAPWxRVhhmRxpx07vH3r8ievnPWF47u2gANwvtxI8GYNYYIapYd0/wq5e6vSGcEIJryw=="
      },
      "Microsoft.EntityFrameworkCore.Analyzers": {
        "type": "Transitive",
        "resolved": "3.1.3",
        "contentHash": "FrGD6Os1wCM7dq7kCvFMR1ixEo0VsceqYBpKm6DuF8nDlyHGCYRnaeagMjTraWCtZz0jpqGu83qD880E/NgSBA=="
      },
      "Microsoft.EntityFrameworkCore.Relational": {
        "type": "Transitive",
        "resolved": "3.1.3",
        "contentHash": "uL8nPKSGtWkqi613tGj2fbFGskm4k6KKE7rRcWFEQx0tbrOyMiowL4gErFLa0izmoSE1uWhEdqxq1iE1C3yCmw==",
        "dependencies": {
          "Microsoft.EntityFrameworkCore": "3.1.3"
        }
      },
      "Microsoft.Extensions.Caching.Abstractions": {
        "type": "Transitive",
        "resolved": "3.1.3",
        "contentHash": "jWyuPd4HqWT0rEjoCnG/7OB/KcYbIBa0z7TS6eWytTwrbjT2/pnp+LUYUZAqc9ppSZFf2u2gFYQ7RFS3UU+vEw==",
        "dependencies": {
          "Microsoft.Extensions.Primitives": "3.1.3"
        }
      },
      "Microsoft.Extensions.Caching.Memory": {
        "type": "Transitive",
        "resolved": "3.1.3",
        "contentHash": "Ie7mWAuyd6BxnUYswc84Bf8iMHknNcP2ZV0me/8ZCsaIwcNb+NUHJOZwwaaAz6HJM6+K0PLilPePTCVkqY8XGw==",
        "dependencies": {
          "Microsoft.Extensions.Caching.Abstractions": "3.1.3",
          "Microsoft.Extensions.DependencyInjection.Abstractions": "3.1.3",
          "Microsoft.Extensions.Logging.Abstractions": "3.1.3",
          "Microsoft.Extensions.Options": "3.1.3"
        }
      },
      "Microsoft.Extensions.Configuration": {
        "type": "Transitive",
        "resolved": "3.1.3",
        "contentHash": "nTr4JgTSJScDBD3lahIh1jUBH8A43oG1cqID1qLoHSZhtegslpIyTYxmnehtUKi6xdY5j9R0oWeeGEP+JTcmAg==",
        "dependencies": {
          "Microsoft.Extensions.Configuration.Abstractions": "3.1.3"
        }
      },
      "Microsoft.Extensions.Configuration.Abstractions": {
        "type": "Transitive",
        "resolved": "3.1.3",
        "contentHash": "d3vpIJdw+hRtkW1WoNTXhCczakVVId30Tj58li5GbJxz6MVGi8gy4+7JdLBb/wuHFd4+25cZe+Z0WPi207rBbQ==",
        "dependencies": {
          "Microsoft.Extensions.Primitives": "3.1.3"
        }
      },
      "Microsoft.Extensions.Configuration.Binder": {
        "type": "Transitive",
        "resolved": "3.1.3",
        "contentHash": "GouLlU6JOffNNudJpC+eGtGMe9o5ds2oH9dsJUEH1QS13eLl60eNX9rHicaE40c252e7Aixn3sS7yregDfpQ8g==",
        "dependencies": {
          "Microsoft.Extensions.Configuration": "3.1.3"
        }
      },
      "Microsoft.Extensions.DependencyInjection": {
        "type": "Transitive",
        "resolved": "3.1.3",
        "contentHash": "H/d/jt4Pdp2iYx28shLkxfgQpk9S7cCCTEjtS/61PbZcFAT/mc4cemmOlBdED7+CqmEAIDg8X4Fo0KtADaNizg==",
        "dependencies": {
          "Microsoft.Extensions.DependencyInjection.Abstractions": "3.1.3"
        }
      },
      "Microsoft.Extensions.DependencyInjection.Abstractions": {
        "type": "Transitive",
        "resolved": "3.1.3",
        "contentHash": "woeS5XeBChU76EmtFCwGHKgBfsYIn76u3myDq4zNY2ZrcwzBMNEViK2FRgXDgF11PBNbGdKCXsWFFZDtqPW0nQ=="
      },
      "Microsoft.Extensions.FileProviders.Abstractions": {
        "type": "Transitive",
        "resolved": "3.1.3",
        "contentHash": "vr1V6dj8NONgaTA/EdlwtJOaNXRBf6f/din15pkWM/RfTbdoqrr0mKcTRx4MD/AGwxgM0+G2rUT2pDQGa2tNtA==",
        "dependencies": {
          "Microsoft.Extensions.Primitives": "3.1.3"
        }
      },
      "Microsoft.Extensions.Logging": {
        "type": "Transitive",
        "resolved": "3.1.3",
        "contentHash": "mAuOMhgB73dgVYeJzrksGU6BUBr7vIruFJyxssYK1nmDS+ude0kShILrXPq2iGHOvYNacczW4VSa6zcssUh4iQ==",
        "dependencies": {
          "Microsoft.Extensions.Configuration.Binder": "3.1.3",
          "Microsoft.Extensions.DependencyInjection": "3.1.3",
          "Microsoft.Extensions.Logging.Abstractions": "3.1.3",
          "Microsoft.Extensions.Options": "3.1.3"
        }
      },
      "Microsoft.Extensions.Primitives": {
        "type": "Transitive",
        "resolved": "3.1.3",
        "contentHash": "5gK6qeq9CBCHBfB3Tim3jCJTLafT9FXFBAZZq39rC8adz8mxcjVAuQSw3jGgHqoRk0jwtXKFhXJUVur8vfeuFg==",
        "dependencies": {
          "System.Memory": "4.5.2",
          "System.Runtime.CompilerServices.Unsafe": "4.7.1"
        }
      },
      "Microsoft.NetCore.Analyzers": {
        "type": "Transitive",
        "resolved": "2.9.8",
        "contentHash": "zbGttCZ8T5wJiBDhgIaFWTrYa/X7zbCnQ76PEu/B4gb64KY+yB9gjkndsKWR+2TbOId76PN7WrSQAn+W7gr5jQ=="
      },
      "Microsoft.NetFramework.Analyzers": {
        "type": "Transitive",
        "resolved": "2.9.8",
        "contentHash": "8fZYJqeKBW5uuKBact26IeOBogchn5Km85klHqHneRY7Jxp+ERtrw8zJVumNFUVL68pIcf4uKPOY7zfBQ7eY3A=="
      },
      "System.Buffers": {
        "type": "Transitive",
        "resolved": "4.4.0",
        "contentHash": "AwarXzzoDwX6BgrhjoJsk6tUezZEozOT5Y9QKF94Gl4JK91I4PIIBkBco9068Y9/Dra8Dkbie99kXB8+1BaYKw=="
      },
      "System.Collections.Immutable": {
        "type": "Transitive",
        "resolved": "1.7.0",
        "contentHash": "RVSM6wZUo6L2y6P3vN6gjUtyJ2IF2RVtrepF3J7nrDKfFQd5u/SnSUFclchYQis8/k5scHy9E+fVeKVQLnnkzw==",
        "dependencies": {
          "System.Memory": "4.5.3"
        }
      },
      "System.ComponentModel.Annotations": {
        "type": "Transitive",
        "resolved": "4.7.0",
        "contentHash": "0YFqjhp/mYkDGpU0Ye1GjE53HMp9UVfGN7seGpAMttAC0C40v5gw598jCgpbBLMmCo0E5YRLBv5Z2doypO49ZQ=="
      },
      "System.Diagnostics.DiagnosticSource": {
        "type": "Transitive",
        "resolved": "4.7.0",
        "contentHash": "oJjw3uFuVDJiJNbCD8HB4a2p3NYLdt1fiT5OGsPLw+WTOuG0KpP4OXelMmmVKpClueMsit6xOlzy4wNKQFiBLg==",
        "dependencies": {
          "System.Memory": "4.5.3"
        }
      },
      "System.Memory": {
        "type": "Transitive",
        "resolved": "4.5.3",
        "contentHash": "3oDzvc/zzetpTKWMShs1AADwZjQ/36HnsufHRPcOjyRAAMLDlu2iD33MBI2opxnezcVUtXyqDXXjoFMOU9c7SA==",
        "dependencies": {
          "System.Buffers": "4.4.0",
          "System.Numerics.Vectors": "4.4.0",
          "System.Runtime.CompilerServices.Unsafe": "4.5.2"
        }
      },
      "System.Numerics.Vectors": {
        "type": "Transitive",
        "resolved": "4.4.0",
        "contentHash": "UiLzLW+Lw6HLed1Hcg+8jSRttrbuXv7DANVj0DkL9g6EnnzbL75EB7EWsw5uRbhxd/4YdG8li5XizGWepmG3PQ=="
      },
      "System.Runtime.CompilerServices.Unsafe": {
        "type": "Transitive",
        "resolved": "4.7.1",
        "contentHash": "zOHkQmzPCn5zm/BH+cxC1XbUS3P4Yoi3xzW7eRgVpDR2tPGSzyMZ17Ig1iRkfJuY0nhxkQQde8pgePNiA7z7TQ=="
      },
      "System.Text.Encoding.CodePages": {
        "type": "Transitive",
        "resolved": "4.5.1",
        "contentHash": "4J2JQXbftjPMppIHJ7IC+VXQ9XfEagN92vZZNoG12i+zReYlim5dMoXFC1Zzg7tsnKDM7JPo5bYfFK4Jheq44w==",
        "dependencies": {
          "System.Runtime.CompilerServices.Unsafe": "4.5.2"
        }
      },
      "System.Threading.Tasks.Extensions": {
        "type": "Transitive",
        "resolved": "4.5.2",
        "contentHash": "BG/TNxDFv0svAzx8OiMXDlsHfGw623BZ8tCXw4YLhDFDvDhNUEV58jKYMGRnkbJNm7c3JNNJDiN7JBMzxRBR2w==",
        "dependencies": {
          "System.Runtime.CompilerServices.Unsafe": "4.5.2"
        }
      },
      "wally.database": {
        "type": "Project",
        "dependencies": {
          "Microsoft.EntityFrameworkCore": "3.1.3",
          "Microsoft.EntityFrameworkCore.Relational": "3.1.3"
        }
      },
      "wally.rommaster.datfileparser": {
        "type": "Project"
      },
      "wally.rommaster.domain": {
        "type": "Project",
        "dependencies": {
          "Microsoft.Extensions.Logging.Abstractions": "3.1.3"
        }
      }
    }
  }
}