
Microsoft Visual Studio Solution File, Format Version 12.00
# Visual Studio Version 16
VisualStudioVersion = 16.0.30114.105
MinimumVisualStudioVersion = 10.0.40219.1
Project("{FAE04EC0-301F-11D3-BF4B-00C04F79EFBC}") = "Wally.RomMaster.FileService.Tests.UnitTests", "Wally.RomMaster.FileService.Tests.UnitTests\Wally.RomMaster.FileService.Tests.UnitTests.csproj", "{053EB617-2C91-451A-89F2-7EBDBBB6D817}"
EndProject
Project("{FAE04EC0-301F-11D3-BF4B-00C04F79EFBC}") = "Wally.RomMaster.FileService.Domain", "Wally.RomMaster.FileService.Domain\Wally.RomMaster.FileService.Domain.csproj", "{D24CE31B-313A-4772-8D4C-ED9A17B240D4}"
EndProject
Project("{FAE04EC0-301F-11D3-BF4B-00C04F79EFBC}") = "Wally.RomMaster.FileService.Application", "Wally.RomMaster.FileService.Application\Wally.RomMaster.FileService.Application.csproj", "{5A144A4F-3AD4-4A4C-86EF-9FAA5FB046E6}"
EndProject
Project("{FAE04EC0-301F-11D3-BF4B-00C04F79EFBC}") = "Wally.RomMaster.FileService.Infrastructure.Persistence", "Wally.RomMaster.FileService.Infrastructure.Persistence\Wally.RomMaster.FileService.Infrastructure.Persistence.csproj", "{B518455A-FC0C-426C-A11F-717AE530C7BC}"
EndProject
Project("{FAE04EC0-301F-11D3-BF4B-00C04F79EFBC}") = "Wally.RomMaster.FileService.Tests.ConventionTests", "Wally.RomMaster.FileService.Tests.ConventionTests\Wally.RomMaster.FileService.Tests.ConventionTests.csproj", "{39DE77FD-33E1-4282-AE7C-BA9671DB2B51}"
EndProject
Project("{FAE04EC0-301F-11D3-BF4B-00C04F79EFBC}") = "Wally.RomMaster.FileService.WebApi", "Wally.RomMaster.FileService.WebApi\Wally.RomMaster.FileService.WebApi.csproj", "{E4E8FD40-9EBB-4C81-AECB-6FF1AC8A544A}"
EndProject
Project("{FAE04EC0-301F-11D3-BF4B-00C04F79EFBC}") = "Wally.RomMaster.FileService.Infrastructure.Persistence.SqlServer", "Wally.RomMaster.FileService.Infrastructure.Persistence.SqlServer\Wally.RomMaster.FileService.Infrastructure.Persistence.SqlServer.csproj", "{E5931ADA-93A5-4833-BDB3-A9E208BFBCF5}"
EndProject
Project("{FAE04EC0-301F-11D3-BF4B-00C04F79EFBC}") = "Wally.RomMaster.FileService.Tests.IntegrationTests", "Wally.RomMaster.FileService.Tests.IntegrationTests\Wally.RomMaster.FileService.Tests.IntegrationTests.csproj", "{F672CE7C-F473-410C-9D5B-69DBC862198E}"
EndProject
Project("{2150E333-8FDC-42A3-9474-1A3956D46DE8}") = "Solution Items", "Solution Items", "{282956B9-867D-4F29-A624-CF239682D94D}"
ProjectSection(SolutionItems) = preProject
	AssemblyInfo.cs = AssemblyInfo.cs
	README.md = README.md
EndProjectSection
EndProject
Project("{2150E333-8FDC-42A3-9474-1A3956D46DE8}") = "Domain", "Domain", "{3D471F34-0B34-4D63-ACC0-3730F7FCCC65}"
EndProject
Project("{2150E333-8FDC-42A3-9474-1A3956D46DE8}") = "Tests", "Tests", "{6F5ACB99-E52A-4E4F-BDA1-963AC7F539E8}"
EndProject
Project("{2150E333-8FDC-42A3-9474-1A3956D46DE8}") = "Application", "Application", "{5F670B07-85B6-44B4-88CA-6C5F2821139B}"
EndProject
Project("{2150E333-8FDC-42A3-9474-1A3956D46DE8}") = "Infrastructure", "Infrastructure", "{6D9C71D8-E8B5-4BF1-91AF-CFF831AE4BF9}"
EndProject
Project("{2150E333-8FDC-42A3-9474-1A3956D46DE8}") = "Presentation", "Presentation", "{8FA78240-6F7C-4F2D-A096-595590DD8819}"
EndProject
Project("{FAE04EC0-301F-11D3-BF4B-00C04F79EFBC}") = "Wally.RomMaster.FileService.Application.Contracts", "Wally.RomMaster.FileService.Application.Contracts\Wally.RomMaster.FileService.Application.Contracts.csproj", "{E0176DED-41EC-4D92-8FA6-65B4B41C25AF}"
EndProject
Project("{FAE04EC0-301F-11D3-BF4B-00C04F79EFBC}") = "Wally.RomMaster.FileService.Application.MapperProfiles", "Wally.RomMaster.FileService.Application.MapperProfiles\Wally.RomMaster.FileService.Application.MapperProfiles.csproj", "{752575FD-7487-4AB4-8588-3D0EF71C6E07}"
EndProject
Project("{FAE04EC0-301F-11D3-BF4B-00C04F79EFBC}") = "Wally.RomMaster.FileService.Infrastructure.PipelineBehaviours", "Wally.RomMaster.FileService.Infrastructure.PipelineBehaviours\Wally.RomMaster.FileService.Infrastructure.PipelineBehaviours.csproj", "{A8D56C28-EC40-45B2-AAEB-8FDCED983B12}"
EndProject
Project("{FAE04EC0-301F-11D3-BF4B-00C04F79EFBC}") = "Wally.RomMaster.FileService.Infrastructure.Messaging", "Wally.RomMaster.FileService.Infrastructure.Messaging\Wally.RomMaster.FileService.Infrastructure.Messaging.csproj", "{A50748AD-4423-44C5-B74C-54EE331D3D44}"
EndProject
Project("{FAE04EC0-301F-11D3-BF4B-00C04F79EFBC}") = "Wally.RomMaster.FileService.Infrastructure.DI.Microsoft", "Wally.RomMaster.FileService.Infrastructure.DI.Microsoft\Wally.RomMaster.FileService.Infrastructure.DI.Microsoft.csproj", "{16440407-7814-4736-8C20-993C6E6A8503}"
EndProject
Project("{FAE04EC0-301F-11D3-BF4B-00C04F79EFBC}") = "Wally.RomMaster.FileService.Application.Messages", "Wally.RomMaster.FileService.Application.Messages\Wally.RomMaster.FileService.Application.Messages.csproj", "{83EC457F-DA90-4156-91FD-B6EB6302A663}"
EndProject
Project("{FAE04EC0-301F-11D3-BF4B-00C04F79EFBC}") = "Wally.RomMaster.FileService.Infrastructure.Persistence.PostgreSQL", "Wally.RomMaster.FileService.Infrastructure.Persistence.PostgreSQL\Wally.RomMaster.FileService.Infrastructure.Persistence.PostgreSQL.csproj", "{9023B7F7-DC44-4B83-B047-F8D84D4F5DA3}"
EndProject
Project("{FAE04EC0-301F-11D3-BF4B-00C04F79EFBC}") = "Wally.RomMaster.FileService.Infrastructure.Persistence.MySql", "Wally.RomMaster.FileService.Infrastructure.Persistence.MySql\Wally.RomMaster.FileService.Infrastructure.Persistence.MySql.csproj", "{774A3F46-D597-4485-8C6A-BDE964A1A879}"
EndProject
Project("{FAE04EC0-301F-11D3-BF4B-00C04F79EFBC}") = "Wally.RomMaster.FileService.Infrastructure.BackgroundServices", "Wally.RomMaster.FileService.Infrastructure.BackgroundServices\Wally.RomMaster.FileService.Infrastructure.BackgroundServices.csproj", "{57D28340-8F86-4A95-8E4C-418D5888C14F}"
EndProject
Global
	GlobalSection(SolutionConfigurationPlatforms) = preSolution
		Debug|Any CPU = Debug|Any CPU
		Debug|x64 = Debug|x64
		Debug|x86 = Debug|x86
		Release|Any CPU = Release|Any CPU
		Release|x64 = Release|x64
		Release|x86 = Release|x86
	EndGlobalSection
	GlobalSection(SolutionProperties) = preSolution
		HideSolutionNode = FALSE
	EndGlobalSection
	GlobalSection(ProjectConfigurationPlatforms) = postSolution
		{053EB617-2C91-451A-89F2-7EBDBBB6D817}.Debug|Any CPU.ActiveCfg = Debug|Any CPU
		{053EB617-2C91-451A-89F2-7EBDBBB6D817}.Debug|Any CPU.Build.0 = Debug|Any CPU
		{053EB617-2C91-451A-89F2-7EBDBBB6D817}.Debug|x64.ActiveCfg = Debug|Any CPU
		{053EB617-2C91-451A-89F2-7EBDBBB6D817}.Debug|x64.Build.0 = Debug|Any CPU
		{053EB617-2C91-451A-89F2-7EBDBBB6D817}.Debug|x86.ActiveCfg = Debug|Any CPU
		{053EB617-2C91-451A-89F2-7EBDBBB6D817}.Debug|x86.Build.0 = Debug|Any CPU
		{053EB617-2C91-451A-89F2-7EBDBBB6D817}.Release|Any CPU.ActiveCfg = Release|Any CPU
		{053EB617-2C91-451A-89F2-7EBDBBB6D817}.Release|Any CPU.Build.0 = Release|Any CPU
		{053EB617-2C91-451A-89F2-7EBDBBB6D817}.Release|x64.ActiveCfg = Release|Any CPU
		{053EB617-2C91-451A-89F2-7EBDBBB6D817}.Release|x64.Build.0 = Release|Any CPU
		{053EB617-2C91-451A-89F2-7EBDBBB6D817}.Release|x86.ActiveCfg = Release|Any CPU
		{053EB617-2C91-451A-89F2-7EBDBBB6D817}.Release|x86.Build.0 = Release|Any CPU
		{D24CE31B-313A-4772-8D4C-ED9A17B240D4}.Debug|Any CPU.ActiveCfg = Debug|Any CPU
		{D24CE31B-313A-4772-8D4C-ED9A17B240D4}.Debug|Any CPU.Build.0 = Debug|Any CPU
		{D24CE31B-313A-4772-8D4C-ED9A17B240D4}.Debug|x64.ActiveCfg = Debug|Any CPU
		{D24CE31B-313A-4772-8D4C-ED9A17B240D4}.Debug|x64.Build.0 = Debug|Any CPU
		{D24CE31B-313A-4772-8D4C-ED9A17B240D4}.Debug|x86.ActiveCfg = Debug|Any CPU
		{D24CE31B-313A-4772-8D4C-ED9A17B240D4}.Debug|x86.Build.0 = Debug|Any CPU
		{D24CE31B-313A-4772-8D4C-ED9A17B240D4}.Release|Any CPU.ActiveCfg = Release|Any CPU
		{D24CE31B-313A-4772-8D4C-ED9A17B240D4}.Release|Any CPU.Build.0 = Release|Any CPU
		{D24CE31B-313A-4772-8D4C-ED9A17B240D4}.Release|x64.ActiveCfg = Release|Any CPU
		{D24CE31B-313A-4772-8D4C-ED9A17B240D4}.Release|x64.Build.0 = Release|Any CPU
		{D24CE31B-313A-4772-8D4C-ED9A17B240D4}.Release|x86.ActiveCfg = Release|Any CPU
		{D24CE31B-313A-4772-8D4C-ED9A17B240D4}.Release|x86.Build.0 = Release|Any CPU
		{5A144A4F-3AD4-4A4C-86EF-9FAA5FB046E6}.Debug|Any CPU.ActiveCfg = Debug|Any CPU
		{5A144A4F-3AD4-4A4C-86EF-9FAA5FB046E6}.Debug|Any CPU.Build.0 = Debug|Any CPU
		{5A144A4F-3AD4-4A4C-86EF-9FAA5FB046E6}.Debug|x64.ActiveCfg = Debug|Any CPU
		{5A144A4F-3AD4-4A4C-86EF-9FAA5FB046E6}.Debug|x64.Build.0 = Debug|Any CPU
		{5A144A4F-3AD4-4A4C-86EF-9FAA5FB046E6}.Debug|x86.ActiveCfg = Debug|Any CPU
		{5A144A4F-3AD4-4A4C-86EF-9FAA5FB046E6}.Debug|x86.Build.0 = Debug|Any CPU
		{5A144A4F-3AD4-4A4C-86EF-9FAA5FB046E6}.Release|Any CPU.ActiveCfg = Release|Any CPU
		{5A144A4F-3AD4-4A4C-86EF-9FAA5FB046E6}.Release|Any CPU.Build.0 = Release|Any CPU
		{5A144A4F-3AD4-4A4C-86EF-9FAA5FB046E6}.Release|x64.ActiveCfg = Release|Any CPU
		{5A144A4F-3AD4-4A4C-86EF-9FAA5FB046E6}.Release|x64.Build.0 = Release|Any CPU
		{5A144A4F-3AD4-4A4C-86EF-9FAA5FB046E6}.Release|x86.ActiveCfg = Release|Any CPU
		{5A144A4F-3AD4-4A4C-86EF-9FAA5FB046E6}.Release|x86.Build.0 = Release|Any CPU
		{B518455A-FC0C-426C-A11F-717AE530C7BC}.Debug|Any CPU.ActiveCfg = Debug|Any CPU
		{B518455A-FC0C-426C-A11F-717AE530C7BC}.Debug|Any CPU.Build.0 = Debug|Any CPU
		{B518455A-FC0C-426C-A11F-717AE530C7BC}.Debug|x64.ActiveCfg = Debug|Any CPU
		{B518455A-FC0C-426C-A11F-717AE530C7BC}.Debug|x64.Build.0 = Debug|Any CPU
		{B518455A-FC0C-426C-A11F-717AE530C7BC}.Debug|x86.ActiveCfg = Debug|Any CPU
		{B518455A-FC0C-426C-A11F-717AE530C7BC}.Debug|x86.Build.0 = Debug|Any CPU
		{B518455A-FC0C-426C-A11F-717AE530C7BC}.Release|Any CPU.ActiveCfg = Release|Any CPU
		{B518455A-FC0C-426C-A11F-717AE530C7BC}.Release|Any CPU.Build.0 = Release|Any CPU
		{B518455A-FC0C-426C-A11F-717AE530C7BC}.Release|x64.ActiveCfg = Release|Any CPU
		{B518455A-FC0C-426C-A11F-717AE530C7BC}.Release|x64.Build.0 = Release|Any CPU
		{B518455A-FC0C-426C-A11F-717AE530C7BC}.Release|x86.ActiveCfg = Release|Any CPU
		{B518455A-FC0C-426C-A11F-717AE530C7BC}.Release|x86.Build.0 = Release|Any CPU
		{39DE77FD-33E1-4282-AE7C-BA9671DB2B51}.Debug|Any CPU.ActiveCfg = Debug|Any CPU
		{39DE77FD-33E1-4282-AE7C-BA9671DB2B51}.Debug|Any CPU.Build.0 = Debug|Any CPU
		{39DE77FD-33E1-4282-AE7C-BA9671DB2B51}.Debug|x64.ActiveCfg = Debug|Any CPU
		{39DE77FD-33E1-4282-AE7C-BA9671DB2B51}.Debug|x64.Build.0 = Debug|Any CPU
		{39DE77FD-33E1-4282-AE7C-BA9671DB2B51}.Debug|x86.ActiveCfg = Debug|Any CPU
		{39DE77FD-33E1-4282-AE7C-BA9671DB2B51}.Debug|x86.Build.0 = Debug|Any CPU
		{39DE77FD-33E1-4282-AE7C-BA9671DB2B51}.Release|Any CPU.ActiveCfg = Release|Any CPU
		{39DE77FD-33E1-4282-AE7C-BA9671DB2B51}.Release|Any CPU.Build.0 = Release|Any CPU
		{39DE77FD-33E1-4282-AE7C-BA9671DB2B51}.Release|x64.ActiveCfg = Release|Any CPU
		{39DE77FD-33E1-4282-AE7C-BA9671DB2B51}.Release|x64.Build.0 = Release|Any CPU
		{39DE77FD-33E1-4282-AE7C-BA9671DB2B51}.Release|x86.ActiveCfg = Release|Any CPU
		{39DE77FD-33E1-4282-AE7C-BA9671DB2B51}.Release|x86.Build.0 = Release|Any CPU
		{E4E8FD40-9EBB-4C81-AECB-6FF1AC8A544A}.Debug|Any CPU.ActiveCfg = Debug|Any CPU
		{E4E8FD40-9EBB-4C81-AECB-6FF1AC8A544A}.Debug|Any CPU.Build.0 = Debug|Any CPU
		{E4E8FD40-9EBB-4C81-AECB-6FF1AC8A544A}.Debug|x64.ActiveCfg = Debug|Any CPU
		{E4E8FD40-9EBB-4C81-AECB-6FF1AC8A544A}.Debug|x64.Build.0 = Debug|Any CPU
		{E4E8FD40-9EBB-4C81-AECB-6FF1AC8A544A}.Debug|x86.ActiveCfg = Debug|Any CPU
		{E4E8FD40-9EBB-4C81-AECB-6FF1AC8A544A}.Debug|x86.Build.0 = Debug|Any CPU
		{E4E8FD40-9EBB-4C81-AECB-6FF1AC8A544A}.Release|Any CPU.ActiveCfg = Release|Any CPU
		{E4E8FD40-9EBB-4C81-AECB-6FF1AC8A544A}.Release|Any CPU.Build.0 = Release|Any CPU
		{E4E8FD40-9EBB-4C81-AECB-6FF1AC8A544A}.Release|x64.ActiveCfg = Release|Any CPU
		{E4E8FD40-9EBB-4C81-AECB-6FF1AC8A544A}.Release|x64.Build.0 = Release|Any CPU
		{E4E8FD40-9EBB-4C81-AECB-6FF1AC8A544A}.Release|x86.ActiveCfg = Release|Any CPU
		{E4E8FD40-9EBB-4C81-AECB-6FF1AC8A544A}.Release|x86.Build.0 = Release|Any CPU
		{E5931ADA-93A5-4833-BDB3-A9E208BFBCF5}.Debug|Any CPU.ActiveCfg = Debug|Any CPU
		{E5931ADA-93A5-4833-BDB3-A9E208BFBCF5}.Debug|Any CPU.Build.0 = Debug|Any CPU
		{E5931ADA-93A5-4833-BDB3-A9E208BFBCF5}.Debug|x64.ActiveCfg = Debug|Any CPU
		{E5931ADA-93A5-4833-BDB3-A9E208BFBCF5}.Debug|x64.Build.0 = Debug|Any CPU
		{E5931ADA-93A5-4833-BDB3-A9E208BFBCF5}.Debug|x86.ActiveCfg = Debug|Any CPU
		{E5931ADA-93A5-4833-BDB3-A9E208BFBCF5}.Debug|x86.Build.0 = Debug|Any CPU
		{E5931ADA-93A5-4833-BDB3-A9E208BFBCF5}.Release|Any CPU.ActiveCfg = Release|Any CPU
		{E5931ADA-93A5-4833-BDB3-A9E208BFBCF5}.Release|Any CPU.Build.0 = Release|Any CPU
		{E5931ADA-93A5-4833-BDB3-A9E208BFBCF5}.Release|x64.ActiveCfg = Release|Any CPU
		{E5931ADA-93A5-4833-BDB3-A9E208BFBCF5}.Release|x64.Build.0 = Release|Any CPU
		{E5931ADA-93A5-4833-BDB3-A9E208BFBCF5}.Release|x86.ActiveCfg = Release|Any CPU
		{E5931ADA-93A5-4833-BDB3-A9E208BFBCF5}.Release|x86.Build.0 = Release|Any CPU
		{F672CE7C-F473-410C-9D5B-69DBC862198E}.Debug|Any CPU.ActiveCfg = Debug|Any CPU
		{F672CE7C-F473-410C-9D5B-69DBC862198E}.Debug|Any CPU.Build.0 = Debug|Any CPU
		{F672CE7C-F473-410C-9D5B-69DBC862198E}.Debug|x64.ActiveCfg = Debug|Any CPU
		{F672CE7C-F473-410C-9D5B-69DBC862198E}.Debug|x64.Build.0 = Debug|Any CPU
		{F672CE7C-F473-410C-9D5B-69DBC862198E}.Debug|x86.ActiveCfg = Debug|Any CPU
		{F672CE7C-F473-410C-9D5B-69DBC862198E}.Debug|x86.Build.0 = Debug|Any CPU
		{F672CE7C-F473-410C-9D5B-69DBC862198E}.Release|Any CPU.ActiveCfg = Release|Any CPU
		{F672CE7C-F473-410C-9D5B-69DBC862198E}.Release|Any CPU.Build.0 = Release|Any CPU
		{F672CE7C-F473-410C-9D5B-69DBC862198E}.Release|x64.ActiveCfg = Release|Any CPU
		{F672CE7C-F473-410C-9D5B-69DBC862198E}.Release|x64.Build.0 = Release|Any CPU
		{F672CE7C-F473-410C-9D5B-69DBC862198E}.Release|x86.ActiveCfg = Release|Any CPU
		{F672CE7C-F473-410C-9D5B-69DBC862198E}.Release|x86.Build.0 = Release|Any CPU
		{E0176DED-41EC-4D92-8FA6-65B4B41C25AF}.Debug|Any CPU.ActiveCfg = Debug|Any CPU
		{E0176DED-41EC-4D92-8FA6-65B4B41C25AF}.Debug|Any CPU.Build.0 = Debug|Any CPU
		{E0176DED-41EC-4D92-8FA6-65B4B41C25AF}.Debug|x64.ActiveCfg = Debug|Any CPU
		{E0176DED-41EC-4D92-8FA6-65B4B41C25AF}.Debug|x64.Build.0 = Debug|Any CPU
		{E0176DED-41EC-4D92-8FA6-65B4B41C25AF}.Debug|x86.ActiveCfg = Debug|Any CPU
		{E0176DED-41EC-4D92-8FA6-65B4B41C25AF}.Debug|x86.Build.0 = Debug|Any CPU
		{E0176DED-41EC-4D92-8FA6-65B4B41C25AF}.Release|Any CPU.ActiveCfg = Release|Any CPU
		{E0176DED-41EC-4D92-8FA6-65B4B41C25AF}.Release|Any CPU.Build.0 = Release|Any CPU
		{E0176DED-41EC-4D92-8FA6-65B4B41C25AF}.Release|x64.ActiveCfg = Release|Any CPU
		{E0176DED-41EC-4D92-8FA6-65B4B41C25AF}.Release|x64.Build.0 = Release|Any CPU
		{E0176DED-41EC-4D92-8FA6-65B4B41C25AF}.Release|x86.ActiveCfg = Release|Any CPU
		{E0176DED-41EC-4D92-8FA6-65B4B41C25AF}.Release|x86.Build.0 = Release|Any CPU
		{752575FD-7487-4AB4-8588-3D0EF71C6E07}.Debug|Any CPU.ActiveCfg = Debug|Any CPU
		{752575FD-7487-4AB4-8588-3D0EF71C6E07}.Debug|Any CPU.Build.0 = Debug|Any CPU
		{752575FD-7487-4AB4-8588-3D0EF71C6E07}.Debug|x64.ActiveCfg = Debug|Any CPU
		{752575FD-7487-4AB4-8588-3D0EF71C6E07}.Debug|x64.Build.0 = Debug|Any CPU
		{752575FD-7487-4AB4-8588-3D0EF71C6E07}.Debug|x86.ActiveCfg = Debug|Any CPU
		{752575FD-7487-4AB4-8588-3D0EF71C6E07}.Debug|x86.Build.0 = Debug|Any CPU
		{752575FD-7487-4AB4-8588-3D0EF71C6E07}.Release|Any CPU.ActiveCfg = Release|Any CPU
		{752575FD-7487-4AB4-8588-3D0EF71C6E07}.Release|Any CPU.Build.0 = Release|Any CPU
		{752575FD-7487-4AB4-8588-3D0EF71C6E07}.Release|x64.ActiveCfg = Release|Any CPU
		{752575FD-7487-4AB4-8588-3D0EF71C6E07}.Release|x64.Build.0 = Release|Any CPU
		{752575FD-7487-4AB4-8588-3D0EF71C6E07}.Release|x86.ActiveCfg = Release|Any CPU
		{752575FD-7487-4AB4-8588-3D0EF71C6E07}.Release|x86.Build.0 = Release|Any CPU
		{A8D56C28-EC40-45B2-AAEB-8FDCED983B12}.Debug|Any CPU.ActiveCfg = Debug|Any CPU
		{A8D56C28-EC40-45B2-AAEB-8FDCED983B12}.Debug|Any CPU.Build.0 = Debug|Any CPU
		{A8D56C28-EC40-45B2-AAEB-8FDCED983B12}.Debug|x64.ActiveCfg = Debug|Any CPU
		{A8D56C28-EC40-45B2-AAEB-8FDCED983B12}.Debug|x64.Build.0 = Debug|Any CPU
		{A8D56C28-EC40-45B2-AAEB-8FDCED983B12}.Debug|x86.ActiveCfg = Debug|Any CPU
		{A8D56C28-EC40-45B2-AAEB-8FDCED983B12}.Debug|x86.Build.0 = Debug|Any CPU
		{A8D56C28-EC40-45B2-AAEB-8FDCED983B12}.Release|Any CPU.ActiveCfg = Release|Any CPU
		{A8D56C28-EC40-45B2-AAEB-8FDCED983B12}.Release|Any CPU.Build.0 = Release|Any CPU
		{A8D56C28-EC40-45B2-AAEB-8FDCED983B12}.Release|x64.ActiveCfg = Release|Any CPU
		{A8D56C28-EC40-45B2-AAEB-8FDCED983B12}.Release|x64.Build.0 = Release|Any CPU
		{A8D56C28-EC40-45B2-AAEB-8FDCED983B12}.Release|x86.ActiveCfg = Release|Any CPU
		{A8D56C28-EC40-45B2-AAEB-8FDCED983B12}.Release|x86.Build.0 = Release|Any CPU
		{A50748AD-4423-44C5-B74C-54EE331D3D44}.Debug|Any CPU.ActiveCfg = Debug|Any CPU
		{A50748AD-4423-44C5-B74C-54EE331D3D44}.Debug|Any CPU.Build.0 = Debug|Any CPU
		{A50748AD-4423-44C5-B74C-54EE331D3D44}.Debug|x64.ActiveCfg = Debug|Any CPU
		{A50748AD-4423-44C5-B74C-54EE331D3D44}.Debug|x64.Build.0 = Debug|Any CPU
		{A50748AD-4423-44C5-B74C-54EE331D3D44}.Debug|x86.ActiveCfg = Debug|Any CPU
		{A50748AD-4423-44C5-B74C-54EE331D3D44}.Debug|x86.Build.0 = Debug|Any CPU
		{A50748AD-4423-44C5-B74C-54EE331D3D44}.Release|Any CPU.ActiveCfg = Release|Any CPU
		{A50748AD-4423-44C5-B74C-54EE331D3D44}.Release|Any CPU.Build.0 = Release|Any CPU
		{A50748AD-4423-44C5-B74C-54EE331D3D44}.Release|x64.ActiveCfg = Release|Any CPU
		{A50748AD-4423-44C5-B74C-54EE331D3D44}.Release|x64.Build.0 = Release|Any CPU
		{A50748AD-4423-44C5-B74C-54EE331D3D44}.Release|x86.ActiveCfg = Release|Any CPU
		{A50748AD-4423-44C5-B74C-54EE331D3D44}.Release|x86.Build.0 = Release|Any CPU
		{16440407-7814-4736-8C20-993C6E6A8503}.Debug|Any CPU.ActiveCfg = Debug|Any CPU
		{16440407-7814-4736-8C20-993C6E6A8503}.Debug|Any CPU.Build.0 = Debug|Any CPU
		{16440407-7814-4736-8C20-993C6E6A8503}.Debug|x64.ActiveCfg = Debug|Any CPU
		{16440407-7814-4736-8C20-993C6E6A8503}.Debug|x64.Build.0 = Debug|Any CPU
		{16440407-7814-4736-8C20-993C6E6A8503}.Debug|x86.ActiveCfg = Debug|Any CPU
		{16440407-7814-4736-8C20-993C6E6A8503}.Debug|x86.Build.0 = Debug|Any CPU
		{16440407-7814-4736-8C20-993C6E6A8503}.Release|Any CPU.ActiveCfg = Release|Any CPU
		{16440407-7814-4736-8C20-993C6E6A8503}.Release|Any CPU.Build.0 = Release|Any CPU
		{16440407-7814-4736-8C20-993C6E6A8503}.Release|x64.ActiveCfg = Release|Any CPU
		{16440407-7814-4736-8C20-993C6E6A8503}.Release|x64.Build.0 = Release|Any CPU
		{16440407-7814-4736-8C20-993C6E6A8503}.Release|x86.ActiveCfg = Release|Any CPU
		{16440407-7814-4736-8C20-993C6E6A8503}.Release|x86.Build.0 = Release|Any CPU
		{83EC457F-DA90-4156-91FD-B6EB6302A663}.Debug|Any CPU.ActiveCfg = Debug|Any CPU
		{83EC457F-DA90-4156-91FD-B6EB6302A663}.Debug|Any CPU.Build.0 = Debug|Any CPU
		{83EC457F-DA90-4156-91FD-B6EB6302A663}.Debug|x64.ActiveCfg = Debug|Any CPU
		{83EC457F-DA90-4156-91FD-B6EB6302A663}.Debug|x64.Build.0 = Debug|Any CPU
		{83EC457F-DA90-4156-91FD-B6EB6302A663}.Debug|x86.ActiveCfg = Debug|Any CPU
		{83EC457F-DA90-4156-91FD-B6EB6302A663}.Debug|x86.Build.0 = Debug|Any CPU
		{83EC457F-DA90-4156-91FD-B6EB6302A663}.Release|Any CPU.ActiveCfg = Release|Any CPU
		{83EC457F-DA90-4156-91FD-B6EB6302A663}.Release|Any CPU.Build.0 = Release|Any CPU
		{83EC457F-DA90-4156-91FD-B6EB6302A663}.Release|x64.ActiveCfg = Release|Any CPU
		{83EC457F-DA90-4156-91FD-B6EB6302A663}.Release|x64.Build.0 = Release|Any CPU
		{83EC457F-DA90-4156-91FD-B6EB6302A663}.Release|x86.ActiveCfg = Release|Any CPU
		{83EC457F-DA90-4156-91FD-B6EB6302A663}.Release|x86.Build.0 = Release|Any CPU
		{9023B7F7-DC44-4B83-B047-F8D84D4F5DA3}.Debug|Any CPU.ActiveCfg = Debug|Any CPU
		{9023B7F7-DC44-4B83-B047-F8D84D4F5DA3}.Debug|Any CPU.Build.0 = Debug|Any CPU
		{9023B7F7-DC44-4B83-B047-F8D84D4F5DA3}.Debug|x64.ActiveCfg = Debug|Any CPU
		{9023B7F7-DC44-4B83-B047-F8D84D4F5DA3}.Debug|x64.Build.0 = Debug|Any CPU
		{9023B7F7-DC44-4B83-B047-F8D84D4F5DA3}.Debug|x86.ActiveCfg = Debug|Any CPU
		{9023B7F7-DC44-4B83-B047-F8D84D4F5DA3}.Debug|x86.Build.0 = Debug|Any CPU
		{9023B7F7-DC44-4B83-B047-F8D84D4F5DA3}.Release|Any CPU.ActiveCfg = Release|Any CPU
		{9023B7F7-DC44-4B83-B047-F8D84D4F5DA3}.Release|Any CPU.Build.0 = Release|Any CPU
		{9023B7F7-DC44-4B83-B047-F8D84D4F5DA3}.Release|x64.ActiveCfg = Release|Any CPU
		{9023B7F7-DC44-4B83-B047-F8D84D4F5DA3}.Release|x64.Build.0 = Release|Any CPU
		{9023B7F7-DC44-4B83-B047-F8D84D4F5DA3}.Release|x86.ActiveCfg = Release|Any CPU
		{9023B7F7-DC44-4B83-B047-F8D84D4F5DA3}.Release|x86.Build.0 = Release|Any CPU
		{774A3F46-D597-4485-8C6A-BDE964A1A879}.Debug|Any CPU.ActiveCfg = Debug|Any CPU
		{774A3F46-D597-4485-8C6A-BDE964A1A879}.Debug|Any CPU.Build.0 = Debug|Any CPU
		{774A3F46-D597-4485-8C6A-BDE964A1A879}.Debug|x64.ActiveCfg = Debug|Any CPU
		{774A3F46-D597-4485-8C6A-BDE964A1A879}.Debug|x64.Build.0 = Debug|Any CPU
		{774A3F46-D597-4485-8C6A-BDE964A1A879}.Debug|x86.ActiveCfg = Debug|Any CPU
		{774A3F46-D597-4485-8C6A-BDE964A1A879}.Debug|x86.Build.0 = Debug|Any CPU
		{774A3F46-D597-4485-8C6A-BDE964A1A879}.Release|Any CPU.ActiveCfg = Release|Any CPU
		{774A3F46-D597-4485-8C6A-BDE964A1A879}.Release|Any CPU.Build.0 = Release|Any CPU
		{774A3F46-D597-4485-8C6A-BDE964A1A879}.Release|x64.ActiveCfg = Release|Any CPU
		{774A3F46-D597-4485-8C6A-BDE964A1A879}.Release|x64.Build.0 = Release|Any CPU
		{774A3F46-D597-4485-8C6A-BDE964A1A879}.Release|x86.ActiveCfg = Release|Any CPU
		{774A3F46-D597-4485-8C6A-BDE964A1A879}.Release|x86.Build.0 = Release|Any CPU
		{57D28340-8F86-4A95-8E4C-418D5888C14F}.Debug|Any CPU.ActiveCfg = Debug|Any CPU
		{57D28340-8F86-4A95-8E4C-418D5888C14F}.Debug|Any CPU.Build.0 = Debug|Any CPU
		{57D28340-8F86-4A95-8E4C-418D5888C14F}.Debug|x64.ActiveCfg = Debug|Any CPU
		{57D28340-8F86-4A95-8E4C-418D5888C14F}.Debug|x64.Build.0 = Debug|Any CPU
		{57D28340-8F86-4A95-8E4C-418D5888C14F}.Debug|x86.ActiveCfg = Debug|Any CPU
		{57D28340-8F86-4A95-8E4C-418D5888C14F}.Debug|x86.Build.0 = Debug|Any CPU
		{57D28340-8F86-4A95-8E4C-418D5888C14F}.Release|Any CPU.ActiveCfg = Release|Any CPU
		{57D28340-8F86-4A95-8E4C-418D5888C14F}.Release|Any CPU.Build.0 = Release|Any CPU
		{57D28340-8F86-4A95-8E4C-418D5888C14F}.Release|x64.ActiveCfg = Release|Any CPU
		{57D28340-8F86-4A95-8E4C-418D5888C14F}.Release|x64.Build.0 = Release|Any CPU
		{57D28340-8F86-4A95-8E4C-418D5888C14F}.Release|x86.ActiveCfg = Release|Any CPU
		{57D28340-8F86-4A95-8E4C-418D5888C14F}.Release|x86.Build.0 = Release|Any CPU
	EndGlobalSection
	GlobalSection(NestedProjects) = preSolution
		{D24CE31B-313A-4772-8D4C-ED9A17B240D4} = {3D471F34-0B34-4D63-ACC0-3730F7FCCC65}
		{053EB617-2C91-451A-89F2-7EBDBBB6D817} = {6F5ACB99-E52A-4E4F-BDA1-963AC7F539E8}
		{39DE77FD-33E1-4282-AE7C-BA9671DB2B51} = {6F5ACB99-E52A-4E4F-BDA1-963AC7F539E8}
		{F672CE7C-F473-410C-9D5B-69DBC862198E} = {6F5ACB99-E52A-4E4F-BDA1-963AC7F539E8}
		{5A144A4F-3AD4-4A4C-86EF-9FAA5FB046E6} = {5F670B07-85B6-44B4-88CA-6C5F2821139B}
		{B518455A-FC0C-426C-A11F-717AE530C7BC} = {6D9C71D8-E8B5-4BF1-91AF-CFF831AE4BF9}
		{E5931ADA-93A5-4833-BDB3-A9E208BFBCF5} = {6D9C71D8-E8B5-4BF1-91AF-CFF831AE4BF9}
		{E4E8FD40-9EBB-4C81-AECB-6FF1AC8A544A} = {8FA78240-6F7C-4F2D-A096-595590DD8819}
		{E0176DED-41EC-4D92-8FA6-65B4B41C25AF} = {5F670B07-85B6-44B4-88CA-6C5F2821139B}
		{752575FD-7487-4AB4-8588-3D0EF71C6E07} = {5F670B07-85B6-44B4-88CA-6C5F2821139B}
		{A50748AD-4423-44C5-B74C-54EE331D3D44} = {6D9C71D8-E8B5-4BF1-91AF-CFF831AE4BF9}
		{A8D56C28-EC40-45B2-AAEB-8FDCED983B12} = {6D9C71D8-E8B5-4BF1-91AF-CFF831AE4BF9}
		{16440407-7814-4736-8C20-993C6E6A8503} = {6D9C71D8-E8B5-4BF1-91AF-CFF831AE4BF9}
		{83EC457F-DA90-4156-91FD-B6EB6302A663} = {5F670B07-85B6-44B4-88CA-6C5F2821139B}
		{9023B7F7-DC44-4B83-B047-F8D84D4F5DA3} = {6D9C71D8-E8B5-4BF1-91AF-CFF831AE4BF9}
		{774A3F46-D597-4485-8C6A-BDE964A1A879} = {6D9C71D8-E8B5-4BF1-91AF-CFF831AE4BF9}
		{57D28340-8F86-4A95-8E4C-418D5888C14F} = {6D9C71D8-E8B5-4BF1-91AF-CFF831AE4BF9}
	EndGlobalSection
EndGlobal
