
Microsoft Visual Studio Solution File, Format Version 12.00
# Visual Studio Version 16
VisualStudioVersion = 16.0.28711.60
MinimumVisualStudioVersion = 10.0.40219.1
Project("{FAE04EC0-301F-11D3-BF4B-00C04F79EFBC}") = "Wally.RomMaster.Server", "Wally.RomMaster.Server\Wally.RomMaster.Server.csproj", "{EF54AEC6-98BC-42B7-9F8C-2A7F4ECDF5BD}"
EndProject
Project("{FAE04EC0-301F-11D3-BF4B-00C04F79EFBC}") = "Wally.RomMaster.Client", "Wally.RomMaster.Client\Wally.RomMaster.Client.csproj", "{06BDD406-D8AE-4A88-8F36-26B209914983}"
EndProject
Project("{FAE04EC0-301F-11D3-BF4B-00C04F79EFBC}") = "Wally.RomMaster.Shared", "Wally.RomMaster.Shared\Wally.RomMaster.Shared.csproj", "{2FB6C488-579B-4CFF-8533-A90F3B325A1E}"
EndProject
Global
	GlobalSection(SolutionConfigurationPlatforms) = preSolution
		Debug|Any CPU = Debug|Any CPU
		Release|Any CPU = Release|Any CPU
	EndGlobalSection
	GlobalSection(ProjectConfigurationPlatforms) = postSolution
		{EF54AEC6-98BC-42B7-9F8C-2A7F4ECDF5BD}.Debug|Any CPU.ActiveCfg = Debug|Any CPU
		{EF54AEC6-98BC-42B7-9F8C-2A7F4ECDF5BD}.Debug|Any CPU.Build.0 = Debug|Any CPU
		{EF54AEC6-98BC-42B7-9F8C-2A7F4ECDF5BD}.Release|Any CPU.ActiveCfg = Release|Any CPU
		{EF54AEC6-98BC-42B7-9F8C-2A7F4ECDF5BD}.Release|Any CPU.Build.0 = Release|Any CPU
		{06BDD406-D8AE-4A88-8F36-26B209914983}.Debug|Any CPU.ActiveCfg = Debug|Any CPU
		{06BDD406-D8AE-4A88-8F36-26B209914983}.Debug|Any CPU.Build.0 = Debug|Any CPU
		{06BDD406-D8AE-4A88-8F36-26B209914983}.Release|Any CPU.ActiveCfg = Release|Any CPU
		{06BDD406-D8AE-4A88-8F36-26B209914983}.Release|Any CPU.Build.0 = Release|Any CPU
		{2FB6C488-579B-4CFF-8533-A90F3B325A1E}.Debug|Any CPU.ActiveCfg = Debug|Any CPU
		{2FB6C488-579B-4CFF-8533-A90F3B325A1E}.Debug|Any CPU.Build.0 = Debug|Any CPU
		{2FB6C488-579B-4CFF-8533-A90F3B325A1E}.Release|Any CPU.ActiveCfg = Release|Any CPU
		{2FB6C488-579B-4CFF-8533-A90F3B325A1E}.Release|Any CPU.Build.0 = Release|Any CPU
	EndGlobalSection
	GlobalSection(SolutionProperties) = preSolution
		HideSolutionNode = FALSE
	EndGlobalSection
	GlobalSection(ExtensibilityGlobals) = postSolution
		SolutionGuid = {A0856802-88B0-41AA-B428-7A5D36A3028F}
	EndGlobalSection
EndGlobal
