
Microsoft Visual Studio Solution File, Format Version 12.00
# Visual Studio Version 16
VisualStudioVersion = 16.0.30114.105
MinimumVisualStudioVersion = 10.0.40219.1
Project("{FAE04EC0-301F-11D3-BF4B-00C04F79EFBC}") = "Wally.RomMaster.FileService.Tests.UnitTests", "Wally.RomMaster.FileService.Tests.UnitTests\Wally.RomMaster.FileService.Tests.UnitTests.csproj", "{CE2C84D0-DC87-4F27-A7B1-7090F46D65B9}"
EndProject
Project("{FAE04EC0-301F-11D3-BF4B-00C04F79EFBC}") = "Wally.RomMaster.FileService.Domain", "Wally.RomMaster.FileService.Domain\Wally.RomMaster.FileService.Domain.csproj", "{72612D08-58EF-4233-8F5E-6D0A7C757466}"
EndProject
Project("{FAE04EC0-301F-11D3-BF4B-00C04F79EFBC}") = "Wally.RomMaster.FileService.Application", "Wally.RomMaster.FileService.Application\Wally.RomMaster.FileService.Application.csproj", "{8AB613B2-CA6B-45E3-B37E-A088A38B90E4}"
EndProject
Project("{FAE04EC0-301F-11D3-BF4B-00C04F79EFBC}") = "Wally.RomMaster.FileService.Infrastructure.Persistence", "Wally.RomMaster.FileService.Infrastructure.Persistence\Wally.RomMaster.FileService.Infrastructure.Persistence.csproj", "{F73B3F5D-4631-4D40-B148-67EDD646D440}"
EndProject
Project("{FAE04EC0-301F-11D3-BF4B-00C04F79EFBC}") = "Wally.RomMaster.FileService.Tests.ConventionTests", "Wally.RomMaster.FileService.Tests.ConventionTests\Wally.RomMaster.FileService.Tests.ConventionTests.csproj", "{7DE3B746-B374-4E01-B107-F63CF1C6CB99}"
EndProject
Project("{FAE04EC0-301F-11D3-BF4B-00C04F79EFBC}") = "Wally.RomMaster.FileService.WebApi", "Wally.RomMaster.FileService.WebApi\Wally.RomMaster.FileService.WebApi.csproj", "{AB3B1F6C-0898-4F0E-92C6-9CE67DFF9925}"
EndProject
Project("{FAE04EC0-301F-11D3-BF4B-00C04F79EFBC}") = "Wally.RomMaster.FileService.Infrastructure.Persistence.SqlServer", "Wally.RomMaster.FileService.Infrastructure.Persistence.SqlServer\Wally.RomMaster.FileService.Infrastructure.Persistence.SqlServer.csproj", "{2652794C-5F6B-43F3-8C70-1E2D194B7FF7}"
EndProject
Project("{FAE04EC0-301F-11D3-BF4B-00C04F79EFBC}") = "Wally.RomMaster.FileService.Tests.IntegrationTests", "Wally.RomMaster.FileService.Tests.IntegrationTests\Wally.RomMaster.FileService.Tests.IntegrationTests.csproj", "{1E62B548-BE2B-4C55-A809-A1CD8FA16375}"
EndProject
Project("{2150E333-8FDC-42A3-9474-1A3956D46DE8}") = "Solution Items", "Solution Items", "{987CC2BD-EB8E-4ADF-B640-746D1897976D}"
ProjectSection(SolutionItems) = preProject
	AssemblyInfo.cs = AssemblyInfo.cs
	README.md = README.md
EndProjectSection
EndProject
Project("{2150E333-8FDC-42A3-9474-1A3956D46DE8}") = "Domain", "Domain", "{27B03947-4718-4B9E-A74A-582AD3166C7E}"
EndProject
Project("{2150E333-8FDC-42A3-9474-1A3956D46DE8}") = "Tests", "Tests", "{811A1DD0-0CB3-4534-ABC1-28151EA735C8}"
EndProject
Project("{2150E333-8FDC-42A3-9474-1A3956D46DE8}") = "Application", "Application", "{B22FB41D-3B86-421B-AF32-F9A2554EDC89}"
EndProject
Project("{2150E333-8FDC-42A3-9474-1A3956D46DE8}") = "Infrastructure", "Infrastructure", "{0F3A6C95-525C-48ED-AE8F-8FDFBD613E0E}"
EndProject
Project("{2150E333-8FDC-42A3-9474-1A3956D46DE8}") = "Presentation", "Presentation", "{5C060567-3099-48E9-B10C-E67DBAB1DEEF}"
EndProject
Project("{FAE04EC0-301F-11D3-BF4B-00C04F79EFBC}") = "Wally.RomMaster.FileService.Application.Contracts", "Wally.RomMaster.FileService.Application.Contracts\Wally.RomMaster.FileService.Application.Contracts.csproj", "{0DF3851B-F547-43C6-BD88-B83C7AB0ABBC}"
EndProject
Project("{FAE04EC0-301F-11D3-BF4B-00C04F79EFBC}") = "Wally.RomMaster.FileService.Application.MapperProfiles", "Wally.RomMaster.FileService.Application.MapperProfiles\Wally.RomMaster.FileService.Application.MapperProfiles.csproj", "{BF993ECA-DF1A-4FA1-9686-E1EE3440D89E}"
EndProject
Project("{FAE04EC0-301F-11D3-BF4B-00C04F79EFBC}") = "Wally.RomMaster.FileService.Infrastructure.PipelineBehaviours", "Wally.RomMaster.FileService.Infrastructure.PipelineBehaviours\Wally.RomMaster.FileService.Infrastructure.PipelineBehaviours.csproj", "{26EE820F-5155-4E6F-A922-5F2CFE525BBB}"
EndProject
Project("{FAE04EC0-301F-11D3-BF4B-00C04F79EFBC}") = "Wally.RomMaster.FileService.Infrastructure.Messaging", "Wally.RomMaster.FileService.Infrastructure.Messaging\Wally.RomMaster.FileService.Infrastructure.Messaging.csproj", "{EFDB30EC-456B-436A-A0A9-DE4422EE9F7D}"
EndProject
Project("{FAE04EC0-301F-11D3-BF4B-00C04F79EFBC}") = "Wally.RomMaster.FileService.Infrastructure.DI.Microsoft", "Wally.RomMaster.FileService.Infrastructure.DI.Microsoft\Wally.RomMaster.FileService.Infrastructure.DI.Microsoft.csproj", "{2A1F9D87-1A04-44C2-B293-5F09F85DDECB}"
EndProject
Project("{FAE04EC0-301F-11D3-BF4B-00C04F79EFBC}") = "Wally.RomMaster.FileService.Application.Messages", "Wally.RomMaster.FileService.Application.Messages\Wally.RomMaster.FileService.Application.Messages.csproj", "{E3C97D3D-FE0A-4AEC-9275-36F43DEBBEBC}"
EndProject
Project("{FAE04EC0-301F-11D3-BF4B-00C04F79EFBC}") = "Wally.RomMaster.FileService.Infrastructure.Persistence.PostgreSQL", "Wally.RomMaster.FileService.Infrastructure.Persistence.PostgreSQL\Wally.RomMaster.FileService.Infrastructure.Persistence.PostgreSQL.csproj", "{83555F50-A455-417F-94A0-51434BB670D8}"
EndProject
Project("{FAE04EC0-301F-11D3-BF4B-00C04F79EFBC}") = "Wally.RomMaster.FileService.Infrastructure.Persistence.MySql", "Wally.RomMaster.FileService.Infrastructure.Persistence.MySql\Wally.RomMaster.FileService.Infrastructure.Persistence.MySql.csproj", "{E8E485B8-EDB2-4652-9F18-A734CA9C354D}"
EndProject
Project("{FAE04EC0-301F-11D3-BF4B-00C04F79EFBC}") = "Wally.RomMaster.FileService.Infrastructure.BackgroundServices", "Wally.RomMaster.FileService.Infrastructure.BackgroundServices\Wally.RomMaster.FileService.Infrastructure.BackgroundServices.csproj", "{25DD610A-BDF5-4570-BE6B-AEFB173D1549}"
EndProject
Global
	GlobalSection(SolutionConfigurationPlatforms) = preSolution
		Debug|Any CPU = Debug|Any CPU
		Debug|x64 = Debug|x64
		Debug|x86 = Debug|x86
		Release|Any CPU = Release|Any CPU
		Release|x64 = Release|x64
		Release|x86 = Release|x86
	EndGlobalSection
	GlobalSection(SolutionProperties) = preSolution
		HideSolutionNode = FALSE
	EndGlobalSection
	GlobalSection(ProjectConfigurationPlatforms) = postSolution
		{CE2C84D0-DC87-4F27-A7B1-7090F46D65B9}.Debug|Any CPU.ActiveCfg = Debug|Any CPU
		{CE2C84D0-DC87-4F27-A7B1-7090F46D65B9}.Debug|Any CPU.Build.0 = Debug|Any CPU
		{CE2C84D0-DC87-4F27-A7B1-7090F46D65B9}.Debug|x64.ActiveCfg = Debug|Any CPU
		{CE2C84D0-DC87-4F27-A7B1-7090F46D65B9}.Debug|x64.Build.0 = Debug|Any CPU
		{CE2C84D0-DC87-4F27-A7B1-7090F46D65B9}.Debug|x86.ActiveCfg = Debug|Any CPU
		{CE2C84D0-DC87-4F27-A7B1-7090F46D65B9}.Debug|x86.Build.0 = Debug|Any CPU
		{CE2C84D0-DC87-4F27-A7B1-7090F46D65B9}.Release|Any CPU.ActiveCfg = Release|Any CPU
		{CE2C84D0-DC87-4F27-A7B1-7090F46D65B9}.Release|Any CPU.Build.0 = Release|Any CPU
		{CE2C84D0-DC87-4F27-A7B1-7090F46D65B9}.Release|x64.ActiveCfg = Release|Any CPU
		{CE2C84D0-DC87-4F27-A7B1-7090F46D65B9}.Release|x64.Build.0 = Release|Any CPU
		{CE2C84D0-DC87-4F27-A7B1-7090F46D65B9}.Release|x86.ActiveCfg = Release|Any CPU
		{CE2C84D0-DC87-4F27-A7B1-7090F46D65B9}.Release|x86.Build.0 = Release|Any CPU
		{72612D08-58EF-4233-8F5E-6D0A7C757466}.Debug|Any CPU.ActiveCfg = Debug|Any CPU
		{72612D08-58EF-4233-8F5E-6D0A7C757466}.Debug|Any CPU.Build.0 = Debug|Any CPU
		{72612D08-58EF-4233-8F5E-6D0A7C757466}.Debug|x64.ActiveCfg = Debug|Any CPU
		{72612D08-58EF-4233-8F5E-6D0A7C757466}.Debug|x64.Build.0 = Debug|Any CPU
		{72612D08-58EF-4233-8F5E-6D0A7C757466}.Debug|x86.ActiveCfg = Debug|Any CPU
		{72612D08-58EF-4233-8F5E-6D0A7C757466}.Debug|x86.Build.0 = Debug|Any CPU
		{72612D08-58EF-4233-8F5E-6D0A7C757466}.Release|Any CPU.ActiveCfg = Release|Any CPU
		{72612D08-58EF-4233-8F5E-6D0A7C757466}.Release|Any CPU.Build.0 = Release|Any CPU
		{72612D08-58EF-4233-8F5E-6D0A7C757466}.Release|x64.ActiveCfg = Release|Any CPU
		{72612D08-58EF-4233-8F5E-6D0A7C757466}.Release|x64.Build.0 = Release|Any CPU
		{72612D08-58EF-4233-8F5E-6D0A7C757466}.Release|x86.ActiveCfg = Release|Any CPU
		{72612D08-58EF-4233-8F5E-6D0A7C757466}.Release|x86.Build.0 = Release|Any CPU
		{8AB613B2-CA6B-45E3-B37E-A088A38B90E4}.Debug|Any CPU.ActiveCfg = Debug|Any CPU
		{8AB613B2-CA6B-45E3-B37E-A088A38B90E4}.Debug|Any CPU.Build.0 = Debug|Any CPU
		{8AB613B2-CA6B-45E3-B37E-A088A38B90E4}.Debug|x64.ActiveCfg = Debug|Any CPU
		{8AB613B2-CA6B-45E3-B37E-A088A38B90E4}.Debug|x64.Build.0 = Debug|Any CPU
		{8AB613B2-CA6B-45E3-B37E-A088A38B90E4}.Debug|x86.ActiveCfg = Debug|Any CPU
		{8AB613B2-CA6B-45E3-B37E-A088A38B90E4}.Debug|x86.Build.0 = Debug|Any CPU
		{8AB613B2-CA6B-45E3-B37E-A088A38B90E4}.Release|Any CPU.ActiveCfg = Release|Any CPU
		{8AB613B2-CA6B-45E3-B37E-A088A38B90E4}.Release|Any CPU.Build.0 = Release|Any CPU
		{8AB613B2-CA6B-45E3-B37E-A088A38B90E4}.Release|x64.ActiveCfg = Release|Any CPU
		{8AB613B2-CA6B-45E3-B37E-A088A38B90E4}.Release|x64.Build.0 = Release|Any CPU
		{8AB613B2-CA6B-45E3-B37E-A088A38B90E4}.Release|x86.ActiveCfg = Release|Any CPU
		{8AB613B2-CA6B-45E3-B37E-A088A38B90E4}.Release|x86.Build.0 = Release|Any CPU
		{F73B3F5D-4631-4D40-B148-67EDD646D440}.Debug|Any CPU.ActiveCfg = Debug|Any CPU
		{F73B3F5D-4631-4D40-B148-67EDD646D440}.Debug|Any CPU.Build.0 = Debug|Any CPU
		{F73B3F5D-4631-4D40-B148-67EDD646D440}.Debug|x64.ActiveCfg = Debug|Any CPU
		{F73B3F5D-4631-4D40-B148-67EDD646D440}.Debug|x64.Build.0 = Debug|Any CPU
		{F73B3F5D-4631-4D40-B148-67EDD646D440}.Debug|x86.ActiveCfg = Debug|Any CPU
		{F73B3F5D-4631-4D40-B148-67EDD646D440}.Debug|x86.Build.0 = Debug|Any CPU
		{F73B3F5D-4631-4D40-B148-67EDD646D440}.Release|Any CPU.ActiveCfg = Release|Any CPU
		{F73B3F5D-4631-4D40-B148-67EDD646D440}.Release|Any CPU.Build.0 = Release|Any CPU
		{F73B3F5D-4631-4D40-B148-67EDD646D440}.Release|x64.ActiveCfg = Release|Any CPU
		{F73B3F5D-4631-4D40-B148-67EDD646D440}.Release|x64.Build.0 = Release|Any CPU
		{F73B3F5D-4631-4D40-B148-67EDD646D440}.Release|x86.ActiveCfg = Release|Any CPU
		{F73B3F5D-4631-4D40-B148-67EDD646D440}.Release|x86.Build.0 = Release|Any CPU
		{7DE3B746-B374-4E01-B107-F63CF1C6CB99}.Debug|Any CPU.ActiveCfg = Debug|Any CPU
		{7DE3B746-B374-4E01-B107-F63CF1C6CB99}.Debug|Any CPU.Build.0 = Debug|Any CPU
		{7DE3B746-B374-4E01-B107-F63CF1C6CB99}.Debug|x64.ActiveCfg = Debug|Any CPU
		{7DE3B746-B374-4E01-B107-F63CF1C6CB99}.Debug|x64.Build.0 = Debug|Any CPU
		{7DE3B746-B374-4E01-B107-F63CF1C6CB99}.Debug|x86.ActiveCfg = Debug|Any CPU
		{7DE3B746-B374-4E01-B107-F63CF1C6CB99}.Debug|x86.Build.0 = Debug|Any CPU
		{7DE3B746-B374-4E01-B107-F63CF1C6CB99}.Release|Any CPU.ActiveCfg = Release|Any CPU
		{7DE3B746-B374-4E01-B107-F63CF1C6CB99}.Release|Any CPU.Build.0 = Release|Any CPU
		{7DE3B746-B374-4E01-B107-F63CF1C6CB99}.Release|x64.ActiveCfg = Release|Any CPU
		{7DE3B746-B374-4E01-B107-F63CF1C6CB99}.Release|x64.Build.0 = Release|Any CPU
		{7DE3B746-B374-4E01-B107-F63CF1C6CB99}.Release|x86.ActiveCfg = Release|Any CPU
		{7DE3B746-B374-4E01-B107-F63CF1C6CB99}.Release|x86.Build.0 = Release|Any CPU
		{AB3B1F6C-0898-4F0E-92C6-9CE67DFF9925}.Debug|Any CPU.ActiveCfg = Debug|Any CPU
		{AB3B1F6C-0898-4F0E-92C6-9CE67DFF9925}.Debug|Any CPU.Build.0 = Debug|Any CPU
		{AB3B1F6C-0898-4F0E-92C6-9CE67DFF9925}.Debug|x64.ActiveCfg = Debug|Any CPU
		{AB3B1F6C-0898-4F0E-92C6-9CE67DFF9925}.Debug|x64.Build.0 = Debug|Any CPU
		{AB3B1F6C-0898-4F0E-92C6-9CE67DFF9925}.Debug|x86.ActiveCfg = Debug|Any CPU
		{AB3B1F6C-0898-4F0E-92C6-9CE67DFF9925}.Debug|x86.Build.0 = Debug|Any CPU
		{AB3B1F6C-0898-4F0E-92C6-9CE67DFF9925}.Release|Any CPU.ActiveCfg = Release|Any CPU
		{AB3B1F6C-0898-4F0E-92C6-9CE67DFF9925}.Release|Any CPU.Build.0 = Release|Any CPU
		{AB3B1F6C-0898-4F0E-92C6-9CE67DFF9925}.Release|x64.ActiveCfg = Release|Any CPU
		{AB3B1F6C-0898-4F0E-92C6-9CE67DFF9925}.Release|x64.Build.0 = Release|Any CPU
		{AB3B1F6C-0898-4F0E-92C6-9CE67DFF9925}.Release|x86.ActiveCfg = Release|Any CPU
		{AB3B1F6C-0898-4F0E-92C6-9CE67DFF9925}.Release|x86.Build.0 = Release|Any CPU
		{2652794C-5F6B-43F3-8C70-1E2D194B7FF7}.Debug|Any CPU.ActiveCfg = Debug|Any CPU
		{2652794C-5F6B-43F3-8C70-1E2D194B7FF7}.Debug|Any CPU.Build.0 = Debug|Any CPU
		{2652794C-5F6B-43F3-8C70-1E2D194B7FF7}.Debug|x64.ActiveCfg = Debug|Any CPU
		{2652794C-5F6B-43F3-8C70-1E2D194B7FF7}.Debug|x64.Build.0 = Debug|Any CPU
		{2652794C-5F6B-43F3-8C70-1E2D194B7FF7}.Debug|x86.ActiveCfg = Debug|Any CPU
		{2652794C-5F6B-43F3-8C70-1E2D194B7FF7}.Debug|x86.Build.0 = Debug|Any CPU
		{2652794C-5F6B-43F3-8C70-1E2D194B7FF7}.Release|Any CPU.ActiveCfg = Release|Any CPU
		{2652794C-5F6B-43F3-8C70-1E2D194B7FF7}.Release|Any CPU.Build.0 = Release|Any CPU
		{2652794C-5F6B-43F3-8C70-1E2D194B7FF7}.Release|x64.ActiveCfg = Release|Any CPU
		{2652794C-5F6B-43F3-8C70-1E2D194B7FF7}.Release|x64.Build.0 = Release|Any CPU
		{2652794C-5F6B-43F3-8C70-1E2D194B7FF7}.Release|x86.ActiveCfg = Release|Any CPU
		{2652794C-5F6B-43F3-8C70-1E2D194B7FF7}.Release|x86.Build.0 = Release|Any CPU
		{1E62B548-BE2B-4C55-A809-A1CD8FA16375}.Debug|Any CPU.ActiveCfg = Debug|Any CPU
		{1E62B548-BE2B-4C55-A809-A1CD8FA16375}.Debug|Any CPU.Build.0 = Debug|Any CPU
		{1E62B548-BE2B-4C55-A809-A1CD8FA16375}.Debug|x64.ActiveCfg = Debug|Any CPU
		{1E62B548-BE2B-4C55-A809-A1CD8FA16375}.Debug|x64.Build.0 = Debug|Any CPU
		{1E62B548-BE2B-4C55-A809-A1CD8FA16375}.Debug|x86.ActiveCfg = Debug|Any CPU
		{1E62B548-BE2B-4C55-A809-A1CD8FA16375}.Debug|x86.Build.0 = Debug|Any CPU
		{1E62B548-BE2B-4C55-A809-A1CD8FA16375}.Release|Any CPU.ActiveCfg = Release|Any CPU
		{1E62B548-BE2B-4C55-A809-A1CD8FA16375}.Release|Any CPU.Build.0 = Release|Any CPU
		{1E62B548-BE2B-4C55-A809-A1CD8FA16375}.Release|x64.ActiveCfg = Release|Any CPU
		{1E62B548-BE2B-4C55-A809-A1CD8FA16375}.Release|x64.Build.0 = Release|Any CPU
		{1E62B548-BE2B-4C55-A809-A1CD8FA16375}.Release|x86.ActiveCfg = Release|Any CPU
		{1E62B548-BE2B-4C55-A809-A1CD8FA16375}.Release|x86.Build.0 = Release|Any CPU
		{0DF3851B-F547-43C6-BD88-B83C7AB0ABBC}.Debug|Any CPU.ActiveCfg = Debug|Any CPU
		{0DF3851B-F547-43C6-BD88-B83C7AB0ABBC}.Debug|Any CPU.Build.0 = Debug|Any CPU
		{0DF3851B-F547-43C6-BD88-B83C7AB0ABBC}.Debug|x64.ActiveCfg = Debug|Any CPU
		{0DF3851B-F547-43C6-BD88-B83C7AB0ABBC}.Debug|x64.Build.0 = Debug|Any CPU
		{0DF3851B-F547-43C6-BD88-B83C7AB0ABBC}.Debug|x86.ActiveCfg = Debug|Any CPU
		{0DF3851B-F547-43C6-BD88-B83C7AB0ABBC}.Debug|x86.Build.0 = Debug|Any CPU
		{0DF3851B-F547-43C6-BD88-B83C7AB0ABBC}.Release|Any CPU.ActiveCfg = Release|Any CPU
		{0DF3851B-F547-43C6-BD88-B83C7AB0ABBC}.Release|Any CPU.Build.0 = Release|Any CPU
		{0DF3851B-F547-43C6-BD88-B83C7AB0ABBC}.Release|x64.ActiveCfg = Release|Any CPU
		{0DF3851B-F547-43C6-BD88-B83C7AB0ABBC}.Release|x64.Build.0 = Release|Any CPU
		{0DF3851B-F547-43C6-BD88-B83C7AB0ABBC}.Release|x86.ActiveCfg = Release|Any CPU
		{0DF3851B-F547-43C6-BD88-B83C7AB0ABBC}.Release|x86.Build.0 = Release|Any CPU
		{BF993ECA-DF1A-4FA1-9686-E1EE3440D89E}.Debug|Any CPU.ActiveCfg = Debug|Any CPU
		{BF993ECA-DF1A-4FA1-9686-E1EE3440D89E}.Debug|Any CPU.Build.0 = Debug|Any CPU
		{BF993ECA-DF1A-4FA1-9686-E1EE3440D89E}.Debug|x64.ActiveCfg = Debug|Any CPU
		{BF993ECA-DF1A-4FA1-9686-E1EE3440D89E}.Debug|x64.Build.0 = Debug|Any CPU
		{BF993ECA-DF1A-4FA1-9686-E1EE3440D89E}.Debug|x86.ActiveCfg = Debug|Any CPU
		{BF993ECA-DF1A-4FA1-9686-E1EE3440D89E}.Debug|x86.Build.0 = Debug|Any CPU
		{BF993ECA-DF1A-4FA1-9686-E1EE3440D89E}.Release|Any CPU.ActiveCfg = Release|Any CPU
		{BF993ECA-DF1A-4FA1-9686-E1EE3440D89E}.Release|Any CPU.Build.0 = Release|Any CPU
		{BF993ECA-DF1A-4FA1-9686-E1EE3440D89E}.Release|x64.ActiveCfg = Release|Any CPU
		{BF993ECA-DF1A-4FA1-9686-E1EE3440D89E}.Release|x64.Build.0 = Release|Any CPU
		{BF993ECA-DF1A-4FA1-9686-E1EE3440D89E}.Release|x86.ActiveCfg = Release|Any CPU
		{BF993ECA-DF1A-4FA1-9686-E1EE3440D89E}.Release|x86.Build.0 = Release|Any CPU
		{26EE820F-5155-4E6F-A922-5F2CFE525BBB}.Debug|Any CPU.ActiveCfg = Debug|Any CPU
		{26EE820F-5155-4E6F-A922-5F2CFE525BBB}.Debug|Any CPU.Build.0 = Debug|Any CPU
		{26EE820F-5155-4E6F-A922-5F2CFE525BBB}.Debug|x64.ActiveCfg = Debug|Any CPU
		{26EE820F-5155-4E6F-A922-5F2CFE525BBB}.Debug|x64.Build.0 = Debug|Any CPU
		{26EE820F-5155-4E6F-A922-5F2CFE525BBB}.Debug|x86.ActiveCfg = Debug|Any CPU
		{26EE820F-5155-4E6F-A922-5F2CFE525BBB}.Debug|x86.Build.0 = Debug|Any CPU
		{26EE820F-5155-4E6F-A922-5F2CFE525BBB}.Release|Any CPU.ActiveCfg = Release|Any CPU
		{26EE820F-5155-4E6F-A922-5F2CFE525BBB}.Release|Any CPU.Build.0 = Release|Any CPU
		{26EE820F-5155-4E6F-A922-5F2CFE525BBB}.Release|x64.ActiveCfg = Release|Any CPU
		{26EE820F-5155-4E6F-A922-5F2CFE525BBB}.Release|x64.Build.0 = Release|Any CPU
		{26EE820F-5155-4E6F-A922-5F2CFE525BBB}.Release|x86.ActiveCfg = Release|Any CPU
		{26EE820F-5155-4E6F-A922-5F2CFE525BBB}.Release|x86.Build.0 = Release|Any CPU
		{EFDB30EC-456B-436A-A0A9-DE4422EE9F7D}.Debug|Any CPU.ActiveCfg = Debug|Any CPU
		{EFDB30EC-456B-436A-A0A9-DE4422EE9F7D}.Debug|Any CPU.Build.0 = Debug|Any CPU
		{EFDB30EC-456B-436A-A0A9-DE4422EE9F7D}.Debug|x64.ActiveCfg = Debug|Any CPU
		{EFDB30EC-456B-436A-A0A9-DE4422EE9F7D}.Debug|x64.Build.0 = Debug|Any CPU
		{EFDB30EC-456B-436A-A0A9-DE4422EE9F7D}.Debug|x86.ActiveCfg = Debug|Any CPU
		{EFDB30EC-456B-436A-A0A9-DE4422EE9F7D}.Debug|x86.Build.0 = Debug|Any CPU
		{EFDB30EC-456B-436A-A0A9-DE4422EE9F7D}.Release|Any CPU.ActiveCfg = Release|Any CPU
		{EFDB30EC-456B-436A-A0A9-DE4422EE9F7D}.Release|Any CPU.Build.0 = Release|Any CPU
		{EFDB30EC-456B-436A-A0A9-DE4422EE9F7D}.Release|x64.ActiveCfg = Release|Any CPU
		{EFDB30EC-456B-436A-A0A9-DE4422EE9F7D}.Release|x64.Build.0 = Release|Any CPU
		{EFDB30EC-456B-436A-A0A9-DE4422EE9F7D}.Release|x86.ActiveCfg = Release|Any CPU
		{EFDB30EC-456B-436A-A0A9-DE4422EE9F7D}.Release|x86.Build.0 = Release|Any CPU
		{2A1F9D87-1A04-44C2-B293-5F09F85DDECB}.Debug|Any CPU.ActiveCfg = Debug|Any CPU
		{2A1F9D87-1A04-44C2-B293-5F09F85DDECB}.Debug|Any CPU.Build.0 = Debug|Any CPU
		{2A1F9D87-1A04-44C2-B293-5F09F85DDECB}.Debug|x64.ActiveCfg = Debug|Any CPU
		{2A1F9D87-1A04-44C2-B293-5F09F85DDECB}.Debug|x64.Build.0 = Debug|Any CPU
		{2A1F9D87-1A04-44C2-B293-5F09F85DDECB}.Debug|x86.ActiveCfg = Debug|Any CPU
		{2A1F9D87-1A04-44C2-B293-5F09F85DDECB}.Debug|x86.Build.0 = Debug|Any CPU
		{2A1F9D87-1A04-44C2-B293-5F09F85DDECB}.Release|Any CPU.ActiveCfg = Release|Any CPU
		{2A1F9D87-1A04-44C2-B293-5F09F85DDECB}.Release|Any CPU.Build.0 = Release|Any CPU
		{2A1F9D87-1A04-44C2-B293-5F09F85DDECB}.Release|x64.ActiveCfg = Release|Any CPU
		{2A1F9D87-1A04-44C2-B293-5F09F85DDECB}.Release|x64.Build.0 = Release|Any CPU
		{2A1F9D87-1A04-44C2-B293-5F09F85DDECB}.Release|x86.ActiveCfg = Release|Any CPU
		{2A1F9D87-1A04-44C2-B293-5F09F85DDECB}.Release|x86.Build.0 = Release|Any CPU
		{E3C97D3D-FE0A-4AEC-9275-36F43DEBBEBC}.Debug|Any CPU.ActiveCfg = Debug|Any CPU
		{E3C97D3D-FE0A-4AEC-9275-36F43DEBBEBC}.Debug|Any CPU.Build.0 = Debug|Any CPU
		{E3C97D3D-FE0A-4AEC-9275-36F43DEBBEBC}.Debug|x64.ActiveCfg = Debug|Any CPU
		{E3C97D3D-FE0A-4AEC-9275-36F43DEBBEBC}.Debug|x64.Build.0 = Debug|Any CPU
		{E3C97D3D-FE0A-4AEC-9275-36F43DEBBEBC}.Debug|x86.ActiveCfg = Debug|Any CPU
		{E3C97D3D-FE0A-4AEC-9275-36F43DEBBEBC}.Debug|x86.Build.0 = Debug|Any CPU
		{E3C97D3D-FE0A-4AEC-9275-36F43DEBBEBC}.Release|Any CPU.ActiveCfg = Release|Any CPU
		{E3C97D3D-FE0A-4AEC-9275-36F43DEBBEBC}.Release|Any CPU.Build.0 = Release|Any CPU
		{E3C97D3D-FE0A-4AEC-9275-36F43DEBBEBC}.Release|x64.ActiveCfg = Release|Any CPU
		{E3C97D3D-FE0A-4AEC-9275-36F43DEBBEBC}.Release|x64.Build.0 = Release|Any CPU
		{E3C97D3D-FE0A-4AEC-9275-36F43DEBBEBC}.Release|x86.ActiveCfg = Release|Any CPU
		{E3C97D3D-FE0A-4AEC-9275-36F43DEBBEBC}.Release|x86.Build.0 = Release|Any CPU
		{83555F50-A455-417F-94A0-51434BB670D8}.Debug|Any CPU.ActiveCfg = Debug|Any CPU
		{83555F50-A455-417F-94A0-51434BB670D8}.Debug|Any CPU.Build.0 = Debug|Any CPU
		{83555F50-A455-417F-94A0-51434BB670D8}.Debug|x64.ActiveCfg = Debug|Any CPU
		{83555F50-A455-417F-94A0-51434BB670D8}.Debug|x64.Build.0 = Debug|Any CPU
		{83555F50-A455-417F-94A0-51434BB670D8}.Debug|x86.ActiveCfg = Debug|Any CPU
		{83555F50-A455-417F-94A0-51434BB670D8}.Debug|x86.Build.0 = Debug|Any CPU
		{83555F50-A455-417F-94A0-51434BB670D8}.Release|Any CPU.ActiveCfg = Release|Any CPU
		{83555F50-A455-417F-94A0-51434BB670D8}.Release|Any CPU.Build.0 = Release|Any CPU
		{83555F50-A455-417F-94A0-51434BB670D8}.Release|x64.ActiveCfg = Release|Any CPU
		{83555F50-A455-417F-94A0-51434BB670D8}.Release|x64.Build.0 = Release|Any CPU
		{83555F50-A455-417F-94A0-51434BB670D8}.Release|x86.ActiveCfg = Release|Any CPU
		{83555F50-A455-417F-94A0-51434BB670D8}.Release|x86.Build.0 = Release|Any CPU
		{E8E485B8-EDB2-4652-9F18-A734CA9C354D}.Debug|Any CPU.ActiveCfg = Debug|Any CPU
		{E8E485B8-EDB2-4652-9F18-A734CA9C354D}.Debug|Any CPU.Build.0 = Debug|Any CPU
		{E8E485B8-EDB2-4652-9F18-A734CA9C354D}.Debug|x64.ActiveCfg = Debug|Any CPU
		{E8E485B8-EDB2-4652-9F18-A734CA9C354D}.Debug|x64.Build.0 = Debug|Any CPU
		{E8E485B8-EDB2-4652-9F18-A734CA9C354D}.Debug|x86.ActiveCfg = Debug|Any CPU
		{E8E485B8-EDB2-4652-9F18-A734CA9C354D}.Debug|x86.Build.0 = Debug|Any CPU
		{E8E485B8-EDB2-4652-9F18-A734CA9C354D}.Release|Any CPU.ActiveCfg = Release|Any CPU
		{E8E485B8-EDB2-4652-9F18-A734CA9C354D}.Release|Any CPU.Build.0 = Release|Any CPU
		{E8E485B8-EDB2-4652-9F18-A734CA9C354D}.Release|x64.ActiveCfg = Release|Any CPU
		{E8E485B8-EDB2-4652-9F18-A734CA9C354D}.Release|x64.Build.0 = Release|Any CPU
		{E8E485B8-EDB2-4652-9F18-A734CA9C354D}.Release|x86.ActiveCfg = Release|Any CPU
		{E8E485B8-EDB2-4652-9F18-A734CA9C354D}.Release|x86.Build.0 = Release|Any CPU
		{25DD610A-BDF5-4570-BE6B-AEFB173D1549}.Debug|Any CPU.ActiveCfg = Debug|Any CPU
		{25DD610A-BDF5-4570-BE6B-AEFB173D1549}.Debug|Any CPU.Build.0 = Debug|Any CPU
		{25DD610A-BDF5-4570-BE6B-AEFB173D1549}.Debug|x64.ActiveCfg = Debug|Any CPU
		{25DD610A-BDF5-4570-BE6B-AEFB173D1549}.Debug|x64.Build.0 = Debug|Any CPU
		{25DD610A-BDF5-4570-BE6B-AEFB173D1549}.Debug|x86.ActiveCfg = Debug|Any CPU
		{25DD610A-BDF5-4570-BE6B-AEFB173D1549}.Debug|x86.Build.0 = Debug|Any CPU
		{25DD610A-BDF5-4570-BE6B-AEFB173D1549}.Release|Any CPU.ActiveCfg = Release|Any CPU
		{25DD610A-BDF5-4570-BE6B-AEFB173D1549}.Release|Any CPU.Build.0 = Release|Any CPU
		{25DD610A-BDF5-4570-BE6B-AEFB173D1549}.Release|x64.ActiveCfg = Release|Any CPU
		{25DD610A-BDF5-4570-BE6B-AEFB173D1549}.Release|x64.Build.0 = Release|Any CPU
		{25DD610A-BDF5-4570-BE6B-AEFB173D1549}.Release|x86.ActiveCfg = Release|Any CPU
		{25DD610A-BDF5-4570-BE6B-AEFB173D1549}.Release|x86.Build.0 = Release|Any CPU
	EndGlobalSection
	GlobalSection(NestedProjects) = preSolution
		{72612D08-58EF-4233-8F5E-6D0A7C757466} = {27B03947-4718-4B9E-A74A-582AD3166C7E}
		{CE2C84D0-DC87-4F27-A7B1-7090F46D65B9} = {811A1DD0-0CB3-4534-ABC1-28151EA735C8}
		{7DE3B746-B374-4E01-B107-F63CF1C6CB99} = {811A1DD0-0CB3-4534-ABC1-28151EA735C8}
		{1E62B548-BE2B-4C55-A809-A1CD8FA16375} = {811A1DD0-0CB3-4534-ABC1-28151EA735C8}
		{8AB613B2-CA6B-45E3-B37E-A088A38B90E4} = {B22FB41D-3B86-421B-AF32-F9A2554EDC89}
		{F73B3F5D-4631-4D40-B148-67EDD646D440} = {0F3A6C95-525C-48ED-AE8F-8FDFBD613E0E}
		{2652794C-5F6B-43F3-8C70-1E2D194B7FF7} = {0F3A6C95-525C-48ED-AE8F-8FDFBD613E0E}
		{AB3B1F6C-0898-4F0E-92C6-9CE67DFF9925} = {5C060567-3099-48E9-B10C-E67DBAB1DEEF}
		{0DF3851B-F547-43C6-BD88-B83C7AB0ABBC} = {B22FB41D-3B86-421B-AF32-F9A2554EDC89}
		{BF993ECA-DF1A-4FA1-9686-E1EE3440D89E} = {B22FB41D-3B86-421B-AF32-F9A2554EDC89}
		{EFDB30EC-456B-436A-A0A9-DE4422EE9F7D} = {0F3A6C95-525C-48ED-AE8F-8FDFBD613E0E}
		{26EE820F-5155-4E6F-A922-5F2CFE525BBB} = {0F3A6C95-525C-48ED-AE8F-8FDFBD613E0E}
		{2A1F9D87-1A04-44C2-B293-5F09F85DDECB} = {0F3A6C95-525C-48ED-AE8F-8FDFBD613E0E}
		{E3C97D3D-FE0A-4AEC-9275-36F43DEBBEBC} = {B22FB41D-3B86-421B-AF32-F9A2554EDC89}
		{83555F50-A455-417F-94A0-51434BB670D8} = {0F3A6C95-525C-48ED-AE8F-8FDFBD613E0E}
		{E8E485B8-EDB2-4652-9F18-A734CA9C354D} = {0F3A6C95-525C-48ED-AE8F-8FDFBD613E0E}
		{25DD610A-BDF5-4570-BE6B-AEFB173D1549} = {0F3A6C95-525C-48ED-AE8F-8FDFBD613E0E}
	EndGlobalSection
EndGlobal
