
Microsoft Visual Studio Solution File, Format Version 12.00
# Visual Studio Version 16
VisualStudioVersion = 16.0.30114.105
MinimumVisualStudioVersion = 10.0.40219.1
Project("{FAE04EC0-301F-11D3-BF4B-00C04F79EFBC}") = "Wally.RomMaster.ApiGateway.WebApi", "Wally.RomMaster.ApiGateway\Wally.RomMaster.ApiGateway.WebApi\Wally.RomMaster.ApiGateway.WebApi.csproj", "{5D394477-C5D8-42F4-B841-3CE525F5DE24}"
EndProject
Project("{2150E333-8FDC-42A3-9474-1A3956D46DE8}") = "Solution Items", "Solution Items", "{AC7282D1-F3F3-426A-95BE-8576F85E306E}"
	ProjectSection(SolutionItems) = preProject
		AssemblyInfo.cs = AssemblyInfo.cs
		README.md = README.md
		global.json = global.json
		NuGet.config = NuGet.config
		Directory.Build.props = Directory.Build.props
		Directory.BuildTests.props = Directory.BuildTests.props
		.config\dotnet-tools.json = .config\dotnet-tools.json
	EndProjectSection
EndProject
Project("{FAE04EC0-301F-11D3-BF4B-00C04F79EFBC}") = "Wally.RomMaster.ApiGateway.Tests.UnitTests", "Wally.RomMaster.ApiGateway\Wally.RomMaster.ApiGateway.Tests.UnitTests\Wally.RomMaster.ApiGateway.Tests.UnitTests.csproj", "{988A8559-5B44-4DC1-AD47-0B605759192B}"
EndProject
Project("{FAE04EC0-301F-11D3-BF4B-00C04F79EFBC}") = "Wally.RomMaster.ApiGateway.Infrastructure.DI.Microsoft", "Wally.RomMaster.ApiGateway\Wally.RomMaster.ApiGateway.Infrastructure.DI.Microsoft\Wally.RomMaster.ApiGateway.Infrastructure.DI.Microsoft.csproj", "{B2A94114-5F17-4708-BE2D-37DC0A0CDDCA}"
EndProject
Project("{2150E333-8FDC-42A3-9474-1A3956D46DE8}") = "Tests", "Tests", "{47725090-9FB8-4B4D-89CC-D8C567F45E0C}"
EndProject
Project("{2150E333-8FDC-42A3-9474-1A3956D46DE8}") = "Infrastructure", "Infrastructure", "{AD4A681C-68D5-4FD8-81D9-5DDF17773342}"
EndProject
Project("{2150E333-8FDC-42A3-9474-1A3956D46DE8}") = "Presentation", "Presentation", "{8589DE09-EC50-490F-8DE2-CFD877BD6119}"
EndProject
Global
	GlobalSection(SolutionConfigurationPlatforms) = preSolution
		Debug|Any CPU = Debug|Any CPU
		Release|Any CPU = Release|Any CPU
	EndGlobalSection
	GlobalSection(SolutionProperties) = preSolution
		HideSolutionNode = FALSE
	EndGlobalSection
	GlobalSection(ProjectConfigurationPlatforms) = postSolution
		{5D394477-C5D8-42F4-B841-3CE525F5DE24}.Debug|Any CPU.ActiveCfg = Debug|Any CPU
		{5D394477-C5D8-42F4-B841-3CE525F5DE24}.Debug|Any CPU.Build.0 = Debug|Any CPU
		{5D394477-C5D8-42F4-B841-3CE525F5DE24}.Release|Any CPU.ActiveCfg = Release|Any CPU
		{5D394477-C5D8-42F4-B841-3CE525F5DE24}.Release|Any CPU.Build.0 = Release|Any CPU
		{988A8559-5B44-4DC1-AD47-0B605759192B}.Debug|Any CPU.ActiveCfg = Debug|Any CPU
		{988A8559-5B44-4DC1-AD47-0B605759192B}.Debug|Any CPU.Build.0 = Debug|Any CPU
		{988A8559-5B44-4DC1-AD47-0B605759192B}.Release|Any CPU.ActiveCfg = Release|Any CPU
		{988A8559-5B44-4DC1-AD47-0B605759192B}.Release|Any CPU.Build.0 = Release|Any CPU
		{B2A94114-5F17-4708-BE2D-37DC0A0CDDCA}.Debug|Any CPU.ActiveCfg = Debug|Any CPU
		{B2A94114-5F17-4708-BE2D-37DC0A0CDDCA}.Debug|Any CPU.Build.0 = Debug|Any CPU
		{B2A94114-5F17-4708-BE2D-37DC0A0CDDCA}.Release|Any CPU.ActiveCfg = Release|Any CPU
		{B2A94114-5F17-4708-BE2D-37DC0A0CDDCA}.Release|Any CPU.Build.0 = Release|Any CPU
	EndGlobalSection
	GlobalSection(NestedProjects) = preSolution
		{988A8559-5B44-4DC1-AD47-0B605759192B} = {47725090-9FB8-4B4D-89CC-D8C567F45E0C}
		{B2A94114-5F17-4708-BE2D-37DC0A0CDDCA} = {AD4A681C-68D5-4FD8-81D9-5DDF17773342}
		{5D394477-C5D8-42F4-B841-3CE525F5DE24} = {8589DE09-EC50-490F-8DE2-CFD877BD6119}
	EndGlobalSection
EndGlobal
