
Microsoft Visual Studio Solution File, Format Version 12.00
# Visual Studio Version 16
VisualStudioVersion = 16.0.30114.105
MinimumVisualStudioVersion = 10.0.40219.1
Project("{FAE04EC0-301F-11D3-BF4B-00C04F79EFBC}") = "Wally.RomMaster.HashService.UnitTests", "Wally.RomMaster.HashService.UnitTests\Wally.RomMaster.HashService.UnitTests.csproj", "{91874A57-1A6B-4523-A823-75614ADBAF45}"
EndProject
Project("{FAE04EC0-301F-11D3-BF4B-00C04F79EFBC}") = "Wally.RomMaster.HashService.Domain", "Wally.RomMaster.HashService.Domain\Wally.RomMaster.HashService.Domain.csproj", "{395EBBA8-8814-45C8-BDEF-CC07278950B7}"
EndProject
Project("{FAE04EC0-301F-11D3-BF4B-00C04F79EFBC}") = "Wally.RomMaster.HashService.Application", "Wally.RomMaster.HashService.Application\Wally.RomMaster.HashService.Application.csproj", "{2384CC00-8657-4AC9-8B30-E61C1011631F}"
EndProject
Project("{FAE04EC0-301F-11D3-BF4B-00C04F79EFBC}") = "Wally.RomMaster.HashService.Persistence", "Wally.RomMaster.HashService.Persistence\Wally.RomMaster.HashService.Persistence.csproj", "{4175B011-EA1D-45C2-A6BF-03DA20DDA5C3}"
EndProject
Project("{FAE04EC0-301F-11D3-BF4B-00C04F79EFBC}") = "Wally.RomMaster.HashService.ConventionTests", "Wally.RomMaster.HashService.ConventionTests\Wally.RomMaster.HashService.ConventionTests.csproj", "{0D09FCF4-58C5-4DC8-91F3-D3B5578C32E7}"
EndProject
Project("{FAE04EC0-301F-11D3-BF4B-00C04F79EFBC}") = "Wally.RomMaster.HashService.WebApi", "Wally.RomMaster.HashService.WebApi\Wally.RomMaster.HashService.WebApi.csproj", "{058F7B11-FD72-4D5F-AA37-0FB7BB294D42}"
EndProject
Project("{FAE04EC0-301F-11D3-BF4B-00C04F79EFBC}") = "Wally.RomMaster.HashService.Persistence.SqlServer", "Wally.RomMaster.HashService.Persistence.SqlServer\Wally.RomMaster.HashService.Persistence.SqlServer.csproj", "{412CAEE2-90EE-4B3D-AD8D-3E4DCCEE62DE}"
EndProject
Project("{FAE04EC0-301F-11D3-BF4B-00C04F79EFBC}") = "Wally.RomMaster.HashService.IntegrationTests", "Wally.RomMaster.HashService.IntegrationTests\Wally.RomMaster.HashService.IntegrationTests.csproj", "{A7434CCA-A68C-4074-9C74-36E1082193CF}"
EndProject
Project("{2150E333-8FDC-42A3-9474-1A3956D46DE8}") = "Solution Items", "Solution Items", "{D156F18D-7CC1-4AFA-A7A8-4860798138CB}"
ProjectSection(SolutionItems) = preProject
	AssemblyInfo.cs = AssemblyInfo.cs
	README.md = README.md
EndProjectSection
EndProject
Project("{2150E333-8FDC-42A3-9474-1A3956D46DE8}") = "Domain", "Domain", "{9B7148F0-5110-457C-86E9-FCCD5373E8D2}"
EndProject
Project("{2150E333-8FDC-42A3-9474-1A3956D46DE8}") = "Tests", "Tests", "{DD4CDC67-D64A-4AB8-BA22-B620CF4C8BC9}"
EndProject
Project("{2150E333-8FDC-42A3-9474-1A3956D46DE8}") = "Application", "Application", "{4616F6C1-A419-4CD9-89C2-24C779B6EC67}"
EndProject
Project("{2150E333-8FDC-42A3-9474-1A3956D46DE8}") = "Infrastructure", "Infrastructure", "{48C4C150-316B-4E24-AB83-D17E458F505D}"
EndProject
Project("{2150E333-8FDC-42A3-9474-1A3956D46DE8}") = "Presentation", "Presentation", "{F267421C-5671-46F2-ACB6-05C54D547C3F}"
EndProject
Project("{FAE04EC0-301F-11D3-BF4B-00C04F79EFBC}") = "Wally.RomMaster.HashService.Contracts", "Wally.RomMaster.HashService.Contracts\Wally.RomMaster.HashService.Contracts.csproj", "{F1A1FC6E-2392-4380-BC8A-C7DEA9D144D7}"
EndProject
Project("{FAE04EC0-301F-11D3-BF4B-00C04F79EFBC}") = "Wally.RomMaster.HashService.MapperProfiles", "Wally.RomMaster.HashService.MapperProfiles\Wally.RomMaster.HashService.MapperProfiles.csproj", "{1D2E0A99-A307-4C5E-AA77-45327794C33A}"
EndProject
Project("{FAE04EC0-301F-11D3-BF4B-00C04F79EFBC}") = "Wally.RomMaster.HashService.PipelineBehaviours", "Wally.RomMaster.HashService.PipelineBehaviours\Wally.RomMaster.HashService.PipelineBehaviours.csproj", "{EC5826C1-A8CB-4F6A-AF74-AA97605C0543}"
EndProject
Project("{FAE04EC0-301F-11D3-BF4B-00C04F79EFBC}") = "Wally.RomMaster.HashService.Messaging", "Wally.RomMaster.HashService.Messaging\Wally.RomMaster.HashService.Messaging.csproj", "{9AAC85A8-4DFF-47C9-8FA8-04C1D4B4F437}"
EndProject
Project("{FAE04EC0-301F-11D3-BF4B-00C04F79EFBC}") = "Wally.RomMaster.HashService.Infrastructure.DI.Microsoft", "Wally.RomMaster.HashService.Infrastructure.DI.Microsoft\Wally.RomMaster.HashService.Infrastructure.DI.Microsoft.csproj", "{CAAC8A24-D340-4406-BCE0-F5B2B3AD2B58}"
EndProject
Project("{FAE04EC0-301F-11D3-BF4B-00C04F79EFBC}") = "Wally.RomMaster.HashService.Messages", "Wally.RomMaster.HashService.Messages\Wally.RomMaster.HashService.Messages.csproj", "{0708CEB4-B5DE-4205-873B-525D159DD513}"
EndProject
Global
	GlobalSection(SolutionConfigurationPlatforms) = preSolution
		Debug|Any CPU = Debug|Any CPU
		Debug|x64 = Debug|x64
		Debug|x86 = Debug|x86
		Release|Any CPU = Release|Any CPU
		Release|x64 = Release|x64
		Release|x86 = Release|x86
	EndGlobalSection
	GlobalSection(SolutionProperties) = preSolution
		HideSolutionNode = FALSE
	EndGlobalSection
	GlobalSection(ProjectConfigurationPlatforms) = postSolution
		{91874A57-1A6B-4523-A823-75614ADBAF45}.Debug|Any CPU.ActiveCfg = Debug|Any CPU
		{91874A57-1A6B-4523-A823-75614ADBAF45}.Debug|Any CPU.Build.0 = Debug|Any CPU
		{91874A57-1A6B-4523-A823-75614ADBAF45}.Debug|x64.ActiveCfg = Debug|Any CPU
		{91874A57-1A6B-4523-A823-75614ADBAF45}.Debug|x64.Build.0 = Debug|Any CPU
		{91874A57-1A6B-4523-A823-75614ADBAF45}.Debug|x86.ActiveCfg = Debug|Any CPU
		{91874A57-1A6B-4523-A823-75614ADBAF45}.Debug|x86.Build.0 = Debug|Any CPU
		{91874A57-1A6B-4523-A823-75614ADBAF45}.Release|Any CPU.ActiveCfg = Release|Any CPU
		{91874A57-1A6B-4523-A823-75614ADBAF45}.Release|Any CPU.Build.0 = Release|Any CPU
		{91874A57-1A6B-4523-A823-75614ADBAF45}.Release|x64.ActiveCfg = Release|Any CPU
		{91874A57-1A6B-4523-A823-75614ADBAF45}.Release|x64.Build.0 = Release|Any CPU
		{91874A57-1A6B-4523-A823-75614ADBAF45}.Release|x86.ActiveCfg = Release|Any CPU
		{91874A57-1A6B-4523-A823-75614ADBAF45}.Release|x86.Build.0 = Release|Any CPU
		{395EBBA8-8814-45C8-BDEF-CC07278950B7}.Debug|Any CPU.ActiveCfg = Debug|Any CPU
		{395EBBA8-8814-45C8-BDEF-CC07278950B7}.Debug|Any CPU.Build.0 = Debug|Any CPU
		{395EBBA8-8814-45C8-BDEF-CC07278950B7}.Debug|x64.ActiveCfg = Debug|Any CPU
		{395EBBA8-8814-45C8-BDEF-CC07278950B7}.Debug|x64.Build.0 = Debug|Any CPU
		{395EBBA8-8814-45C8-BDEF-CC07278950B7}.Debug|x86.ActiveCfg = Debug|Any CPU
		{395EBBA8-8814-45C8-BDEF-CC07278950B7}.Debug|x86.Build.0 = Debug|Any CPU
		{395EBBA8-8814-45C8-BDEF-CC07278950B7}.Release|Any CPU.ActiveCfg = Release|Any CPU
		{395EBBA8-8814-45C8-BDEF-CC07278950B7}.Release|Any CPU.Build.0 = Release|Any CPU
		{395EBBA8-8814-45C8-BDEF-CC07278950B7}.Release|x64.ActiveCfg = Release|Any CPU
		{395EBBA8-8814-45C8-BDEF-CC07278950B7}.Release|x64.Build.0 = Release|Any CPU
		{395EBBA8-8814-45C8-BDEF-CC07278950B7}.Release|x86.ActiveCfg = Release|Any CPU
		{395EBBA8-8814-45C8-BDEF-CC07278950B7}.Release|x86.Build.0 = Release|Any CPU
		{2384CC00-8657-4AC9-8B30-E61C1011631F}.Debug|Any CPU.ActiveCfg = Debug|Any CPU
		{2384CC00-8657-4AC9-8B30-E61C1011631F}.Debug|Any CPU.Build.0 = Debug|Any CPU
		{2384CC00-8657-4AC9-8B30-E61C1011631F}.Debug|x64.ActiveCfg = Debug|Any CPU
		{2384CC00-8657-4AC9-8B30-E61C1011631F}.Debug|x64.Build.0 = Debug|Any CPU
		{2384CC00-8657-4AC9-8B30-E61C1011631F}.Debug|x86.ActiveCfg = Debug|Any CPU
		{2384CC00-8657-4AC9-8B30-E61C1011631F}.Debug|x86.Build.0 = Debug|Any CPU
		{2384CC00-8657-4AC9-8B30-E61C1011631F}.Release|Any CPU.ActiveCfg = Release|Any CPU
		{2384CC00-8657-4AC9-8B30-E61C1011631F}.Release|Any CPU.Build.0 = Release|Any CPU
		{2384CC00-8657-4AC9-8B30-E61C1011631F}.Release|x64.ActiveCfg = Release|Any CPU
		{2384CC00-8657-4AC9-8B30-E61C1011631F}.Release|x64.Build.0 = Release|Any CPU
		{2384CC00-8657-4AC9-8B30-E61C1011631F}.Release|x86.ActiveCfg = Release|Any CPU
		{2384CC00-8657-4AC9-8B30-E61C1011631F}.Release|x86.Build.0 = Release|Any CPU
		{4175B011-EA1D-45C2-A6BF-03DA20DDA5C3}.Debug|Any CPU.ActiveCfg = Debug|Any CPU
		{4175B011-EA1D-45C2-A6BF-03DA20DDA5C3}.Debug|Any CPU.Build.0 = Debug|Any CPU
		{4175B011-EA1D-45C2-A6BF-03DA20DDA5C3}.Debug|x64.ActiveCfg = Debug|Any CPU
		{4175B011-EA1D-45C2-A6BF-03DA20DDA5C3}.Debug|x64.Build.0 = Debug|Any CPU
		{4175B011-EA1D-45C2-A6BF-03DA20DDA5C3}.Debug|x86.ActiveCfg = Debug|Any CPU
		{4175B011-EA1D-45C2-A6BF-03DA20DDA5C3}.Debug|x86.Build.0 = Debug|Any CPU
		{4175B011-EA1D-45C2-A6BF-03DA20DDA5C3}.Release|Any CPU.ActiveCfg = Release|Any CPU
		{4175B011-EA1D-45C2-A6BF-03DA20DDA5C3}.Release|Any CPU.Build.0 = Release|Any CPU
		{4175B011-EA1D-45C2-A6BF-03DA20DDA5C3}.Release|x64.ActiveCfg = Release|Any CPU
		{4175B011-EA1D-45C2-A6BF-03DA20DDA5C3}.Release|x64.Build.0 = Release|Any CPU
		{4175B011-EA1D-45C2-A6BF-03DA20DDA5C3}.Release|x86.ActiveCfg = Release|Any CPU
		{4175B011-EA1D-45C2-A6BF-03DA20DDA5C3}.Release|x86.Build.0 = Release|Any CPU
		{0D09FCF4-58C5-4DC8-91F3-D3B5578C32E7}.Debug|Any CPU.ActiveCfg = Debug|Any CPU
		{0D09FCF4-58C5-4DC8-91F3-D3B5578C32E7}.Debug|Any CPU.Build.0 = Debug|Any CPU
		{0D09FCF4-58C5-4DC8-91F3-D3B5578C32E7}.Debug|x64.ActiveCfg = Debug|Any CPU
		{0D09FCF4-58C5-4DC8-91F3-D3B5578C32E7}.Debug|x64.Build.0 = Debug|Any CPU
		{0D09FCF4-58C5-4DC8-91F3-D3B5578C32E7}.Debug|x86.ActiveCfg = Debug|Any CPU
		{0D09FCF4-58C5-4DC8-91F3-D3B5578C32E7}.Debug|x86.Build.0 = Debug|Any CPU
		{0D09FCF4-58C5-4DC8-91F3-D3B5578C32E7}.Release|Any CPU.ActiveCfg = Release|Any CPU
		{0D09FCF4-58C5-4DC8-91F3-D3B5578C32E7}.Release|Any CPU.Build.0 = Release|Any CPU
		{0D09FCF4-58C5-4DC8-91F3-D3B5578C32E7}.Release|x64.ActiveCfg = Release|Any CPU
		{0D09FCF4-58C5-4DC8-91F3-D3B5578C32E7}.Release|x64.Build.0 = Release|Any CPU
		{0D09FCF4-58C5-4DC8-91F3-D3B5578C32E7}.Release|x86.ActiveCfg = Release|Any CPU
		{0D09FCF4-58C5-4DC8-91F3-D3B5578C32E7}.Release|x86.Build.0 = Release|Any CPU
		{058F7B11-FD72-4D5F-AA37-0FB7BB294D42}.Debug|Any CPU.ActiveCfg = Debug|Any CPU
		{058F7B11-FD72-4D5F-AA37-0FB7BB294D42}.Debug|Any CPU.Build.0 = Debug|Any CPU
		{058F7B11-FD72-4D5F-AA37-0FB7BB294D42}.Debug|x64.ActiveCfg = Debug|Any CPU
		{058F7B11-FD72-4D5F-AA37-0FB7BB294D42}.Debug|x64.Build.0 = Debug|Any CPU
		{058F7B11-FD72-4D5F-AA37-0FB7BB294D42}.Debug|x86.ActiveCfg = Debug|Any CPU
		{058F7B11-FD72-4D5F-AA37-0FB7BB294D42}.Debug|x86.Build.0 = Debug|Any CPU
		{058F7B11-FD72-4D5F-AA37-0FB7BB294D42}.Release|Any CPU.ActiveCfg = Release|Any CPU
		{058F7B11-FD72-4D5F-AA37-0FB7BB294D42}.Release|Any CPU.Build.0 = Release|Any CPU
		{058F7B11-FD72-4D5F-AA37-0FB7BB294D42}.Release|x64.ActiveCfg = Release|Any CPU
		{058F7B11-FD72-4D5F-AA37-0FB7BB294D42}.Release|x64.Build.0 = Release|Any CPU
		{058F7B11-FD72-4D5F-AA37-0FB7BB294D42}.Release|x86.ActiveCfg = Release|Any CPU
		{058F7B11-FD72-4D5F-AA37-0FB7BB294D42}.Release|x86.Build.0 = Release|Any CPU
		{412CAEE2-90EE-4B3D-AD8D-3E4DCCEE62DE}.Debug|Any CPU.ActiveCfg = Debug|Any CPU
		{412CAEE2-90EE-4B3D-AD8D-3E4DCCEE62DE}.Debug|Any CPU.Build.0 = Debug|Any CPU
		{412CAEE2-90EE-4B3D-AD8D-3E4DCCEE62DE}.Debug|x64.ActiveCfg = Debug|Any CPU
		{412CAEE2-90EE-4B3D-AD8D-3E4DCCEE62DE}.Debug|x64.Build.0 = Debug|Any CPU
		{412CAEE2-90EE-4B3D-AD8D-3E4DCCEE62DE}.Debug|x86.ActiveCfg = Debug|Any CPU
		{412CAEE2-90EE-4B3D-AD8D-3E4DCCEE62DE}.Debug|x86.Build.0 = Debug|Any CPU
		{412CAEE2-90EE-4B3D-AD8D-3E4DCCEE62DE}.Release|Any CPU.ActiveCfg = Release|Any CPU
		{412CAEE2-90EE-4B3D-AD8D-3E4DCCEE62DE}.Release|Any CPU.Build.0 = Release|Any CPU
		{412CAEE2-90EE-4B3D-AD8D-3E4DCCEE62DE}.Release|x64.ActiveCfg = Release|Any CPU
		{412CAEE2-90EE-4B3D-AD8D-3E4DCCEE62DE}.Release|x64.Build.0 = Release|Any CPU
		{412CAEE2-90EE-4B3D-AD8D-3E4DCCEE62DE}.Release|x86.ActiveCfg = Release|Any CPU
		{412CAEE2-90EE-4B3D-AD8D-3E4DCCEE62DE}.Release|x86.Build.0 = Release|Any CPU
		{A7434CCA-A68C-4074-9C74-36E1082193CF}.Debug|Any CPU.ActiveCfg = Debug|Any CPU
		{A7434CCA-A68C-4074-9C74-36E1082193CF}.Debug|Any CPU.Build.0 = Debug|Any CPU
		{A7434CCA-A68C-4074-9C74-36E1082193CF}.Debug|x64.ActiveCfg = Debug|Any CPU
		{A7434CCA-A68C-4074-9C74-36E1082193CF}.Debug|x64.Build.0 = Debug|Any CPU
		{A7434CCA-A68C-4074-9C74-36E1082193CF}.Debug|x86.ActiveCfg = Debug|Any CPU
		{A7434CCA-A68C-4074-9C74-36E1082193CF}.Debug|x86.Build.0 = Debug|Any CPU
		{A7434CCA-A68C-4074-9C74-36E1082193CF}.Release|Any CPU.ActiveCfg = Release|Any CPU
		{A7434CCA-A68C-4074-9C74-36E1082193CF}.Release|Any CPU.Build.0 = Release|Any CPU
		{A7434CCA-A68C-4074-9C74-36E1082193CF}.Release|x64.ActiveCfg = Release|Any CPU
		{A7434CCA-A68C-4074-9C74-36E1082193CF}.Release|x64.Build.0 = Release|Any CPU
		{A7434CCA-A68C-4074-9C74-36E1082193CF}.Release|x86.ActiveCfg = Release|Any CPU
		{A7434CCA-A68C-4074-9C74-36E1082193CF}.Release|x86.Build.0 = Release|Any CPU
		{F1A1FC6E-2392-4380-BC8A-C7DEA9D144D7}.Debug|Any CPU.ActiveCfg = Debug|Any CPU
		{F1A1FC6E-2392-4380-BC8A-C7DEA9D144D7}.Debug|Any CPU.Build.0 = Debug|Any CPU
		{F1A1FC6E-2392-4380-BC8A-C7DEA9D144D7}.Debug|x64.ActiveCfg = Debug|Any CPU
		{F1A1FC6E-2392-4380-BC8A-C7DEA9D144D7}.Debug|x64.Build.0 = Debug|Any CPU
		{F1A1FC6E-2392-4380-BC8A-C7DEA9D144D7}.Debug|x86.ActiveCfg = Debug|Any CPU
		{F1A1FC6E-2392-4380-BC8A-C7DEA9D144D7}.Debug|x86.Build.0 = Debug|Any CPU
		{F1A1FC6E-2392-4380-BC8A-C7DEA9D144D7}.Release|Any CPU.ActiveCfg = Release|Any CPU
		{F1A1FC6E-2392-4380-BC8A-C7DEA9D144D7}.Release|Any CPU.Build.0 = Release|Any CPU
		{F1A1FC6E-2392-4380-BC8A-C7DEA9D144D7}.Release|x64.ActiveCfg = Release|Any CPU
		{F1A1FC6E-2392-4380-BC8A-C7DEA9D144D7}.Release|x64.Build.0 = Release|Any CPU
		{F1A1FC6E-2392-4380-BC8A-C7DEA9D144D7}.Release|x86.ActiveCfg = Release|Any CPU
		{F1A1FC6E-2392-4380-BC8A-C7DEA9D144D7}.Release|x86.Build.0 = Release|Any CPU
		{1D2E0A99-A307-4C5E-AA77-45327794C33A}.Debug|Any CPU.ActiveCfg = Debug|Any CPU
		{1D2E0A99-A307-4C5E-AA77-45327794C33A}.Debug|Any CPU.Build.0 = Debug|Any CPU
		{1D2E0A99-A307-4C5E-AA77-45327794C33A}.Debug|x64.ActiveCfg = Debug|Any CPU
		{1D2E0A99-A307-4C5E-AA77-45327794C33A}.Debug|x64.Build.0 = Debug|Any CPU
		{1D2E0A99-A307-4C5E-AA77-45327794C33A}.Debug|x86.ActiveCfg = Debug|Any CPU
		{1D2E0A99-A307-4C5E-AA77-45327794C33A}.Debug|x86.Build.0 = Debug|Any CPU
		{1D2E0A99-A307-4C5E-AA77-45327794C33A}.Release|Any CPU.ActiveCfg = Release|Any CPU
		{1D2E0A99-A307-4C5E-AA77-45327794C33A}.Release|Any CPU.Build.0 = Release|Any CPU
		{1D2E0A99-A307-4C5E-AA77-45327794C33A}.Release|x64.ActiveCfg = Release|Any CPU
		{1D2E0A99-A307-4C5E-AA77-45327794C33A}.Release|x64.Build.0 = Release|Any CPU
		{1D2E0A99-A307-4C5E-AA77-45327794C33A}.Release|x86.ActiveCfg = Release|Any CPU
		{1D2E0A99-A307-4C5E-AA77-45327794C33A}.Release|x86.Build.0 = Release|Any CPU
		{EC5826C1-A8CB-4F6A-AF74-AA97605C0543}.Debug|Any CPU.ActiveCfg = Debug|Any CPU
		{EC5826C1-A8CB-4F6A-AF74-AA97605C0543}.Debug|Any CPU.Build.0 = Debug|Any CPU
		{EC5826C1-A8CB-4F6A-AF74-AA97605C0543}.Debug|x64.ActiveCfg = Debug|Any CPU
		{EC5826C1-A8CB-4F6A-AF74-AA97605C0543}.Debug|x64.Build.0 = Debug|Any CPU
		{EC5826C1-A8CB-4F6A-AF74-AA97605C0543}.Debug|x86.ActiveCfg = Debug|Any CPU
		{EC5826C1-A8CB-4F6A-AF74-AA97605C0543}.Debug|x86.Build.0 = Debug|Any CPU
		{EC5826C1-A8CB-4F6A-AF74-AA97605C0543}.Release|Any CPU.ActiveCfg = Release|Any CPU
		{EC5826C1-A8CB-4F6A-AF74-AA97605C0543}.Release|Any CPU.Build.0 = Release|Any CPU
		{EC5826C1-A8CB-4F6A-AF74-AA97605C0543}.Release|x64.ActiveCfg = Release|Any CPU
		{EC5826C1-A8CB-4F6A-AF74-AA97605C0543}.Release|x64.Build.0 = Release|Any CPU
		{EC5826C1-A8CB-4F6A-AF74-AA97605C0543}.Release|x86.ActiveCfg = Release|Any CPU
		{EC5826C1-A8CB-4F6A-AF74-AA97605C0543}.Release|x86.Build.0 = Release|Any CPU
		{9AAC85A8-4DFF-47C9-8FA8-04C1D4B4F437}.Debug|Any CPU.ActiveCfg = Debug|Any CPU
		{9AAC85A8-4DFF-47C9-8FA8-04C1D4B4F437}.Debug|Any CPU.Build.0 = Debug|Any CPU
		{9AAC85A8-4DFF-47C9-8FA8-04C1D4B4F437}.Debug|x64.ActiveCfg = Debug|Any CPU
		{9AAC85A8-4DFF-47C9-8FA8-04C1D4B4F437}.Debug|x64.Build.0 = Debug|Any CPU
		{9AAC85A8-4DFF-47C9-8FA8-04C1D4B4F437}.Debug|x86.ActiveCfg = Debug|Any CPU
		{9AAC85A8-4DFF-47C9-8FA8-04C1D4B4F437}.Debug|x86.Build.0 = Debug|Any CPU
		{9AAC85A8-4DFF-47C9-8FA8-04C1D4B4F437}.Release|Any CPU.ActiveCfg = Release|Any CPU
		{9AAC85A8-4DFF-47C9-8FA8-04C1D4B4F437}.Release|Any CPU.Build.0 = Release|Any CPU
		{9AAC85A8-4DFF-47C9-8FA8-04C1D4B4F437}.Release|x64.ActiveCfg = Release|Any CPU
		{9AAC85A8-4DFF-47C9-8FA8-04C1D4B4F437}.Release|x64.Build.0 = Release|Any CPU
		{9AAC85A8-4DFF-47C9-8FA8-04C1D4B4F437}.Release|x86.ActiveCfg = Release|Any CPU
		{9AAC85A8-4DFF-47C9-8FA8-04C1D4B4F437}.Release|x86.Build.0 = Release|Any CPU
		{CAAC8A24-D340-4406-BCE0-F5B2B3AD2B58}.Debug|Any CPU.ActiveCfg = Debug|Any CPU
		{CAAC8A24-D340-4406-BCE0-F5B2B3AD2B58}.Debug|Any CPU.Build.0 = Debug|Any CPU
		{CAAC8A24-D340-4406-BCE0-F5B2B3AD2B58}.Debug|x64.ActiveCfg = Debug|Any CPU
		{CAAC8A24-D340-4406-BCE0-F5B2B3AD2B58}.Debug|x64.Build.0 = Debug|Any CPU
		{CAAC8A24-D340-4406-BCE0-F5B2B3AD2B58}.Debug|x86.ActiveCfg = Debug|Any CPU
		{CAAC8A24-D340-4406-BCE0-F5B2B3AD2B58}.Debug|x86.Build.0 = Debug|Any CPU
		{CAAC8A24-D340-4406-BCE0-F5B2B3AD2B58}.Release|Any CPU.ActiveCfg = Release|Any CPU
		{CAAC8A24-D340-4406-BCE0-F5B2B3AD2B58}.Release|Any CPU.Build.0 = Release|Any CPU
		{CAAC8A24-D340-4406-BCE0-F5B2B3AD2B58}.Release|x64.ActiveCfg = Release|Any CPU
		{CAAC8A24-D340-4406-BCE0-F5B2B3AD2B58}.Release|x64.Build.0 = Release|Any CPU
		{CAAC8A24-D340-4406-BCE0-F5B2B3AD2B58}.Release|x86.ActiveCfg = Release|Any CPU
		{CAAC8A24-D340-4406-BCE0-F5B2B3AD2B58}.Release|x86.Build.0 = Release|Any CPU
		{0708CEB4-B5DE-4205-873B-525D159DD513}.Debug|Any CPU.ActiveCfg = Debug|Any CPU
		{0708CEB4-B5DE-4205-873B-525D159DD513}.Debug|Any CPU.Build.0 = Debug|Any CPU
		{0708CEB4-B5DE-4205-873B-525D159DD513}.Debug|x64.ActiveCfg = Debug|Any CPU
		{0708CEB4-B5DE-4205-873B-525D159DD513}.Debug|x64.Build.0 = Debug|Any CPU
		{0708CEB4-B5DE-4205-873B-525D159DD513}.Debug|x86.ActiveCfg = Debug|Any CPU
		{0708CEB4-B5DE-4205-873B-525D159DD513}.Debug|x86.Build.0 = Debug|Any CPU
		{0708CEB4-B5DE-4205-873B-525D159DD513}.Release|Any CPU.ActiveCfg = Release|Any CPU
		{0708CEB4-B5DE-4205-873B-525D159DD513}.Release|Any CPU.Build.0 = Release|Any CPU
		{0708CEB4-B5DE-4205-873B-525D159DD513}.Release|x64.ActiveCfg = Release|Any CPU
		{0708CEB4-B5DE-4205-873B-525D159DD513}.Release|x64.Build.0 = Release|Any CPU
		{0708CEB4-B5DE-4205-873B-525D159DD513}.Release|x86.ActiveCfg = Release|Any CPU
		{0708CEB4-B5DE-4205-873B-525D159DD513}.Release|x86.Build.0 = Release|Any CPU
	EndGlobalSection
	GlobalSection(NestedProjects) = preSolution
		{395EBBA8-8814-45C8-BDEF-CC07278950B7} = {9B7148F0-5110-457C-86E9-FCCD5373E8D2}
		{91874A57-1A6B-4523-A823-75614ADBAF45} = {DD4CDC67-D64A-4AB8-BA22-B620CF4C8BC9}
		{0D09FCF4-58C5-4DC8-91F3-D3B5578C32E7} = {DD4CDC67-D64A-4AB8-BA22-B620CF4C8BC9}
		{A7434CCA-A68C-4074-9C74-36E1082193CF} = {DD4CDC67-D64A-4AB8-BA22-B620CF4C8BC9}
		{2384CC00-8657-4AC9-8B30-E61C1011631F} = {4616F6C1-A419-4CD9-89C2-24C779B6EC67}
		{4175B011-EA1D-45C2-A6BF-03DA20DDA5C3} = {48C4C150-316B-4E24-AB83-D17E458F505D}
		{412CAEE2-90EE-4B3D-AD8D-3E4DCCEE62DE} = {48C4C150-316B-4E24-AB83-D17E458F505D}
		{058F7B11-FD72-4D5F-AA37-0FB7BB294D42} = {F267421C-5671-46F2-ACB6-05C54D547C3F}
		{F1A1FC6E-2392-4380-BC8A-C7DEA9D144D7} = {4616F6C1-A419-4CD9-89C2-24C779B6EC67}
		{1D2E0A99-A307-4C5E-AA77-45327794C33A} = {4616F6C1-A419-4CD9-89C2-24C779B6EC67}
		{9AAC85A8-4DFF-47C9-8FA8-04C1D4B4F437} = {48C4C150-316B-4E24-AB83-D17E458F505D}
		{EC5826C1-A8CB-4F6A-AF74-AA97605C0543} = {48C4C150-316B-4E24-AB83-D17E458F505D}
		{CAAC8A24-D340-4406-BCE0-F5B2B3AD2B58} = {48C4C150-316B-4E24-AB83-D17E458F505D}
		{0708CEB4-B5DE-4205-873B-525D159DD513} = {4616F6C1-A419-4CD9-89C2-24C779B6EC67}
	EndGlobalSection
EndGlobal
