
Microsoft Visual Studio Solution File, Format Version 12.00
# Visual Studio Version 16
VisualStudioVersion = 16.0.30114.105
MinimumVisualStudioVersion = 10.0.40219.1
Project("{FAE04EC0-301F-11D3-BF4B-00C04F79EFBC}") = "Wally.RomMaster.HashService.Tests.UnitTests", "Wally.RomMaster.HashService.Tests.UnitTests\Wally.RomMaster.HashService.Tests.UnitTests.csproj", "{8CFF341A-A5A4-4D58-A622-7C941F818618}"
EndProject
Project("{FAE04EC0-301F-11D3-BF4B-00C04F79EFBC}") = "Wally.RomMaster.HashService.Domain", "Wally.RomMaster.HashService.Domain\Wally.RomMaster.HashService.Domain.csproj", "{0649996C-E9E4-4131-9B2B-DB6390C6B2C4}"
EndProject
Project("{FAE04EC0-301F-11D3-BF4B-00C04F79EFBC}") = "Wally.RomMaster.HashService.Application", "Wally.RomMaster.HashService.Application\Wally.RomMaster.HashService.Application.csproj", "{02709384-5E7D-4D5E-8FE5-9512D844149E}"
EndProject
Project("{FAE04EC0-301F-11D3-BF4B-00C04F79EFBC}") = "Wally.RomMaster.HashService.Infrastructure.Persistence", "Wally.RomMaster.HashService.Infrastructure.Persistence\Wally.RomMaster.HashService.Infrastructure.Persistence.csproj", "{9761E3F8-0410-45B0-B227-F0101F25128A}"
EndProject
Project("{FAE04EC0-301F-11D3-BF4B-00C04F79EFBC}") = "Wally.RomMaster.HashService.Tests.ConventionTests", "Wally.RomMaster.HashService.Tests.ConventionTests\Wally.RomMaster.HashService.Tests.ConventionTests.csproj", "{3CE799CB-E594-4264-AA88-1D18A5BA6ACB}"
EndProject
Project("{FAE04EC0-301F-11D3-BF4B-00C04F79EFBC}") = "Wally.RomMaster.HashService.WebApi", "Wally.RomMaster.HashService.WebApi\Wally.RomMaster.HashService.WebApi.csproj", "{3D1A12F3-74C0-4307-9497-E11F46BE88ED}"
EndProject
Project("{FAE04EC0-301F-11D3-BF4B-00C04F79EFBC}") = "Wally.RomMaster.HashService.Infrastructure.Persistence.SqlServer", "Wally.RomMaster.HashService.Infrastructure.Persistence.SqlServer\Wally.RomMaster.HashService.Infrastructure.Persistence.SqlServer.csproj", "{1F542DC1-8A07-4D08-B759-27B919BBC279}"
EndProject
Project("{FAE04EC0-301F-11D3-BF4B-00C04F79EFBC}") = "Wally.RomMaster.HashService.Tests.IntegrationTests", "Wally.RomMaster.HashService.Tests.IntegrationTests\Wally.RomMaster.HashService.Tests.IntegrationTests.csproj", "{5DCFE8FC-92D0-4A7B-B2D1-06468D6902A1}"
EndProject
Project("{2150E333-8FDC-42A3-9474-1A3956D46DE8}") = "Solution Items", "Solution Items", "{8E3175A7-CC86-4819-A275-9931512A4AC9}"
ProjectSection(SolutionItems) = preProject
	AssemblyInfo.cs = AssemblyInfo.cs
	README.md = README.md
EndProjectSection
EndProject
Project("{2150E333-8FDC-42A3-9474-1A3956D46DE8}") = "Domain", "Domain", "{97AA0FB7-E775-40C4-B180-773D493DEA1C}"
EndProject
Project("{2150E333-8FDC-42A3-9474-1A3956D46DE8}") = "Tests", "Tests", "{DDED07FB-0EB3-4A5C-8E54-BB88A27C0B90}"
EndProject
Project("{2150E333-8FDC-42A3-9474-1A3956D46DE8}") = "Application", "Application", "{0E13BE50-166F-4F71-88FB-0A08108F4226}"
EndProject
Project("{2150E333-8FDC-42A3-9474-1A3956D46DE8}") = "Infrastructure", "Infrastructure", "{5D9FF307-3B04-4454-BD3E-D4CB866B70BA}"
EndProject
Project("{2150E333-8FDC-42A3-9474-1A3956D46DE8}") = "Presentation", "Presentation", "{6226D1B2-AD22-4BC7-B101-813F62CBCFB1}"
EndProject
Project("{FAE04EC0-301F-11D3-BF4B-00C04F79EFBC}") = "Wally.RomMaster.HashService.Application.Contracts", "Wally.RomMaster.HashService.Application.Contracts\Wally.RomMaster.HashService.Application.Contracts.csproj", "{57FC13D7-C4BC-4587-AB08-BBA211B9DC32}"
EndProject
Project("{FAE04EC0-301F-11D3-BF4B-00C04F79EFBC}") = "Wally.RomMaster.HashService.Application.MapperProfiles", "Wally.RomMaster.HashService.Application.MapperProfiles\Wally.RomMaster.HashService.Application.MapperProfiles.csproj", "{1CEEA7C3-74D4-4AB7-B027-22661C18DCCB}"
EndProject
Project("{FAE04EC0-301F-11D3-BF4B-00C04F79EFBC}") = "Wally.RomMaster.HashService.Infrastructure.PipelineBehaviours", "Wally.RomMaster.HashService.Infrastructure.PipelineBehaviours\Wally.RomMaster.HashService.Infrastructure.PipelineBehaviours.csproj", "{F865916E-382E-4FE7-BD3A-4128A0C35056}"
EndProject
Project("{FAE04EC0-301F-11D3-BF4B-00C04F79EFBC}") = "Wally.RomMaster.HashService.Infrastructure.Messaging", "Wally.RomMaster.HashService.Infrastructure.Messaging\Wally.RomMaster.HashService.Infrastructure.Messaging.csproj", "{5B884C1C-30B0-4AEC-A287-9B312A08BC0A}"
EndProject
Project("{FAE04EC0-301F-11D3-BF4B-00C04F79EFBC}") = "Wally.RomMaster.HashService.Infrastructure.DI.Microsoft", "Wally.RomMaster.HashService.Infrastructure.DI.Microsoft\Wally.RomMaster.HashService.Infrastructure.DI.Microsoft.csproj", "{435D5D48-63D0-4144-BCDA-605E3A5D430F}"
EndProject
Project("{FAE04EC0-301F-11D3-BF4B-00C04F79EFBC}") = "Wally.RomMaster.HashService.Application.Messages", "Wally.RomMaster.HashService.Application.Messages\Wally.RomMaster.HashService.Application.Messages.csproj", "{586BC446-02D8-474A-BB17-5E13F4E33409}"
EndProject
Project("{FAE04EC0-301F-11D3-BF4B-00C04F79EFBC}") = "Wally.RomMaster.HashService.Infrastructure.Persistence.PostgreSQL", "Wally.RomMaster.HashService.Infrastructure.Persistence.PostgreSQL\Wally.RomMaster.HashService.Infrastructure.Persistence.PostgreSQL.csproj", "{17B64A3B-A3BF-4A0C-BD23-CC2C3C6F8349}"
EndProject
Project("{FAE04EC0-301F-11D3-BF4B-00C04F79EFBC}") = "Wally.RomMaster.HashService.Infrastructure.Persistence.MySql", "Wally.RomMaster.HashService.Infrastructure.Persistence.MySql\Wally.RomMaster.HashService.Infrastructure.Persistence.MySql.csproj", "{A223C04F-9CFF-4A90-9810-6239A0F7E771}"
EndProject
Global
	GlobalSection(SolutionConfigurationPlatforms) = preSolution
		Debug|Any CPU = Debug|Any CPU
		Debug|x64 = Debug|x64
		Debug|x86 = Debug|x86
		Release|Any CPU = Release|Any CPU
		Release|x64 = Release|x64
		Release|x86 = Release|x86
	EndGlobalSection
	GlobalSection(SolutionProperties) = preSolution
		HideSolutionNode = FALSE
	EndGlobalSection
	GlobalSection(ProjectConfigurationPlatforms) = postSolution
		{8CFF341A-A5A4-4D58-A622-7C941F818618}.Debug|Any CPU.ActiveCfg = Debug|Any CPU
		{8CFF341A-A5A4-4D58-A622-7C941F818618}.Debug|Any CPU.Build.0 = Debug|Any CPU
		{8CFF341A-A5A4-4D58-A622-7C941F818618}.Debug|x64.ActiveCfg = Debug|Any CPU
		{8CFF341A-A5A4-4D58-A622-7C941F818618}.Debug|x64.Build.0 = Debug|Any CPU
		{8CFF341A-A5A4-4D58-A622-7C941F818618}.Debug|x86.ActiveCfg = Debug|Any CPU
		{8CFF341A-A5A4-4D58-A622-7C941F818618}.Debug|x86.Build.0 = Debug|Any CPU
		{8CFF341A-A5A4-4D58-A622-7C941F818618}.Release|Any CPU.ActiveCfg = Release|Any CPU
		{8CFF341A-A5A4-4D58-A622-7C941F818618}.Release|Any CPU.Build.0 = Release|Any CPU
		{8CFF341A-A5A4-4D58-A622-7C941F818618}.Release|x64.ActiveCfg = Release|Any CPU
		{8CFF341A-A5A4-4D58-A622-7C941F818618}.Release|x64.Build.0 = Release|Any CPU
		{8CFF341A-A5A4-4D58-A622-7C941F818618}.Release|x86.ActiveCfg = Release|Any CPU
		{8CFF341A-A5A4-4D58-A622-7C941F818618}.Release|x86.Build.0 = Release|Any CPU
		{0649996C-E9E4-4131-9B2B-DB6390C6B2C4}.Debug|Any CPU.ActiveCfg = Debug|Any CPU
		{0649996C-E9E4-4131-9B2B-DB6390C6B2C4}.Debug|Any CPU.Build.0 = Debug|Any CPU
		{0649996C-E9E4-4131-9B2B-DB6390C6B2C4}.Debug|x64.ActiveCfg = Debug|Any CPU
		{0649996C-E9E4-4131-9B2B-DB6390C6B2C4}.Debug|x64.Build.0 = Debug|Any CPU
		{0649996C-E9E4-4131-9B2B-DB6390C6B2C4}.Debug|x86.ActiveCfg = Debug|Any CPU
		{0649996C-E9E4-4131-9B2B-DB6390C6B2C4}.Debug|x86.Build.0 = Debug|Any CPU
		{0649996C-E9E4-4131-9B2B-DB6390C6B2C4}.Release|Any CPU.ActiveCfg = Release|Any CPU
		{0649996C-E9E4-4131-9B2B-DB6390C6B2C4}.Release|Any CPU.Build.0 = Release|Any CPU
		{0649996C-E9E4-4131-9B2B-DB6390C6B2C4}.Release|x64.ActiveCfg = Release|Any CPU
		{0649996C-E9E4-4131-9B2B-DB6390C6B2C4}.Release|x64.Build.0 = Release|Any CPU
		{0649996C-E9E4-4131-9B2B-DB6390C6B2C4}.Release|x86.ActiveCfg = Release|Any CPU
		{0649996C-E9E4-4131-9B2B-DB6390C6B2C4}.Release|x86.Build.0 = Release|Any CPU
		{02709384-5E7D-4D5E-8FE5-9512D844149E}.Debug|Any CPU.ActiveCfg = Debug|Any CPU
		{02709384-5E7D-4D5E-8FE5-9512D844149E}.Debug|Any CPU.Build.0 = Debug|Any CPU
		{02709384-5E7D-4D5E-8FE5-9512D844149E}.Debug|x64.ActiveCfg = Debug|Any CPU
		{02709384-5E7D-4D5E-8FE5-9512D844149E}.Debug|x64.Build.0 = Debug|Any CPU
		{02709384-5E7D-4D5E-8FE5-9512D844149E}.Debug|x86.ActiveCfg = Debug|Any CPU
		{02709384-5E7D-4D5E-8FE5-9512D844149E}.Debug|x86.Build.0 = Debug|Any CPU
		{02709384-5E7D-4D5E-8FE5-9512D844149E}.Release|Any CPU.ActiveCfg = Release|Any CPU
		{02709384-5E7D-4D5E-8FE5-9512D844149E}.Release|Any CPU.Build.0 = Release|Any CPU
		{02709384-5E7D-4D5E-8FE5-9512D844149E}.Release|x64.ActiveCfg = Release|Any CPU
		{02709384-5E7D-4D5E-8FE5-9512D844149E}.Release|x64.Build.0 = Release|Any CPU
		{02709384-5E7D-4D5E-8FE5-9512D844149E}.Release|x86.ActiveCfg = Release|Any CPU
		{02709384-5E7D-4D5E-8FE5-9512D844149E}.Release|x86.Build.0 = Release|Any CPU
		{9761E3F8-0410-45B0-B227-F0101F25128A}.Debug|Any CPU.ActiveCfg = Debug|Any CPU
		{9761E3F8-0410-45B0-B227-F0101F25128A}.Debug|Any CPU.Build.0 = Debug|Any CPU
		{9761E3F8-0410-45B0-B227-F0101F25128A}.Debug|x64.ActiveCfg = Debug|Any CPU
		{9761E3F8-0410-45B0-B227-F0101F25128A}.Debug|x64.Build.0 = Debug|Any CPU
		{9761E3F8-0410-45B0-B227-F0101F25128A}.Debug|x86.ActiveCfg = Debug|Any CPU
		{9761E3F8-0410-45B0-B227-F0101F25128A}.Debug|x86.Build.0 = Debug|Any CPU
		{9761E3F8-0410-45B0-B227-F0101F25128A}.Release|Any CPU.ActiveCfg = Release|Any CPU
		{9761E3F8-0410-45B0-B227-F0101F25128A}.Release|Any CPU.Build.0 = Release|Any CPU
		{9761E3F8-0410-45B0-B227-F0101F25128A}.Release|x64.ActiveCfg = Release|Any CPU
		{9761E3F8-0410-45B0-B227-F0101F25128A}.Release|x64.Build.0 = Release|Any CPU
		{9761E3F8-0410-45B0-B227-F0101F25128A}.Release|x86.ActiveCfg = Release|Any CPU
		{9761E3F8-0410-45B0-B227-F0101F25128A}.Release|x86.Build.0 = Release|Any CPU
		{3CE799CB-E594-4264-AA88-1D18A5BA6ACB}.Debug|Any CPU.ActiveCfg = Debug|Any CPU
		{3CE799CB-E594-4264-AA88-1D18A5BA6ACB}.Debug|Any CPU.Build.0 = Debug|Any CPU
		{3CE799CB-E594-4264-AA88-1D18A5BA6ACB}.Debug|x64.ActiveCfg = Debug|Any CPU
		{3CE799CB-E594-4264-AA88-1D18A5BA6ACB}.Debug|x64.Build.0 = Debug|Any CPU
		{3CE799CB-E594-4264-AA88-1D18A5BA6ACB}.Debug|x86.ActiveCfg = Debug|Any CPU
		{3CE799CB-E594-4264-AA88-1D18A5BA6ACB}.Debug|x86.Build.0 = Debug|Any CPU
		{3CE799CB-E594-4264-AA88-1D18A5BA6ACB}.Release|Any CPU.ActiveCfg = Release|Any CPU
		{3CE799CB-E594-4264-AA88-1D18A5BA6ACB}.Release|Any CPU.Build.0 = Release|Any CPU
		{3CE799CB-E594-4264-AA88-1D18A5BA6ACB}.Release|x64.ActiveCfg = Release|Any CPU
		{3CE799CB-E594-4264-AA88-1D18A5BA6ACB}.Release|x64.Build.0 = Release|Any CPU
		{3CE799CB-E594-4264-AA88-1D18A5BA6ACB}.Release|x86.ActiveCfg = Release|Any CPU
		{3CE799CB-E594-4264-AA88-1D18A5BA6ACB}.Release|x86.Build.0 = Release|Any CPU
		{3D1A12F3-74C0-4307-9497-E11F46BE88ED}.Debug|Any CPU.ActiveCfg = Debug|Any CPU
		{3D1A12F3-74C0-4307-9497-E11F46BE88ED}.Debug|Any CPU.Build.0 = Debug|Any CPU
		{3D1A12F3-74C0-4307-9497-E11F46BE88ED}.Debug|x64.ActiveCfg = Debug|Any CPU
		{3D1A12F3-74C0-4307-9497-E11F46BE88ED}.Debug|x64.Build.0 = Debug|Any CPU
		{3D1A12F3-74C0-4307-9497-E11F46BE88ED}.Debug|x86.ActiveCfg = Debug|Any CPU
		{3D1A12F3-74C0-4307-9497-E11F46BE88ED}.Debug|x86.Build.0 = Debug|Any CPU
		{3D1A12F3-74C0-4307-9497-E11F46BE88ED}.Release|Any CPU.ActiveCfg = Release|Any CPU
		{3D1A12F3-74C0-4307-9497-E11F46BE88ED}.Release|Any CPU.Build.0 = Release|Any CPU
		{3D1A12F3-74C0-4307-9497-E11F46BE88ED}.Release|x64.ActiveCfg = Release|Any CPU
		{3D1A12F3-74C0-4307-9497-E11F46BE88ED}.Release|x64.Build.0 = Release|Any CPU
		{3D1A12F3-74C0-4307-9497-E11F46BE88ED}.Release|x86.ActiveCfg = Release|Any CPU
		{3D1A12F3-74C0-4307-9497-E11F46BE88ED}.Release|x86.Build.0 = Release|Any CPU
		{1F542DC1-8A07-4D08-B759-27B919BBC279}.Debug|Any CPU.ActiveCfg = Debug|Any CPU
		{1F542DC1-8A07-4D08-B759-27B919BBC279}.Debug|Any CPU.Build.0 = Debug|Any CPU
		{1F542DC1-8A07-4D08-B759-27B919BBC279}.Debug|x64.ActiveCfg = Debug|Any CPU
		{1F542DC1-8A07-4D08-B759-27B919BBC279}.Debug|x64.Build.0 = Debug|Any CPU
		{1F542DC1-8A07-4D08-B759-27B919BBC279}.Debug|x86.ActiveCfg = Debug|Any CPU
		{1F542DC1-8A07-4D08-B759-27B919BBC279}.Debug|x86.Build.0 = Debug|Any CPU
		{1F542DC1-8A07-4D08-B759-27B919BBC279}.Release|Any CPU.ActiveCfg = Release|Any CPU
		{1F542DC1-8A07-4D08-B759-27B919BBC279}.Release|Any CPU.Build.0 = Release|Any CPU
		{1F542DC1-8A07-4D08-B759-27B919BBC279}.Release|x64.ActiveCfg = Release|Any CPU
		{1F542DC1-8A07-4D08-B759-27B919BBC279}.Release|x64.Build.0 = Release|Any CPU
		{1F542DC1-8A07-4D08-B759-27B919BBC279}.Release|x86.ActiveCfg = Release|Any CPU
		{1F542DC1-8A07-4D08-B759-27B919BBC279}.Release|x86.Build.0 = Release|Any CPU
		{5DCFE8FC-92D0-4A7B-B2D1-06468D6902A1}.Debug|Any CPU.ActiveCfg = Debug|Any CPU
		{5DCFE8FC-92D0-4A7B-B2D1-06468D6902A1}.Debug|Any CPU.Build.0 = Debug|Any CPU
		{5DCFE8FC-92D0-4A7B-B2D1-06468D6902A1}.Debug|x64.ActiveCfg = Debug|Any CPU
		{5DCFE8FC-92D0-4A7B-B2D1-06468D6902A1}.Debug|x64.Build.0 = Debug|Any CPU
		{5DCFE8FC-92D0-4A7B-B2D1-06468D6902A1}.Debug|x86.ActiveCfg = Debug|Any CPU
		{5DCFE8FC-92D0-4A7B-B2D1-06468D6902A1}.Debug|x86.Build.0 = Debug|Any CPU
		{5DCFE8FC-92D0-4A7B-B2D1-06468D6902A1}.Release|Any CPU.ActiveCfg = Release|Any CPU
		{5DCFE8FC-92D0-4A7B-B2D1-06468D6902A1}.Release|Any CPU.Build.0 = Release|Any CPU
		{5DCFE8FC-92D0-4A7B-B2D1-06468D6902A1}.Release|x64.ActiveCfg = Release|Any CPU
		{5DCFE8FC-92D0-4A7B-B2D1-06468D6902A1}.Release|x64.Build.0 = Release|Any CPU
		{5DCFE8FC-92D0-4A7B-B2D1-06468D6902A1}.Release|x86.ActiveCfg = Release|Any CPU
		{5DCFE8FC-92D0-4A7B-B2D1-06468D6902A1}.Release|x86.Build.0 = Release|Any CPU
		{57FC13D7-C4BC-4587-AB08-BBA211B9DC32}.Debug|Any CPU.ActiveCfg = Debug|Any CPU
		{57FC13D7-C4BC-4587-AB08-BBA211B9DC32}.Debug|Any CPU.Build.0 = Debug|Any CPU
		{57FC13D7-C4BC-4587-AB08-BBA211B9DC32}.Debug|x64.ActiveCfg = Debug|Any CPU
		{57FC13D7-C4BC-4587-AB08-BBA211B9DC32}.Debug|x64.Build.0 = Debug|Any CPU
		{57FC13D7-C4BC-4587-AB08-BBA211B9DC32}.Debug|x86.ActiveCfg = Debug|Any CPU
		{57FC13D7-C4BC-4587-AB08-BBA211B9DC32}.Debug|x86.Build.0 = Debug|Any CPU
		{57FC13D7-C4BC-4587-AB08-BBA211B9DC32}.Release|Any CPU.ActiveCfg = Release|Any CPU
		{57FC13D7-C4BC-4587-AB08-BBA211B9DC32}.Release|Any CPU.Build.0 = Release|Any CPU
		{57FC13D7-C4BC-4587-AB08-BBA211B9DC32}.Release|x64.ActiveCfg = Release|Any CPU
		{57FC13D7-C4BC-4587-AB08-BBA211B9DC32}.Release|x64.Build.0 = Release|Any CPU
		{57FC13D7-C4BC-4587-AB08-BBA211B9DC32}.Release|x86.ActiveCfg = Release|Any CPU
		{57FC13D7-C4BC-4587-AB08-BBA211B9DC32}.Release|x86.Build.0 = Release|Any CPU
		{1CEEA7C3-74D4-4AB7-B027-22661C18DCCB}.Debug|Any CPU.ActiveCfg = Debug|Any CPU
		{1CEEA7C3-74D4-4AB7-B027-22661C18DCCB}.Debug|Any CPU.Build.0 = Debug|Any CPU
		{1CEEA7C3-74D4-4AB7-B027-22661C18DCCB}.Debug|x64.ActiveCfg = Debug|Any CPU
		{1CEEA7C3-74D4-4AB7-B027-22661C18DCCB}.Debug|x64.Build.0 = Debug|Any CPU
		{1CEEA7C3-74D4-4AB7-B027-22661C18DCCB}.Debug|x86.ActiveCfg = Debug|Any CPU
		{1CEEA7C3-74D4-4AB7-B027-22661C18DCCB}.Debug|x86.Build.0 = Debug|Any CPU
		{1CEEA7C3-74D4-4AB7-B027-22661C18DCCB}.Release|Any CPU.ActiveCfg = Release|Any CPU
		{1CEEA7C3-74D4-4AB7-B027-22661C18DCCB}.Release|Any CPU.Build.0 = Release|Any CPU
		{1CEEA7C3-74D4-4AB7-B027-22661C18DCCB}.Release|x64.ActiveCfg = Release|Any CPU
		{1CEEA7C3-74D4-4AB7-B027-22661C18DCCB}.Release|x64.Build.0 = Release|Any CPU
		{1CEEA7C3-74D4-4AB7-B027-22661C18DCCB}.Release|x86.ActiveCfg = Release|Any CPU
		{1CEEA7C3-74D4-4AB7-B027-22661C18DCCB}.Release|x86.Build.0 = Release|Any CPU
		{F865916E-382E-4FE7-BD3A-4128A0C35056}.Debug|Any CPU.ActiveCfg = Debug|Any CPU
		{F865916E-382E-4FE7-BD3A-4128A0C35056}.Debug|Any CPU.Build.0 = Debug|Any CPU
		{F865916E-382E-4FE7-BD3A-4128A0C35056}.Debug|x64.ActiveCfg = Debug|Any CPU
		{F865916E-382E-4FE7-BD3A-4128A0C35056}.Debug|x64.Build.0 = Debug|Any CPU
		{F865916E-382E-4FE7-BD3A-4128A0C35056}.Debug|x86.ActiveCfg = Debug|Any CPU
		{F865916E-382E-4FE7-BD3A-4128A0C35056}.Debug|x86.Build.0 = Debug|Any CPU
		{F865916E-382E-4FE7-BD3A-4128A0C35056}.Release|Any CPU.ActiveCfg = Release|Any CPU
		{F865916E-382E-4FE7-BD3A-4128A0C35056}.Release|Any CPU.Build.0 = Release|Any CPU
		{F865916E-382E-4FE7-BD3A-4128A0C35056}.Release|x64.ActiveCfg = Release|Any CPU
		{F865916E-382E-4FE7-BD3A-4128A0C35056}.Release|x64.Build.0 = Release|Any CPU
		{F865916E-382E-4FE7-BD3A-4128A0C35056}.Release|x86.ActiveCfg = Release|Any CPU
		{F865916E-382E-4FE7-BD3A-4128A0C35056}.Release|x86.Build.0 = Release|Any CPU
		{5B884C1C-30B0-4AEC-A287-9B312A08BC0A}.Debug|Any CPU.ActiveCfg = Debug|Any CPU
		{5B884C1C-30B0-4AEC-A287-9B312A08BC0A}.Debug|Any CPU.Build.0 = Debug|Any CPU
		{5B884C1C-30B0-4AEC-A287-9B312A08BC0A}.Debug|x64.ActiveCfg = Debug|Any CPU
		{5B884C1C-30B0-4AEC-A287-9B312A08BC0A}.Debug|x64.Build.0 = Debug|Any CPU
		{5B884C1C-30B0-4AEC-A287-9B312A08BC0A}.Debug|x86.ActiveCfg = Debug|Any CPU
		{5B884C1C-30B0-4AEC-A287-9B312A08BC0A}.Debug|x86.Build.0 = Debug|Any CPU
		{5B884C1C-30B0-4AEC-A287-9B312A08BC0A}.Release|Any CPU.ActiveCfg = Release|Any CPU
		{5B884C1C-30B0-4AEC-A287-9B312A08BC0A}.Release|Any CPU.Build.0 = Release|Any CPU
		{5B884C1C-30B0-4AEC-A287-9B312A08BC0A}.Release|x64.ActiveCfg = Release|Any CPU
		{5B884C1C-30B0-4AEC-A287-9B312A08BC0A}.Release|x64.Build.0 = Release|Any CPU
		{5B884C1C-30B0-4AEC-A287-9B312A08BC0A}.Release|x86.ActiveCfg = Release|Any CPU
		{5B884C1C-30B0-4AEC-A287-9B312A08BC0A}.Release|x86.Build.0 = Release|Any CPU
		{435D5D48-63D0-4144-BCDA-605E3A5D430F}.Debug|Any CPU.ActiveCfg = Debug|Any CPU
		{435D5D48-63D0-4144-BCDA-605E3A5D430F}.Debug|Any CPU.Build.0 = Debug|Any CPU
		{435D5D48-63D0-4144-BCDA-605E3A5D430F}.Debug|x64.ActiveCfg = Debug|Any CPU
		{435D5D48-63D0-4144-BCDA-605E3A5D430F}.Debug|x64.Build.0 = Debug|Any CPU
		{435D5D48-63D0-4144-BCDA-605E3A5D430F}.Debug|x86.ActiveCfg = Debug|Any CPU
		{435D5D48-63D0-4144-BCDA-605E3A5D430F}.Debug|x86.Build.0 = Debug|Any CPU
		{435D5D48-63D0-4144-BCDA-605E3A5D430F}.Release|Any CPU.ActiveCfg = Release|Any CPU
		{435D5D48-63D0-4144-BCDA-605E3A5D430F}.Release|Any CPU.Build.0 = Release|Any CPU
		{435D5D48-63D0-4144-BCDA-605E3A5D430F}.Release|x64.ActiveCfg = Release|Any CPU
		{435D5D48-63D0-4144-BCDA-605E3A5D430F}.Release|x64.Build.0 = Release|Any CPU
		{435D5D48-63D0-4144-BCDA-605E3A5D430F}.Release|x86.ActiveCfg = Release|Any CPU
		{435D5D48-63D0-4144-BCDA-605E3A5D430F}.Release|x86.Build.0 = Release|Any CPU
		{586BC446-02D8-474A-BB17-5E13F4E33409}.Debug|Any CPU.ActiveCfg = Debug|Any CPU
		{586BC446-02D8-474A-BB17-5E13F4E33409}.Debug|Any CPU.Build.0 = Debug|Any CPU
		{586BC446-02D8-474A-BB17-5E13F4E33409}.Debug|x64.ActiveCfg = Debug|Any CPU
		{586BC446-02D8-474A-BB17-5E13F4E33409}.Debug|x64.Build.0 = Debug|Any CPU
		{586BC446-02D8-474A-BB17-5E13F4E33409}.Debug|x86.ActiveCfg = Debug|Any CPU
		{586BC446-02D8-474A-BB17-5E13F4E33409}.Debug|x86.Build.0 = Debug|Any CPU
		{586BC446-02D8-474A-BB17-5E13F4E33409}.Release|Any CPU.ActiveCfg = Release|Any CPU
		{586BC446-02D8-474A-BB17-5E13F4E33409}.Release|Any CPU.Build.0 = Release|Any CPU
		{586BC446-02D8-474A-BB17-5E13F4E33409}.Release|x64.ActiveCfg = Release|Any CPU
		{586BC446-02D8-474A-BB17-5E13F4E33409}.Release|x64.Build.0 = Release|Any CPU
		{586BC446-02D8-474A-BB17-5E13F4E33409}.Release|x86.ActiveCfg = Release|Any CPU
		{586BC446-02D8-474A-BB17-5E13F4E33409}.Release|x86.Build.0 = Release|Any CPU
		{17B64A3B-A3BF-4A0C-BD23-CC2C3C6F8349}.Debug|Any CPU.ActiveCfg = Debug|Any CPU
		{17B64A3B-A3BF-4A0C-BD23-CC2C3C6F8349}.Debug|Any CPU.Build.0 = Debug|Any CPU
		{17B64A3B-A3BF-4A0C-BD23-CC2C3C6F8349}.Debug|x64.ActiveCfg = Debug|Any CPU
		{17B64A3B-A3BF-4A0C-BD23-CC2C3C6F8349}.Debug|x64.Build.0 = Debug|Any CPU
		{17B64A3B-A3BF-4A0C-BD23-CC2C3C6F8349}.Debug|x86.ActiveCfg = Debug|Any CPU
		{17B64A3B-A3BF-4A0C-BD23-CC2C3C6F8349}.Debug|x86.Build.0 = Debug|Any CPU
		{17B64A3B-A3BF-4A0C-BD23-CC2C3C6F8349}.Release|Any CPU.ActiveCfg = Release|Any CPU
		{17B64A3B-A3BF-4A0C-BD23-CC2C3C6F8349}.Release|Any CPU.Build.0 = Release|Any CPU
		{17B64A3B-A3BF-4A0C-BD23-CC2C3C6F8349}.Release|x64.ActiveCfg = Release|Any CPU
		{17B64A3B-A3BF-4A0C-BD23-CC2C3C6F8349}.Release|x64.Build.0 = Release|Any CPU
		{17B64A3B-A3BF-4A0C-BD23-CC2C3C6F8349}.Release|x86.ActiveCfg = Release|Any CPU
		{17B64A3B-A3BF-4A0C-BD23-CC2C3C6F8349}.Release|x86.Build.0 = Release|Any CPU
		{A223C04F-9CFF-4A90-9810-6239A0F7E771}.Debug|Any CPU.ActiveCfg = Debug|Any CPU
		{A223C04F-9CFF-4A90-9810-6239A0F7E771}.Debug|Any CPU.Build.0 = Debug|Any CPU
		{A223C04F-9CFF-4A90-9810-6239A0F7E771}.Debug|x64.ActiveCfg = Debug|Any CPU
		{A223C04F-9CFF-4A90-9810-6239A0F7E771}.Debug|x64.Build.0 = Debug|Any CPU
		{A223C04F-9CFF-4A90-9810-6239A0F7E771}.Debug|x86.ActiveCfg = Debug|Any CPU
		{A223C04F-9CFF-4A90-9810-6239A0F7E771}.Debug|x86.Build.0 = Debug|Any CPU
		{A223C04F-9CFF-4A90-9810-6239A0F7E771}.Release|Any CPU.ActiveCfg = Release|Any CPU
		{A223C04F-9CFF-4A90-9810-6239A0F7E771}.Release|Any CPU.Build.0 = Release|Any CPU
		{A223C04F-9CFF-4A90-9810-6239A0F7E771}.Release|x64.ActiveCfg = Release|Any CPU
		{A223C04F-9CFF-4A90-9810-6239A0F7E771}.Release|x64.Build.0 = Release|Any CPU
		{A223C04F-9CFF-4A90-9810-6239A0F7E771}.Release|x86.ActiveCfg = Release|Any CPU
		{A223C04F-9CFF-4A90-9810-6239A0F7E771}.Release|x86.Build.0 = Release|Any CPU
	EndGlobalSection
	GlobalSection(NestedProjects) = preSolution
		{0649996C-E9E4-4131-9B2B-DB6390C6B2C4} = {97AA0FB7-E775-40C4-B180-773D493DEA1C}
		{8CFF341A-A5A4-4D58-A622-7C941F818618} = {DDED07FB-0EB3-4A5C-8E54-BB88A27C0B90}
		{3CE799CB-E594-4264-AA88-1D18A5BA6ACB} = {DDED07FB-0EB3-4A5C-8E54-BB88A27C0B90}
		{5DCFE8FC-92D0-4A7B-B2D1-06468D6902A1} = {DDED07FB-0EB3-4A5C-8E54-BB88A27C0B90}
		{02709384-5E7D-4D5E-8FE5-9512D844149E} = {0E13BE50-166F-4F71-88FB-0A08108F4226}
		{9761E3F8-0410-45B0-B227-F0101F25128A} = {5D9FF307-3B04-4454-BD3E-D4CB866B70BA}
		{1F542DC1-8A07-4D08-B759-27B919BBC279} = {5D9FF307-3B04-4454-BD3E-D4CB866B70BA}
		{3D1A12F3-74C0-4307-9497-E11F46BE88ED} = {6226D1B2-AD22-4BC7-B101-813F62CBCFB1}
		{57FC13D7-C4BC-4587-AB08-BBA211B9DC32} = {0E13BE50-166F-4F71-88FB-0A08108F4226}
		{1CEEA7C3-74D4-4AB7-B027-22661C18DCCB} = {0E13BE50-166F-4F71-88FB-0A08108F4226}
		{5B884C1C-30B0-4AEC-A287-9B312A08BC0A} = {5D9FF307-3B04-4454-BD3E-D4CB866B70BA}
		{F865916E-382E-4FE7-BD3A-4128A0C35056} = {5D9FF307-3B04-4454-BD3E-D4CB866B70BA}
		{435D5D48-63D0-4144-BCDA-605E3A5D430F} = {5D9FF307-3B04-4454-BD3E-D4CB866B70BA}
		{586BC446-02D8-474A-BB17-5E13F4E33409} = {0E13BE50-166F-4F71-88FB-0A08108F4226}
		{17B64A3B-A3BF-4A0C-BD23-CC2C3C6F8349} = {5D9FF307-3B04-4454-BD3E-D4CB866B70BA}
		{A223C04F-9CFF-4A90-9810-6239A0F7E771} = {5D9FF307-3B04-4454-BD3E-D4CB866B70BA}
	EndGlobalSection
EndGlobal
