
Microsoft Visual Studio Solution File, Format Version 12.00
# Visual Studio Version 16
VisualStudioVersion = 16.0.30114.105
MinimumVisualStudioVersion = 10.0.40219.1
Project("{FAE04EC0-301F-11D3-BF4B-00C04F79EFBC}") = "Wally.RomMaster.HashService.Tests.UnitTests", "Wally.RomMaster.HashService\Wally.RomMaster.HashService.Tests.UnitTests\Wally.RomMaster.HashService.Tests.UnitTests.csproj", "{96A2AA3C-E04E-4136-8B08-BEFD3246434D}"
EndProject
Project("{FAE04EC0-301F-11D3-BF4B-00C04F79EFBC}") = "Wally.RomMaster.HashService.Domain", "Wally.RomMaster.HashService\Wally.RomMaster.HashService.Domain\Wally.RomMaster.HashService.Domain.csproj", "{5E67EDC4-CBA2-4707-ADA5-27FAA11CE0A0}"
EndProject
Project("{FAE04EC0-301F-11D3-BF4B-00C04F79EFBC}") = "Wally.RomMaster.HashService.Application", "Wally.RomMaster.HashService\Wally.RomMaster.HashService.Application\Wally.RomMaster.HashService.Application.csproj", "{B1319A6E-6A75-4575-9E5E-AB8B52FEA0CA}"
EndProject
Project("{FAE04EC0-301F-11D3-BF4B-00C04F79EFBC}") = "Wally.RomMaster.HashService.Infrastructure.Persistence", "Wally.RomMaster.HashService\Wally.RomMaster.HashService.Infrastructure.Persistence\Wally.RomMaster.HashService.Infrastructure.Persistence.csproj", "{2595D348-CFD0-449A-95C5-30117643B007}"
EndProject
Project("{FAE04EC0-301F-11D3-BF4B-00C04F79EFBC}") = "Wally.RomMaster.HashService.Tests.ConventionTests", "Wally.RomMaster.HashService\Wally.RomMaster.HashService.Tests.ConventionTests\Wally.RomMaster.HashService.Tests.ConventionTests.csproj", "{807F0C75-EBF8-43D7-90CF-6DF540327927}"
EndProject
Project("{FAE04EC0-301F-11D3-BF4B-00C04F79EFBC}") = "Wally.RomMaster.HashService.WebApi", "Wally.RomMaster.HashService\Wally.RomMaster.HashService.WebApi\Wally.RomMaster.HashService.WebApi.csproj", "{482E6EC9-F397-428A-9341-B4A9A30D1A3F}"
EndProject
Project("{FAE04EC0-301F-11D3-BF4B-00C04F79EFBC}") = "Wally.RomMaster.HashService.Infrastructure.Persistence.SqlServer", "Wally.RomMaster.HashService\Wally.RomMaster.HashService.Infrastructure.Persistence.SqlServer\Wally.RomMaster.HashService.Infrastructure.Persistence.SqlServer.csproj", "{2D1DD4CF-6B03-4E33-8D60-FC228572C681}"
EndProject
Project("{FAE04EC0-301F-11D3-BF4B-00C04F79EFBC}") = "Wally.RomMaster.HashService.Tests.IntegrationTests", "Wally.RomMaster.HashService\Wally.RomMaster.HashService.Tests.IntegrationTests\Wally.RomMaster.HashService.Tests.IntegrationTests.csproj", "{54CD3A14-1FAE-4587-8B81-C5F49FEA1767}"
EndProject
Project("{2150E333-8FDC-42A3-9474-1A3956D46DE8}") = "Solution Items", "Solution Items", "{E36B291E-74B7-4329-B15A-C7EB129E2C18}"
ProjectSection(SolutionItems) = preProject
	AssemblyInfo.cs = AssemblyInfo.cs
	README.md = README.md
	global.json = global.json
	NuGet.config = NuGet.config
	.config\dotnet-tools.json = .config\dotnet-tools.json
	Directory.Build.props = Directory.Build.props
	Directory.BuildTests.props = Directory.BuildTests.props
EndProjectSection
EndProject
Project("{2150E333-8FDC-42A3-9474-1A3956D46DE8}") = "Domain", "Domain", "{024933D5-CEA1-4679-A285-20A37EBF56BF}"
EndProject
Project("{2150E333-8FDC-42A3-9474-1A3956D46DE8}") = "Tests", "Tests", "{38EC0CFB-3C76-4060-9EB7-45183934FBAE}"
EndProject
Project("{2150E333-8FDC-42A3-9474-1A3956D46DE8}") = "Application", "Application", "{B1D4ED6E-CE7C-4788-8351-9FA731F4B677}"
EndProject
Project("{2150E333-8FDC-42A3-9474-1A3956D46DE8}") = "Infrastructure", "Infrastructure", "{2BD5A59F-ECB1-4945-B4C3-D9DDC5473D8F}"
EndProject
Project("{2150E333-8FDC-42A3-9474-1A3956D46DE8}") = "Presentation", "Presentation", "{80EBD92C-1228-4054-BA3B-28E3506FCC30}"
EndProject
Project("{FAE04EC0-301F-11D3-BF4B-00C04F79EFBC}") = "Wally.RomMaster.HashService.Application.Contracts", "Wally.RomMaster.HashService\Wally.RomMaster.HashService.Application.Contracts\Wally.RomMaster.HashService.Application.Contracts.csproj", "{C40EDCDD-8AD3-4F1D-A9F1-11B96BCD7187}"
EndProject
Project("{FAE04EC0-301F-11D3-BF4B-00C04F79EFBC}") = "Wally.RomMaster.HashService.Application.MapperProfiles", "Wally.RomMaster.HashService\Wally.RomMaster.HashService.Application.MapperProfiles\Wally.RomMaster.HashService.Application.MapperProfiles.csproj", "{5F3D7F4B-55C9-441A-A6DE-C9A87C15B3BA}"
EndProject
Project("{FAE04EC0-301F-11D3-BF4B-00C04F79EFBC}") = "Wally.RomMaster.HashService.Infrastructure.PipelineBehaviours", "Wally.RomMaster.HashService\Wally.RomMaster.HashService.Infrastructure.PipelineBehaviours\Wally.RomMaster.HashService.Infrastructure.PipelineBehaviours.csproj", "{E98BB3EC-E7B2-4596-9767-8D18B50C4B67}"
EndProject
Project("{FAE04EC0-301F-11D3-BF4B-00C04F79EFBC}") = "Wally.RomMaster.HashService.Infrastructure.Messaging", "Wally.RomMaster.HashService\Wally.RomMaster.HashService.Infrastructure.Messaging\Wally.RomMaster.HashService.Infrastructure.Messaging.csproj", "{5EB42099-C692-4DC1-8BE6-912771069CEC}"
EndProject
Project("{FAE04EC0-301F-11D3-BF4B-00C04F79EFBC}") = "Wally.RomMaster.HashService.Infrastructure.DI.Microsoft", "Wally.RomMaster.HashService\Wally.RomMaster.HashService.Infrastructure.DI.Microsoft\Wally.RomMaster.HashService.Infrastructure.DI.Microsoft.csproj", "{ACA09ADB-1EA1-40C3-BA84-C2C375912559}"
EndProject
Project("{FAE04EC0-301F-11D3-BF4B-00C04F79EFBC}") = "Wally.RomMaster.HashService.Application.Messages", "Wally.RomMaster.HashService\Wally.RomMaster.HashService.Application.Messages\Wally.RomMaster.HashService.Application.Messages.csproj", "{810CC2D2-ABFB-43BC-B8C8-5FF0501905F7}"
EndProject
Project("{FAE04EC0-301F-11D3-BF4B-00C04F79EFBC}") = "Wally.RomMaster.HashService.Infrastructure.Persistence.PostgreSQL", "Wally.RomMaster.HashService\Wally.RomMaster.HashService.Infrastructure.Persistence.PostgreSQL\Wally.RomMaster.HashService.Infrastructure.Persistence.PostgreSQL.csproj", "{AFFD160F-056D-4F36-844F-13D536C6086C}"
EndProject
Project("{FAE04EC0-301F-11D3-BF4B-00C04F79EFBC}") = "Wally.RomMaster.HashService.Infrastructure.Persistence.MySql", "Wally.RomMaster.HashService\Wally.RomMaster.HashService.Infrastructure.Persistence.MySql\Wally.RomMaster.HashService.Infrastructure.Persistence.MySql.csproj", "{D850B426-BAE2-4FBB-9CAB-0B977AD726EA}"
EndProject
Project("{FAE04EC0-301F-11D3-BF4B-00C04F79EFBC}") = "Wally.RomMaster.HashService.Infrastructure.Persistence.SQLite", "Wally.RomMaster.HashService\Wally.RomMaster.HashService.Infrastructure.Persistence.SQLite\Wally.RomMaster.HashService.Infrastructure.Persistence.SQLite.csproj", "{EB2E8381-5BE6-426B-9A1E-214C7D5BFF9C}"
EndProject
Global
	GlobalSection(SolutionConfigurationPlatforms) = preSolution
		Debug|Any CPU = Debug|Any CPU
		Debug|x64 = Debug|x64
		Debug|x86 = Debug|x86
		Release|Any CPU = Release|Any CPU
		Release|x64 = Release|x64
		Release|x86 = Release|x86
	EndGlobalSection
	GlobalSection(SolutionProperties) = preSolution
		HideSolutionNode = FALSE
	EndGlobalSection
	GlobalSection(ProjectConfigurationPlatforms) = postSolution
		{96A2AA3C-E04E-4136-8B08-BEFD3246434D}.Debug|Any CPU.ActiveCfg = Debug|Any CPU
		{96A2AA3C-E04E-4136-8B08-BEFD3246434D}.Debug|Any CPU.Build.0 = Debug|Any CPU
		{96A2AA3C-E04E-4136-8B08-BEFD3246434D}.Debug|x64.ActiveCfg = Debug|Any CPU
		{96A2AA3C-E04E-4136-8B08-BEFD3246434D}.Debug|x64.Build.0 = Debug|Any CPU
		{96A2AA3C-E04E-4136-8B08-BEFD3246434D}.Debug|x86.ActiveCfg = Debug|Any CPU
		{96A2AA3C-E04E-4136-8B08-BEFD3246434D}.Debug|x86.Build.0 = Debug|Any CPU
		{96A2AA3C-E04E-4136-8B08-BEFD3246434D}.Release|Any CPU.ActiveCfg = Release|Any CPU
		{96A2AA3C-E04E-4136-8B08-BEFD3246434D}.Release|Any CPU.Build.0 = Release|Any CPU
		{96A2AA3C-E04E-4136-8B08-BEFD3246434D}.Release|x64.ActiveCfg = Release|Any CPU
		{96A2AA3C-E04E-4136-8B08-BEFD3246434D}.Release|x64.Build.0 = Release|Any CPU
		{96A2AA3C-E04E-4136-8B08-BEFD3246434D}.Release|x86.ActiveCfg = Release|Any CPU
		{96A2AA3C-E04E-4136-8B08-BEFD3246434D}.Release|x86.Build.0 = Release|Any CPU
		{5E67EDC4-CBA2-4707-ADA5-27FAA11CE0A0}.Debug|Any CPU.ActiveCfg = Debug|Any CPU
		{5E67EDC4-CBA2-4707-ADA5-27FAA11CE0A0}.Debug|Any CPU.Build.0 = Debug|Any CPU
		{5E67EDC4-CBA2-4707-ADA5-27FAA11CE0A0}.Debug|x64.ActiveCfg = Debug|Any CPU
		{5E67EDC4-CBA2-4707-ADA5-27FAA11CE0A0}.Debug|x64.Build.0 = Debug|Any CPU
		{5E67EDC4-CBA2-4707-ADA5-27FAA11CE0A0}.Debug|x86.ActiveCfg = Debug|Any CPU
		{5E67EDC4-CBA2-4707-ADA5-27FAA11CE0A0}.Debug|x86.Build.0 = Debug|Any CPU
		{5E67EDC4-CBA2-4707-ADA5-27FAA11CE0A0}.Release|Any CPU.ActiveCfg = Release|Any CPU
		{5E67EDC4-CBA2-4707-ADA5-27FAA11CE0A0}.Release|Any CPU.Build.0 = Release|Any CPU
		{5E67EDC4-CBA2-4707-ADA5-27FAA11CE0A0}.Release|x64.ActiveCfg = Release|Any CPU
		{5E67EDC4-CBA2-4707-ADA5-27FAA11CE0A0}.Release|x64.Build.0 = Release|Any CPU
		{5E67EDC4-CBA2-4707-ADA5-27FAA11CE0A0}.Release|x86.ActiveCfg = Release|Any CPU
		{5E67EDC4-CBA2-4707-ADA5-27FAA11CE0A0}.Release|x86.Build.0 = Release|Any CPU
		{B1319A6E-6A75-4575-9E5E-AB8B52FEA0CA}.Debug|Any CPU.ActiveCfg = Debug|Any CPU
		{B1319A6E-6A75-4575-9E5E-AB8B52FEA0CA}.Debug|Any CPU.Build.0 = Debug|Any CPU
		{B1319A6E-6A75-4575-9E5E-AB8B52FEA0CA}.Debug|x64.ActiveCfg = Debug|Any CPU
		{B1319A6E-6A75-4575-9E5E-AB8B52FEA0CA}.Debug|x64.Build.0 = Debug|Any CPU
		{B1319A6E-6A75-4575-9E5E-AB8B52FEA0CA}.Debug|x86.ActiveCfg = Debug|Any CPU
		{B1319A6E-6A75-4575-9E5E-AB8B52FEA0CA}.Debug|x86.Build.0 = Debug|Any CPU
		{B1319A6E-6A75-4575-9E5E-AB8B52FEA0CA}.Release|Any CPU.ActiveCfg = Release|Any CPU
		{B1319A6E-6A75-4575-9E5E-AB8B52FEA0CA}.Release|Any CPU.Build.0 = Release|Any CPU
		{B1319A6E-6A75-4575-9E5E-AB8B52FEA0CA}.Release|x64.ActiveCfg = Release|Any CPU
		{B1319A6E-6A75-4575-9E5E-AB8B52FEA0CA}.Release|x64.Build.0 = Release|Any CPU
		{B1319A6E-6A75-4575-9E5E-AB8B52FEA0CA}.Release|x86.ActiveCfg = Release|Any CPU
		{B1319A6E-6A75-4575-9E5E-AB8B52FEA0CA}.Release|x86.Build.0 = Release|Any CPU
		{2595D348-CFD0-449A-95C5-30117643B007}.Debug|Any CPU.ActiveCfg = Debug|Any CPU
		{2595D348-CFD0-449A-95C5-30117643B007}.Debug|Any CPU.Build.0 = Debug|Any CPU
		{2595D348-CFD0-449A-95C5-30117643B007}.Debug|x64.ActiveCfg = Debug|Any CPU
		{2595D348-CFD0-449A-95C5-30117643B007}.Debug|x64.Build.0 = Debug|Any CPU
		{2595D348-CFD0-449A-95C5-30117643B007}.Debug|x86.ActiveCfg = Debug|Any CPU
		{2595D348-CFD0-449A-95C5-30117643B007}.Debug|x86.Build.0 = Debug|Any CPU
		{2595D348-CFD0-449A-95C5-30117643B007}.Release|Any CPU.ActiveCfg = Release|Any CPU
		{2595D348-CFD0-449A-95C5-30117643B007}.Release|Any CPU.Build.0 = Release|Any CPU
		{2595D348-CFD0-449A-95C5-30117643B007}.Release|x64.ActiveCfg = Release|Any CPU
		{2595D348-CFD0-449A-95C5-30117643B007}.Release|x64.Build.0 = Release|Any CPU
		{2595D348-CFD0-449A-95C5-30117643B007}.Release|x86.ActiveCfg = Release|Any CPU
		{2595D348-CFD0-449A-95C5-30117643B007}.Release|x86.Build.0 = Release|Any CPU
		{807F0C75-EBF8-43D7-90CF-6DF540327927}.Debug|Any CPU.ActiveCfg = Debug|Any CPU
		{807F0C75-EBF8-43D7-90CF-6DF540327927}.Debug|Any CPU.Build.0 = Debug|Any CPU
		{807F0C75-EBF8-43D7-90CF-6DF540327927}.Debug|x64.ActiveCfg = Debug|Any CPU
		{807F0C75-EBF8-43D7-90CF-6DF540327927}.Debug|x64.Build.0 = Debug|Any CPU
		{807F0C75-EBF8-43D7-90CF-6DF540327927}.Debug|x86.ActiveCfg = Debug|Any CPU
		{807F0C75-EBF8-43D7-90CF-6DF540327927}.Debug|x86.Build.0 = Debug|Any CPU
		{807F0C75-EBF8-43D7-90CF-6DF540327927}.Release|Any CPU.ActiveCfg = Release|Any CPU
		{807F0C75-EBF8-43D7-90CF-6DF540327927}.Release|Any CPU.Build.0 = Release|Any CPU
		{807F0C75-EBF8-43D7-90CF-6DF540327927}.Release|x64.ActiveCfg = Release|Any CPU
		{807F0C75-EBF8-43D7-90CF-6DF540327927}.Release|x64.Build.0 = Release|Any CPU
		{807F0C75-EBF8-43D7-90CF-6DF540327927}.Release|x86.ActiveCfg = Release|Any CPU
		{807F0C75-EBF8-43D7-90CF-6DF540327927}.Release|x86.Build.0 = Release|Any CPU
		{482E6EC9-F397-428A-9341-B4A9A30D1A3F}.Debug|Any CPU.ActiveCfg = Debug|Any CPU
		{482E6EC9-F397-428A-9341-B4A9A30D1A3F}.Debug|Any CPU.Build.0 = Debug|Any CPU
		{482E6EC9-F397-428A-9341-B4A9A30D1A3F}.Debug|x64.ActiveCfg = Debug|Any CPU
		{482E6EC9-F397-428A-9341-B4A9A30D1A3F}.Debug|x64.Build.0 = Debug|Any CPU
		{482E6EC9-F397-428A-9341-B4A9A30D1A3F}.Debug|x86.ActiveCfg = Debug|Any CPU
		{482E6EC9-F397-428A-9341-B4A9A30D1A3F}.Debug|x86.Build.0 = Debug|Any CPU
		{482E6EC9-F397-428A-9341-B4A9A30D1A3F}.Release|Any CPU.ActiveCfg = Release|Any CPU
		{482E6EC9-F397-428A-9341-B4A9A30D1A3F}.Release|Any CPU.Build.0 = Release|Any CPU
		{482E6EC9-F397-428A-9341-B4A9A30D1A3F}.Release|x64.ActiveCfg = Release|Any CPU
		{482E6EC9-F397-428A-9341-B4A9A30D1A3F}.Release|x64.Build.0 = Release|Any CPU
		{482E6EC9-F397-428A-9341-B4A9A30D1A3F}.Release|x86.ActiveCfg = Release|Any CPU
		{482E6EC9-F397-428A-9341-B4A9A30D1A3F}.Release|x86.Build.0 = Release|Any CPU
		{2D1DD4CF-6B03-4E33-8D60-FC228572C681}.Debug|Any CPU.ActiveCfg = Debug|Any CPU
		{2D1DD4CF-6B03-4E33-8D60-FC228572C681}.Debug|Any CPU.Build.0 = Debug|Any CPU
		{2D1DD4CF-6B03-4E33-8D60-FC228572C681}.Debug|x64.ActiveCfg = Debug|Any CPU
		{2D1DD4CF-6B03-4E33-8D60-FC228572C681}.Debug|x64.Build.0 = Debug|Any CPU
		{2D1DD4CF-6B03-4E33-8D60-FC228572C681}.Debug|x86.ActiveCfg = Debug|Any CPU
		{2D1DD4CF-6B03-4E33-8D60-FC228572C681}.Debug|x86.Build.0 = Debug|Any CPU
		{2D1DD4CF-6B03-4E33-8D60-FC228572C681}.Release|Any CPU.ActiveCfg = Release|Any CPU
		{2D1DD4CF-6B03-4E33-8D60-FC228572C681}.Release|Any CPU.Build.0 = Release|Any CPU
		{2D1DD4CF-6B03-4E33-8D60-FC228572C681}.Release|x64.ActiveCfg = Release|Any CPU
		{2D1DD4CF-6B03-4E33-8D60-FC228572C681}.Release|x64.Build.0 = Release|Any CPU
		{2D1DD4CF-6B03-4E33-8D60-FC228572C681}.Release|x86.ActiveCfg = Release|Any CPU
		{2D1DD4CF-6B03-4E33-8D60-FC228572C681}.Release|x86.Build.0 = Release|Any CPU
		{54CD3A14-1FAE-4587-8B81-C5F49FEA1767}.Debug|Any CPU.ActiveCfg = Debug|Any CPU
		{54CD3A14-1FAE-4587-8B81-C5F49FEA1767}.Debug|Any CPU.Build.0 = Debug|Any CPU
		{54CD3A14-1FAE-4587-8B81-C5F49FEA1767}.Debug|x64.ActiveCfg = Debug|Any CPU
		{54CD3A14-1FAE-4587-8B81-C5F49FEA1767}.Debug|x64.Build.0 = Debug|Any CPU
		{54CD3A14-1FAE-4587-8B81-C5F49FEA1767}.Debug|x86.ActiveCfg = Debug|Any CPU
		{54CD3A14-1FAE-4587-8B81-C5F49FEA1767}.Debug|x86.Build.0 = Debug|Any CPU
		{54CD3A14-1FAE-4587-8B81-C5F49FEA1767}.Release|Any CPU.ActiveCfg = Release|Any CPU
		{54CD3A14-1FAE-4587-8B81-C5F49FEA1767}.Release|Any CPU.Build.0 = Release|Any CPU
		{54CD3A14-1FAE-4587-8B81-C5F49FEA1767}.Release|x64.ActiveCfg = Release|Any CPU
		{54CD3A14-1FAE-4587-8B81-C5F49FEA1767}.Release|x64.Build.0 = Release|Any CPU
		{54CD3A14-1FAE-4587-8B81-C5F49FEA1767}.Release|x86.ActiveCfg = Release|Any CPU
		{54CD3A14-1FAE-4587-8B81-C5F49FEA1767}.Release|x86.Build.0 = Release|Any CPU
		{C40EDCDD-8AD3-4F1D-A9F1-11B96BCD7187}.Debug|Any CPU.ActiveCfg = Debug|Any CPU
		{C40EDCDD-8AD3-4F1D-A9F1-11B96BCD7187}.Debug|Any CPU.Build.0 = Debug|Any CPU
		{C40EDCDD-8AD3-4F1D-A9F1-11B96BCD7187}.Debug|x64.ActiveCfg = Debug|Any CPU
		{C40EDCDD-8AD3-4F1D-A9F1-11B96BCD7187}.Debug|x64.Build.0 = Debug|Any CPU
		{C40EDCDD-8AD3-4F1D-A9F1-11B96BCD7187}.Debug|x86.ActiveCfg = Debug|Any CPU
		{C40EDCDD-8AD3-4F1D-A9F1-11B96BCD7187}.Debug|x86.Build.0 = Debug|Any CPU
		{C40EDCDD-8AD3-4F1D-A9F1-11B96BCD7187}.Release|Any CPU.ActiveCfg = Release|Any CPU
		{C40EDCDD-8AD3-4F1D-A9F1-11B96BCD7187}.Release|Any CPU.Build.0 = Release|Any CPU
		{C40EDCDD-8AD3-4F1D-A9F1-11B96BCD7187}.Release|x64.ActiveCfg = Release|Any CPU
		{C40EDCDD-8AD3-4F1D-A9F1-11B96BCD7187}.Release|x64.Build.0 = Release|Any CPU
		{C40EDCDD-8AD3-4F1D-A9F1-11B96BCD7187}.Release|x86.ActiveCfg = Release|Any CPU
		{C40EDCDD-8AD3-4F1D-A9F1-11B96BCD7187}.Release|x86.Build.0 = Release|Any CPU
		{5F3D7F4B-55C9-441A-A6DE-C9A87C15B3BA}.Debug|Any CPU.ActiveCfg = Debug|Any CPU
		{5F3D7F4B-55C9-441A-A6DE-C9A87C15B3BA}.Debug|Any CPU.Build.0 = Debug|Any CPU
		{5F3D7F4B-55C9-441A-A6DE-C9A87C15B3BA}.Debug|x64.ActiveCfg = Debug|Any CPU
		{5F3D7F4B-55C9-441A-A6DE-C9A87C15B3BA}.Debug|x64.Build.0 = Debug|Any CPU
		{5F3D7F4B-55C9-441A-A6DE-C9A87C15B3BA}.Debug|x86.ActiveCfg = Debug|Any CPU
		{5F3D7F4B-55C9-441A-A6DE-C9A87C15B3BA}.Debug|x86.Build.0 = Debug|Any CPU
		{5F3D7F4B-55C9-441A-A6DE-C9A87C15B3BA}.Release|Any CPU.ActiveCfg = Release|Any CPU
		{5F3D7F4B-55C9-441A-A6DE-C9A87C15B3BA}.Release|Any CPU.Build.0 = Release|Any CPU
		{5F3D7F4B-55C9-441A-A6DE-C9A87C15B3BA}.Release|x64.ActiveCfg = Release|Any CPU
		{5F3D7F4B-55C9-441A-A6DE-C9A87C15B3BA}.Release|x64.Build.0 = Release|Any CPU
		{5F3D7F4B-55C9-441A-A6DE-C9A87C15B3BA}.Release|x86.ActiveCfg = Release|Any CPU
		{5F3D7F4B-55C9-441A-A6DE-C9A87C15B3BA}.Release|x86.Build.0 = Release|Any CPU
		{E98BB3EC-E7B2-4596-9767-8D18B50C4B67}.Debug|Any CPU.ActiveCfg = Debug|Any CPU
		{E98BB3EC-E7B2-4596-9767-8D18B50C4B67}.Debug|Any CPU.Build.0 = Debug|Any CPU
		{E98BB3EC-E7B2-4596-9767-8D18B50C4B67}.Debug|x64.ActiveCfg = Debug|Any CPU
		{E98BB3EC-E7B2-4596-9767-8D18B50C4B67}.Debug|x64.Build.0 = Debug|Any CPU
		{E98BB3EC-E7B2-4596-9767-8D18B50C4B67}.Debug|x86.ActiveCfg = Debug|Any CPU
		{E98BB3EC-E7B2-4596-9767-8D18B50C4B67}.Debug|x86.Build.0 = Debug|Any CPU
		{E98BB3EC-E7B2-4596-9767-8D18B50C4B67}.Release|Any CPU.ActiveCfg = Release|Any CPU
		{E98BB3EC-E7B2-4596-9767-8D18B50C4B67}.Release|Any CPU.Build.0 = Release|Any CPU
		{E98BB3EC-E7B2-4596-9767-8D18B50C4B67}.Release|x64.ActiveCfg = Release|Any CPU
		{E98BB3EC-E7B2-4596-9767-8D18B50C4B67}.Release|x64.Build.0 = Release|Any CPU
		{E98BB3EC-E7B2-4596-9767-8D18B50C4B67}.Release|x86.ActiveCfg = Release|Any CPU
		{E98BB3EC-E7B2-4596-9767-8D18B50C4B67}.Release|x86.Build.0 = Release|Any CPU
		{5EB42099-C692-4DC1-8BE6-912771069CEC}.Debug|Any CPU.ActiveCfg = Debug|Any CPU
		{5EB42099-C692-4DC1-8BE6-912771069CEC}.Debug|Any CPU.Build.0 = Debug|Any CPU
		{5EB42099-C692-4DC1-8BE6-912771069CEC}.Debug|x64.ActiveCfg = Debug|Any CPU
		{5EB42099-C692-4DC1-8BE6-912771069CEC}.Debug|x64.Build.0 = Debug|Any CPU
		{5EB42099-C692-4DC1-8BE6-912771069CEC}.Debug|x86.ActiveCfg = Debug|Any CPU
		{5EB42099-C692-4DC1-8BE6-912771069CEC}.Debug|x86.Build.0 = Debug|Any CPU
		{5EB42099-C692-4DC1-8BE6-912771069CEC}.Release|Any CPU.ActiveCfg = Release|Any CPU
		{5EB42099-C692-4DC1-8BE6-912771069CEC}.Release|Any CPU.Build.0 = Release|Any CPU
		{5EB42099-C692-4DC1-8BE6-912771069CEC}.Release|x64.ActiveCfg = Release|Any CPU
		{5EB42099-C692-4DC1-8BE6-912771069CEC}.Release|x64.Build.0 = Release|Any CPU
		{5EB42099-C692-4DC1-8BE6-912771069CEC}.Release|x86.ActiveCfg = Release|Any CPU
		{5EB42099-C692-4DC1-8BE6-912771069CEC}.Release|x86.Build.0 = Release|Any CPU
		{ACA09ADB-1EA1-40C3-BA84-C2C375912559}.Debug|Any CPU.ActiveCfg = Debug|Any CPU
		{ACA09ADB-1EA1-40C3-BA84-C2C375912559}.Debug|Any CPU.Build.0 = Debug|Any CPU
		{ACA09ADB-1EA1-40C3-BA84-C2C375912559}.Debug|x64.ActiveCfg = Debug|Any CPU
		{ACA09ADB-1EA1-40C3-BA84-C2C375912559}.Debug|x64.Build.0 = Debug|Any CPU
		{ACA09ADB-1EA1-40C3-BA84-C2C375912559}.Debug|x86.ActiveCfg = Debug|Any CPU
		{ACA09ADB-1EA1-40C3-BA84-C2C375912559}.Debug|x86.Build.0 = Debug|Any CPU
		{ACA09ADB-1EA1-40C3-BA84-C2C375912559}.Release|Any CPU.ActiveCfg = Release|Any CPU
		{ACA09ADB-1EA1-40C3-BA84-C2C375912559}.Release|Any CPU.Build.0 = Release|Any CPU
		{ACA09ADB-1EA1-40C3-BA84-C2C375912559}.Release|x64.ActiveCfg = Release|Any CPU
		{ACA09ADB-1EA1-40C3-BA84-C2C375912559}.Release|x64.Build.0 = Release|Any CPU
		{ACA09ADB-1EA1-40C3-BA84-C2C375912559}.Release|x86.ActiveCfg = Release|Any CPU
		{ACA09ADB-1EA1-40C3-BA84-C2C375912559}.Release|x86.Build.0 = Release|Any CPU
		{810CC2D2-ABFB-43BC-B8C8-5FF0501905F7}.Debug|Any CPU.ActiveCfg = Debug|Any CPU
		{810CC2D2-ABFB-43BC-B8C8-5FF0501905F7}.Debug|Any CPU.Build.0 = Debug|Any CPU
		{810CC2D2-ABFB-43BC-B8C8-5FF0501905F7}.Debug|x64.ActiveCfg = Debug|Any CPU
		{810CC2D2-ABFB-43BC-B8C8-5FF0501905F7}.Debug|x64.Build.0 = Debug|Any CPU
		{810CC2D2-ABFB-43BC-B8C8-5FF0501905F7}.Debug|x86.ActiveCfg = Debug|Any CPU
		{810CC2D2-ABFB-43BC-B8C8-5FF0501905F7}.Debug|x86.Build.0 = Debug|Any CPU
		{810CC2D2-ABFB-43BC-B8C8-5FF0501905F7}.Release|Any CPU.ActiveCfg = Release|Any CPU
		{810CC2D2-ABFB-43BC-B8C8-5FF0501905F7}.Release|Any CPU.Build.0 = Release|Any CPU
		{810CC2D2-ABFB-43BC-B8C8-5FF0501905F7}.Release|x64.ActiveCfg = Release|Any CPU
		{810CC2D2-ABFB-43BC-B8C8-5FF0501905F7}.Release|x64.Build.0 = Release|Any CPU
		{810CC2D2-ABFB-43BC-B8C8-5FF0501905F7}.Release|x86.ActiveCfg = Release|Any CPU
		{810CC2D2-ABFB-43BC-B8C8-5FF0501905F7}.Release|x86.Build.0 = Release|Any CPU
		{AFFD160F-056D-4F36-844F-13D536C6086C}.Debug|Any CPU.ActiveCfg = Debug|Any CPU
		{AFFD160F-056D-4F36-844F-13D536C6086C}.Debug|Any CPU.Build.0 = Debug|Any CPU
		{AFFD160F-056D-4F36-844F-13D536C6086C}.Debug|x64.ActiveCfg = Debug|Any CPU
		{AFFD160F-056D-4F36-844F-13D536C6086C}.Debug|x64.Build.0 = Debug|Any CPU
		{AFFD160F-056D-4F36-844F-13D536C6086C}.Debug|x86.ActiveCfg = Debug|Any CPU
		{AFFD160F-056D-4F36-844F-13D536C6086C}.Debug|x86.Build.0 = Debug|Any CPU
		{AFFD160F-056D-4F36-844F-13D536C6086C}.Release|Any CPU.ActiveCfg = Release|Any CPU
		{AFFD160F-056D-4F36-844F-13D536C6086C}.Release|Any CPU.Build.0 = Release|Any CPU
		{AFFD160F-056D-4F36-844F-13D536C6086C}.Release|x64.ActiveCfg = Release|Any CPU
		{AFFD160F-056D-4F36-844F-13D536C6086C}.Release|x64.Build.0 = Release|Any CPU
		{AFFD160F-056D-4F36-844F-13D536C6086C}.Release|x86.ActiveCfg = Release|Any CPU
		{AFFD160F-056D-4F36-844F-13D536C6086C}.Release|x86.Build.0 = Release|Any CPU
		{D850B426-BAE2-4FBB-9CAB-0B977AD726EA}.Debug|Any CPU.ActiveCfg = Debug|Any CPU
		{D850B426-BAE2-4FBB-9CAB-0B977AD726EA}.Debug|Any CPU.Build.0 = Debug|Any CPU
		{D850B426-BAE2-4FBB-9CAB-0B977AD726EA}.Debug|x64.ActiveCfg = Debug|Any CPU
		{D850B426-BAE2-4FBB-9CAB-0B977AD726EA}.Debug|x64.Build.0 = Debug|Any CPU
		{D850B426-BAE2-4FBB-9CAB-0B977AD726EA}.Debug|x86.ActiveCfg = Debug|Any CPU
		{D850B426-BAE2-4FBB-9CAB-0B977AD726EA}.Debug|x86.Build.0 = Debug|Any CPU
		{D850B426-BAE2-4FBB-9CAB-0B977AD726EA}.Release|Any CPU.ActiveCfg = Release|Any CPU
		{D850B426-BAE2-4FBB-9CAB-0B977AD726EA}.Release|Any CPU.Build.0 = Release|Any CPU
		{D850B426-BAE2-4FBB-9CAB-0B977AD726EA}.Release|x64.ActiveCfg = Release|Any CPU
		{D850B426-BAE2-4FBB-9CAB-0B977AD726EA}.Release|x64.Build.0 = Release|Any CPU
		{D850B426-BAE2-4FBB-9CAB-0B977AD726EA}.Release|x86.ActiveCfg = Release|Any CPU
		{D850B426-BAE2-4FBB-9CAB-0B977AD726EA}.Release|x86.Build.0 = Release|Any CPU
		{EB2E8381-5BE6-426B-9A1E-214C7D5BFF9C}.Debug|Any CPU.ActiveCfg = Debug|Any CPU
		{EB2E8381-5BE6-426B-9A1E-214C7D5BFF9C}.Debug|Any CPU.Build.0 = Debug|Any CPU
		{EB2E8381-5BE6-426B-9A1E-214C7D5BFF9C}.Debug|x64.ActiveCfg = Debug|Any CPU
		{EB2E8381-5BE6-426B-9A1E-214C7D5BFF9C}.Debug|x64.Build.0 = Debug|Any CPU
		{EB2E8381-5BE6-426B-9A1E-214C7D5BFF9C}.Debug|x86.ActiveCfg = Debug|Any CPU
		{EB2E8381-5BE6-426B-9A1E-214C7D5BFF9C}.Debug|x86.Build.0 = Debug|Any CPU
		{EB2E8381-5BE6-426B-9A1E-214C7D5BFF9C}.Release|Any CPU.ActiveCfg = Release|Any CPU
		{EB2E8381-5BE6-426B-9A1E-214C7D5BFF9C}.Release|Any CPU.Build.0 = Release|Any CPU
		{EB2E8381-5BE6-426B-9A1E-214C7D5BFF9C}.Release|x64.ActiveCfg = Release|Any CPU
		{EB2E8381-5BE6-426B-9A1E-214C7D5BFF9C}.Release|x64.Build.0 = Release|Any CPU
		{EB2E8381-5BE6-426B-9A1E-214C7D5BFF9C}.Release|x86.ActiveCfg = Release|Any CPU
		{EB2E8381-5BE6-426B-9A1E-214C7D5BFF9C}.Release|x86.Build.0 = Release|Any CPU
	EndGlobalSection
	GlobalSection(NestedProjects) = preSolution
		{5E67EDC4-CBA2-4707-ADA5-27FAA11CE0A0} = {024933D5-CEA1-4679-A285-20A37EBF56BF}
		{96A2AA3C-E04E-4136-8B08-BEFD3246434D} = {38EC0CFB-3C76-4060-9EB7-45183934FBAE}
		{807F0C75-EBF8-43D7-90CF-6DF540327927} = {38EC0CFB-3C76-4060-9EB7-45183934FBAE}
		{54CD3A14-1FAE-4587-8B81-C5F49FEA1767} = {38EC0CFB-3C76-4060-9EB7-45183934FBAE}
		{B1319A6E-6A75-4575-9E5E-AB8B52FEA0CA} = {B1D4ED6E-CE7C-4788-8351-9FA731F4B677}
		{2595D348-CFD0-449A-95C5-30117643B007} = {2BD5A59F-ECB1-4945-B4C3-D9DDC5473D8F}
		{2D1DD4CF-6B03-4E33-8D60-FC228572C681} = {2BD5A59F-ECB1-4945-B4C3-D9DDC5473D8F}
		{482E6EC9-F397-428A-9341-B4A9A30D1A3F} = {80EBD92C-1228-4054-BA3B-28E3506FCC30}
		{C40EDCDD-8AD3-4F1D-A9F1-11B96BCD7187} = {B1D4ED6E-CE7C-4788-8351-9FA731F4B677}
		{5F3D7F4B-55C9-441A-A6DE-C9A87C15B3BA} = {B1D4ED6E-CE7C-4788-8351-9FA731F4B677}
		{5EB42099-C692-4DC1-8BE6-912771069CEC} = {2BD5A59F-ECB1-4945-B4C3-D9DDC5473D8F}
		{E98BB3EC-E7B2-4596-9767-8D18B50C4B67} = {2BD5A59F-ECB1-4945-B4C3-D9DDC5473D8F}
		{ACA09ADB-1EA1-40C3-BA84-C2C375912559} = {2BD5A59F-ECB1-4945-B4C3-D9DDC5473D8F}
		{810CC2D2-ABFB-43BC-B8C8-5FF0501905F7} = {B1D4ED6E-CE7C-4788-8351-9FA731F4B677}
		{AFFD160F-056D-4F36-844F-13D536C6086C} = {2BD5A59F-ECB1-4945-B4C3-D9DDC5473D8F}
		{D850B426-BAE2-4FBB-9CAB-0B977AD726EA} = {2BD5A59F-ECB1-4945-B4C3-D9DDC5473D8F}
		{EB2E8381-5BE6-426B-9A1E-214C7D5BFF9C} = {2BD5A59F-ECB1-4945-B4C3-D9DDC5473D8F}
	EndGlobalSection
EndGlobal
