
Microsoft Visual Studio Solution File, Format Version 12.00
# Visual Studio Version 16
VisualStudioVersion = 16.0.28809.33
MinimumVisualStudioVersion = 10.0.40219.1
Project("{FAE04EC0-301F-11D3-BF4B-00C04F79EFBC}") = "Wally.RomMaster", "Wally.RomMaster\Wally.RomMaster.csproj", "{F1503E54-78BC-4BAC-9A01-B2FFB9F9DA82}"
EndProject
Global
	GlobalSection(SolutionConfigurationPlatforms) = preSolution
		Debug|Any CPU = Debug|Any CPU
		Release|Any CPU = Release|Any CPU
	EndGlobalSection
	GlobalSection(ProjectConfigurationPlatforms) = postSolution
		{F1503E54-78BC-4BAC-9A01-B2FFB9F9DA82}.Debug|Any CPU.ActiveCfg = Debug|Any CPU
		{F1503E54-78BC-4BAC-9A01-B2FFB9F9DA82}.Debug|Any CPU.Build.0 = Debug|Any CPU
		{F1503E54-78BC-4BAC-9A01-B2FFB9F9DA82}.Release|Any CPU.ActiveCfg = Release|Any CPU
		{F1503E54-78BC-4BAC-9A01-B2FFB9F9DA82}.Release|Any CPU.Build.0 = Release|Any CPU
	EndGlobalSection
	GlobalSection(SolutionProperties) = preSolution
		HideSolutionNode = FALSE
	EndGlobalSection
	GlobalSection(ExtensibilityGlobals) = postSolution
		SolutionGuid = {131898E2-5EDD-47EA-B28A-9B3ED6BC6C2A}
	EndGlobalSection
EndGlobal
